
Microsoft Visual Studio Solution File, Format Version 12.00
# Visual Studio Version 16
VisualStudioVersion = 16.0.30330.147
MinimumVisualStudioVersion = 10.0.40219.1
Project("{9A19103F-16F7-4668-BE54-9A1E7A4F7556}") = "Model", "Model\Model.csproj", "{994613BE-E156-4981-A2A7-3886138A33EE}"
EndProject
Project("{9A19103F-16F7-4668-BE54-9A1E7A4F7556}") = "Generate", "Generate\Generate.csproj", "{68374129-7698-4C47-85A4-BC13500481F0}"
EndProject
Project("{2150E333-8FDC-42A3-9474-1A3956D46DE8}") = "Allors", "Allors", "{FF615290-1B80-4109-8FB8-44E2888C423A}"
EndProject
Project("{9A19103F-16F7-4668-BE54-9A1E7A4F7556}") = "Workspace.Meta", "..\CSharp\Meta\Workspace.Meta.csproj", "{7C9B9135-4C37-4D51-9D7A-29C49464BA20}"
EndProject
Global
	GlobalSection(SolutionConfigurationPlatforms) = preSolution
		Debug|Any CPU = Debug|Any CPU
		Release|Any CPU = Release|Any CPU
	EndGlobalSection
	GlobalSection(ProjectConfigurationPlatforms) = postSolution
		{994613BE-E156-4981-A2A7-3886138A33EE}.Debug|Any CPU.ActiveCfg = Debug|Any CPU
		{994613BE-E156-4981-A2A7-3886138A33EE}.Debug|Any CPU.Build.0 = Debug|Any CPU
		{994613BE-E156-4981-A2A7-3886138A33EE}.Release|Any CPU.ActiveCfg = Release|Any CPU
		{994613BE-E156-4981-A2A7-3886138A33EE}.Release|Any CPU.Build.0 = Release|Any CPU
		{68374129-7698-4C47-85A4-BC13500481F0}.Debug|Any CPU.ActiveCfg = Debug|Any CPU
		{68374129-7698-4C47-85A4-BC13500481F0}.Debug|Any CPU.Build.0 = Debug|Any CPU
		{68374129-7698-4C47-85A4-BC13500481F0}.Release|Any CPU.ActiveCfg = Release|Any CPU
		{68374129-7698-4C47-85A4-BC13500481F0}.Release|Any CPU.Build.0 = Release|Any CPU
		{7C9B9135-4C37-4D51-9D7A-29C49464BA20}.Debug|Any CPU.ActiveCfg = Debug|Any CPU
		{7C9B9135-4C37-4D51-9D7A-29C49464BA20}.Debug|Any CPU.Build.0 = Debug|Any CPU
		{7C9B9135-4C37-4D51-9D7A-29C49464BA20}.Release|Any CPU.ActiveCfg = Release|Any CPU
		{7C9B9135-4C37-4D51-9D7A-29C49464BA20}.Release|Any CPU.Build.0 = Release|Any CPU
	EndGlobalSection
	GlobalSection(SolutionProperties) = preSolution
		HideSolutionNode = FALSE
	EndGlobalSection
	GlobalSection(NestedProjects) = preSolution
		{7C9B9135-4C37-4D51-9D7A-29C49464BA20} = {FF615290-1B80-4109-8FB8-44E2888C423A}
	EndGlobalSection
	GlobalSection(ExtensibilityGlobals) = postSolution
		SolutionGuid = {723D4E56-F7C4-42A4-ACE0-8188FE46219E}
	EndGlobalSection
EndGlobal
