
Microsoft Visual Studio Solution File, Format Version 12.00
# Visual Studio Version 17
VisualStudioVersion = 17.8.34511.84
MinimumVisualStudioVersion = 10.0.40219.1
Project("{2150E333-8FDC-42A3-9474-1A3956D46DE8}") = "Platform", "Platform", "{D494C3BD-C224-4F0B-9F80-E557C5004D34}"
EndProject
Project("{2150E333-8FDC-42A3-9474-1A3956D46DE8}") = "Core", "Core", "{E69B1E1F-8643-47FD-A195-69CD912E3550}"
EndProject
Project("{2150E333-8FDC-42A3-9474-1A3956D46DE8}") = "Repository", "Repository", "{3FE56C6E-7BA5-43FE-8F63-EDCCE0E9320B}"
EndProject
Project("{9A19103F-16F7-4668-BE54-9A1E7A4F7556}") = "Allors.Repository", "Platform\Repository\Allors.Repository\Allors.Repository.csproj", "{1ABE8E67-974F-4F03-A342-FFF0326A5B33}"
EndProject
Project("{9A19103F-16F7-4668-BE54-9A1E7A4F7556}") = "Attributes", "Platform\Repository\Domain\Attributes.csproj", "{3D0C461F-487A-416A-9363-CC7F2DB61742}"
EndProject
Project("{9A19103F-16F7-4668-BE54-9A1E7A4F7556}") = "Generate", "Platform\Repository\Generate\Generate.csproj", "{426E293B-83D5-4D88-9CBF-E8A7F8C598B3}"
EndProject
Project("{2150E333-8FDC-42A3-9474-1A3956D46DE8}") = "Database", "Database", "{583954BC-1E23-4E62-B539-131CF3FBC96E}"
EndProject
Project("{9A19103F-16F7-4668-BE54-9A1E7A4F7556}") = "Generate", "Core\Database\Generate\Generate.csproj", "{BAFA46B3-EADB-4A05-AF24-0D47062B90B6}"
EndProject
Project("{9A19103F-16F7-4668-BE54-9A1E7A4F7556}") = "Commands", "Core\Database\Commands\Commands.csproj", "{7C0EC881-13F5-4E3D-A662-3055FBA8CE06}"
EndProject
Project("{9A19103F-16F7-4668-BE54-9A1E7A4F7556}") = "Domain", "Core\Database\Domain\Domain.csproj", "{FF7427D3-439C-4617-B17B-26A0EE625471}"
EndProject
Project("{9A19103F-16F7-4668-BE54-9A1E7A4F7556}") = "Domain.Tests", "Core\Database\Domain.Tests\Domain.Tests.csproj", "{02ECB869-4721-4019-817B-74CF3D3C6482}"
EndProject
Project("{9A19103F-16F7-4668-BE54-9A1E7A4F7556}") = "Merge", "Core\Database\Merge\Merge.csproj", "{6581CE59-6105-4672-ABD0-55E653672571}"
EndProject
Project("{9A19103F-16F7-4668-BE54-9A1E7A4F7556}") = "Meta", "Core\Database\Meta\Meta.csproj", "{8C3C2A18-BB66-4CFD-9468-FC34BE7B790B}"
EndProject
Project("{9A19103F-16F7-4668-BE54-9A1E7A4F7556}") = "Resources", "Core\Database\Resources\Resources.csproj", "{15CCBE65-02A9-4D34-812A-A3C8DE54F6D7}"
EndProject
Project("{9A19103F-16F7-4668-BE54-9A1E7A4F7556}") = "Server", "Core\Database\Server\Server.csproj", "{C8D4E18C-9EE0-4F18-A37B-E18B2834357D}"
EndProject
Project("{9A19103F-16F7-4668-BE54-9A1E7A4F7556}") = "Server.Tests", "Core\Database\Server.Tests\Server.Tests.csproj", "{5D0E75D8-BDCC-4ACC-90D4-AA867DB4246D}"
EndProject
Project("{9A19103F-16F7-4668-BE54-9A1E7A4F7556}") = "Services", "Core\Database\Services\Services.csproj", "{F186943D-2361-42CA-895A-B172C25FE664}"
EndProject
Project("{2150E333-8FDC-42A3-9474-1A3956D46DE8}") = "Repository", "Repository", "{794822B4-6156-4038-AAEE-D20C67D58A7A}"
EndProject
Project("{9A19103F-16F7-4668-BE54-9A1E7A4F7556}") = "Repository", "Core\Repository\Domain\Repository.csproj", "{583634CE-2977-4238-AA90-164E9BDD4198}"
EndProject
Project("{2150E333-8FDC-42A3-9474-1A3956D46DE8}") = "Workspace", "Workspace", "{38DA0455-9724-498A-83EF-B4285EB00AD1}"
EndProject
Project("{2150E333-8FDC-42A3-9474-1A3956D46DE8}") = "CSharp", "CSharp", "{50A1B7BA-85A8-4AD0-B90C-829A756CC0E5}"
EndProject
Project("{9A19103F-16F7-4668-BE54-9A1E7A4F7556}") = "Workspace.Domain", "Core\Workspace\CSharp\Domain\Workspace.Domain.csproj", "{94474285-CAFB-4A71-AED2-D6A80564F543}"
EndProject
Project("{9A19103F-16F7-4668-BE54-9A1E7A4F7556}") = "Workspace.Domain.Tests", "Core\Workspace\CSharp\Domain.Tests\Workspace.Domain.Tests.csproj", "{B53DBACF-90AD-40CE-924C-C649FAD4B9A0}"
EndProject
Project("{9A19103F-16F7-4668-BE54-9A1E7A4F7556}") = "Workspace.Meta", "Core\Workspace\CSharp\Meta\Workspace.Meta.csproj", "{EC4AF4C3-EC56-491A-A5B3-2D54938D32B1}"
EndProject
Project("{2150E333-8FDC-42A3-9474-1A3956D46DE8}") = "Database", "Database", "{9C68988B-09AE-4C63-A5AB-4EE71649283D}"
EndProject
Project("{2150E333-8FDC-42A3-9474-1A3956D46DE8}") = "Workspace", "Workspace", "{DDAC468C-21AE-4CBC-A652-B3D1AA339305}"
EndProject
Project("{9A19103F-16F7-4668-BE54-9A1E7A4F7556}") = "Allors.Database", "Platform\Database\Allors.Database\Allors.Database.csproj", "{E3A3553B-2050-499A-8E33-DB6C93C579E4}"
EndProject
Project("{2150E333-8FDC-42A3-9474-1A3956D46DE8}") = "Adapters", "Adapters", "{6F829382-0804-4D82-8679-C69B14230287}"
EndProject
Project("{9A19103F-16F7-4668-BE54-9A1E7A4F7556}") = "Allors.Database.Adapters.Memory", "Platform\Database\Adapters\Allors.Database.Adapters.Memory\Allors.Database.Adapters.Memory.csproj", "{2E51588E-5B68-4567-89BC-D5BF23477533}"
EndProject
Project("{9A19103F-16F7-4668-BE54-9A1E7A4F7556}") = "Allors.Database.Adapters.SqlClient", "Platform\Database\Adapters\Allors.Database.Adapters.SqlClient\Allors.Database.Adapters.SqlClient.csproj", "{C3522D53-6374-4AED-9A98-B22EA151CBF4}"
EndProject
Project("{9A19103F-16F7-4668-BE54-9A1E7A4F7556}") = "Domain", "Platform\Database\Adapters\Domain\Domain.csproj", "{FBD5B903-8399-4B35-8817-9C0B38934A42}"
EndProject
Project("{9A19103F-16F7-4668-BE54-9A1E7A4F7556}") = "Generate", "Platform\Database\Adapters\Generate\Generate.csproj", "{A721433D-B667-4623-A451-51360D6EC048}"
EndProject
Project("{9A19103F-16F7-4668-BE54-9A1E7A4F7556}") = "Meta", "Platform\Database\Adapters\Meta\Meta.csproj", "{BBC3A24E-4F61-4631-8D9E-D915970691A1}"
EndProject
Project("{9A19103F-16F7-4668-BE54-9A1E7A4F7556}") = "Tests.Dynamic", "Platform\Database\Adapters\Tests.Dynamic\Tests.Dynamic.csproj", "{149AF93E-214A-4D26-B389-99B75CDC4DE2}"
EndProject
Project("{9A19103F-16F7-4668-BE54-9A1E7A4F7556}") = "Tests.Static", "Platform\Database\Adapters\Tests.Static\Tests.Static.csproj", "{55604D78-2DEB-4678-9AA4-BDCB902E9B80}"
EndProject
Project("{9A19103F-16F7-4668-BE54-9A1E7A4F7556}") = "Allors.Workspace", "Platform\Workspace\CSharp\Allors.Workspace\Allors.Workspace.csproj", "{81679FA6-2E9B-42E3-AAE3-210E7D21E82E}"
EndProject
Project("{2150E333-8FDC-42A3-9474-1A3956D46DE8}") = "Adapters", "Adapters", "{67E8A9A0-DB8C-40E5-AC3B-94F3226FB414}"
EndProject
Project("{9A19103F-16F7-4668-BE54-9A1E7A4F7556}") = "Allors.Workspace.Adapters", "Platform\Workspace\CSharp\Adapters\Allors.Workspace.Adapters\Allors.Workspace.Adapters.csproj", "{589FEE18-80A2-49D1-ADFC-49D20891D0BA}"
EndProject
Project("{9A19103F-16F7-4668-BE54-9A1E7A4F7556}") = "Allors.Workspace.Adapters.Remote", "Platform\Workspace\CSharp\Adapters\Allors.Workspace.Adapters.Remote\Allors.Workspace.Adapters.Remote.csproj", "{6AC69E65-1E09-4F93-B26C-696E2B1A64A3}"
EndProject
Project("{2150E333-8FDC-42A3-9474-1A3956D46DE8}") = "Protocol", "Protocol", "{6B660BDB-3633-48ED-AA85-2FF58F57A1CD}"
EndProject
Project("{9A19103F-16F7-4668-BE54-9A1E7A4F7556}") = "Allors.Protocol", "Platform\Protocol\Allors.Protocol\Allors.Protocol.csproj", "{CAA54BA6-A4F9-4ADA-98B6-833DF07B4824}"
EndProject
Project("{2150E333-8FDC-42A3-9474-1A3956D46DE8}") = "Typescript.legacy", "Typescript.legacy", "{DAAB93D3-EACF-4C8A-AB15-580958A3DF7C}"
EndProject
Project("{9A19103F-16F7-4668-BE54-9A1E7A4F7556}") = "Site", "Core\Workspace\Typescript.legacy\Site\Site.csproj", "{8D2D9004-02DA-48EA-A28D-FC502EBFC008}"
EndProject
Project("{2150E333-8FDC-42A3-9474-1A3956D46DE8}") = "Excel", "Excel", "{68D6CAF1-D3FB-4B72-B7D0-19A83066998B}"
EndProject
Project("{9A19103F-16F7-4668-BE54-9A1E7A4F7556}") = "Excel", "Core\Workspace\CSharp\Excel\Excel\Excel.csproj", "{F8B4F2CE-D23F-44D9-894E-4F561109AAF1}"
EndProject
Project("{9A19103F-16F7-4668-BE54-9A1E7A4F7556}") = "Allors.Database.Adapters", "Platform\Database\Adapters\Allors.Database.Adapters\Allors.Database.Adapters.csproj", "{9E50BB4A-A211-4300-8EC6-B7921F5B3C3C}"
EndProject
Project("{9A19103F-16F7-4668-BE54-9A1E7A4F7556}") = "Allors.Workspace.Adapters.Remote.RestSharp", "Platform\Workspace\CSharp\Adapters\Allors.Workspace.Adapters.Remote.RestSharp\Allors.Workspace.Adapters.Remote.RestSharp.csproj", "{A62F40C6-45C8-440B-A947-C9D79880F318}"
EndProject
Project("{9A19103F-16F7-4668-BE54-9A1E7A4F7556}") = "ExcelDNA", "Core\Workspace\CSharp\Excel\ExcelDNA\ExcelDNA.csproj", "{B6604ACB-6FCB-41FF-B6F7-FFE7C13D4E01}"
EndProject
Project("{2150E333-8FDC-42A3-9474-1A3956D46DE8}") = "Allors", "Allors", "{FFAD7ADC-B917-48B7-A21E-68AEA8E26ACE}"
EndProject
Project("{9A19103F-16F7-4668-BE54-9A1E7A4F7556}") = "Allors.Excel", "excel\src\Allors.Excel\Allors.Excel.csproj", "{F9FB5BD1-3523-4DA9-BA0B-4C7029F3C492}"
EndProject
Project("{9A19103F-16F7-4668-BE54-9A1E7A4F7556}") = "Allors.Excel.Headless", "excel\src\Allors.Excel.Headless\Allors.Excel.Headless.csproj", "{D9D0760B-4947-4D6A-BBF6-274BBB431527}"
EndProject
Project("{9A19103F-16F7-4668-BE54-9A1E7A4F7556}") = "Allors.Excel.Interop", "excel\src\Allors.Excel.Interop\Allors.Excel.Interop.csproj", "{6C990C69-BA43-4E14-BEA0-7239596D844F}"
EndProject
Project("{FAE04EC0-301F-11D3-BF4B-00C04F79EFBC}") = "_build", "build\_build.csproj", "{5107AA6B-89DE-4676-AAFF-DA9EAFDCB8D0}"
EndProject
Project("{FAE04EC0-301F-11D3-BF4B-00C04F79EFBC}") = "Repository", "Platform\Database\Adapters\Repository\Domain\Repository.csproj", "{3DAE0A7E-EF3E-4D73-987B-11AAC5593AF8}"
EndProject
Project("{2150E333-8FDC-42A3-9474-1A3956D46DE8}") = "Blazor", "Blazor", "{02EA681E-C7D8-13C7-8484-4AC65E1B71E8}"
EndProject
Project("{FAE04EC0-301F-11D3-BF4B-00C04F79EFBC}") = "Blazor", "Core\Workspace\CSharp\Blazor\Blazor\Blazor.csproj", "{4DECF126-EBEF-D6BB-1146-88D857B196F8}"
EndProject
Project("{FAE04EC0-301F-11D3-BF4B-00C04F79EFBC}") = "Blazor.Bootstrap", "Core\Workspace\CSharp\Blazor\Blazor.Bootstrap\Blazor.Bootstrap.csproj", "{A5FB1FCF-BFDA-5ACB-798E-1BECFD6AD97D}"
EndProject
Project("{FAE04EC0-301F-11D3-BF4B-00C04F79EFBC}") = "Blazor.Bootstrap.ClientSide", "Core\Workspace\CSharp\Blazor\Blazor.Bootstrap.ClientSide\Blazor.Bootstrap.ClientSide.csproj", "{50AE23E2-9A07-35F3-F017-38C19F3E327F}"
EndProject
Project("{FAE04EC0-301F-11D3-BF4B-00C04F79EFBC}") = "Blazor.Bootstrap.ServerSide", "Core\Workspace\CSharp\Blazor\Blazor.Bootstrap.ServerSide\Blazor.Bootstrap.ServerSide.csproj", "{F86E595D-EEF0-4D5F-1FE5-F1BF6532C5FF}"
EndProject
Project("{FAE04EC0-301F-11D3-BF4B-00C04F79EFBC}") = "Allors.Workspace.Blazor", "Platform\Workspace\CSharp\Allors.Workspace.Blazor\Allors.Workspace.Blazor.csproj", "{68FD9FEC-3D48-3C48-4E0C-FC113CE48561}"
EndProject
Project("{FAE04EC0-301F-11D3-BF4B-00C04F79EFBC}") = "Allors.Workspace.Blazor.Bootstrap", "Platform\Workspace\CSharp\Allors.Workspace.Blazor.Bootstrap\Allors.Workspace.Blazor.Bootstrap.csproj", "{F377B548-1AF8-81AC-7051-0719E6F566BC}"
EndProject
Global
	GlobalSection(SolutionConfigurationPlatforms) = preSolution
		Debug|Any CPU = Debug|Any CPU
		Release|Any CPU = Release|Any CPU
	EndGlobalSection
	GlobalSection(ProjectConfigurationPlatforms) = postSolution
		{1ABE8E67-974F-4F03-A342-FFF0326A5B33}.Debug|Any CPU.ActiveCfg = Debug|Any CPU
		{1ABE8E67-974F-4F03-A342-FFF0326A5B33}.Debug|Any CPU.Build.0 = Debug|Any CPU
		{1ABE8E67-974F-4F03-A342-FFF0326A5B33}.Release|Any CPU.ActiveCfg = Release|Any CPU
		{1ABE8E67-974F-4F03-A342-FFF0326A5B33}.Release|Any CPU.Build.0 = Release|Any CPU
		{3D0C461F-487A-416A-9363-CC7F2DB61742}.Debug|Any CPU.ActiveCfg = Debug|Any CPU
		{3D0C461F-487A-416A-9363-CC7F2DB61742}.Debug|Any CPU.Build.0 = Debug|Any CPU
		{3D0C461F-487A-416A-9363-CC7F2DB61742}.Release|Any CPU.ActiveCfg = Release|Any CPU
		{3D0C461F-487A-416A-9363-CC7F2DB61742}.Release|Any CPU.Build.0 = Release|Any CPU
		{426E293B-83D5-4D88-9CBF-E8A7F8C598B3}.Debug|Any CPU.ActiveCfg = Debug|Any CPU
		{426E293B-83D5-4D88-9CBF-E8A7F8C598B3}.Debug|Any CPU.Build.0 = Debug|Any CPU
		{426E293B-83D5-4D88-9CBF-E8A7F8C598B3}.Release|Any CPU.ActiveCfg = Release|Any CPU
		{426E293B-83D5-4D88-9CBF-E8A7F8C598B3}.Release|Any CPU.Build.0 = Release|Any CPU
		{BAFA46B3-EADB-4A05-AF24-0D47062B90B6}.Debug|Any CPU.ActiveCfg = Debug|Any CPU
		{BAFA46B3-EADB-4A05-AF24-0D47062B90B6}.Debug|Any CPU.Build.0 = Debug|Any CPU
		{BAFA46B3-EADB-4A05-AF24-0D47062B90B6}.Release|Any CPU.ActiveCfg = Release|Any CPU
		{BAFA46B3-EADB-4A05-AF24-0D47062B90B6}.Release|Any CPU.Build.0 = Release|Any CPU
		{7C0EC881-13F5-4E3D-A662-3055FBA8CE06}.Debug|Any CPU.ActiveCfg = Debug|Any CPU
		{7C0EC881-13F5-4E3D-A662-3055FBA8CE06}.Debug|Any CPU.Build.0 = Debug|Any CPU
		{7C0EC881-13F5-4E3D-A662-3055FBA8CE06}.Release|Any CPU.ActiveCfg = Release|Any CPU
		{7C0EC881-13F5-4E3D-A662-3055FBA8CE06}.Release|Any CPU.Build.0 = Release|Any CPU
		{FF7427D3-439C-4617-B17B-26A0EE625471}.Debug|Any CPU.ActiveCfg = Debug|Any CPU
		{FF7427D3-439C-4617-B17B-26A0EE625471}.Debug|Any CPU.Build.0 = Debug|Any CPU
		{FF7427D3-439C-4617-B17B-26A0EE625471}.Release|Any CPU.ActiveCfg = Release|Any CPU
		{FF7427D3-439C-4617-B17B-26A0EE625471}.Release|Any CPU.Build.0 = Release|Any CPU
		{02ECB869-4721-4019-817B-74CF3D3C6482}.Debug|Any CPU.ActiveCfg = Debug|Any CPU
		{02ECB869-4721-4019-817B-74CF3D3C6482}.Debug|Any CPU.Build.0 = Debug|Any CPU
		{02ECB869-4721-4019-817B-74CF3D3C6482}.Release|Any CPU.ActiveCfg = Release|Any CPU
		{02ECB869-4721-4019-817B-74CF3D3C6482}.Release|Any CPU.Build.0 = Release|Any CPU
		{6581CE59-6105-4672-ABD0-55E653672571}.Debug|Any CPU.ActiveCfg = Debug|Any CPU
		{6581CE59-6105-4672-ABD0-55E653672571}.Debug|Any CPU.Build.0 = Debug|Any CPU
		{6581CE59-6105-4672-ABD0-55E653672571}.Release|Any CPU.ActiveCfg = Release|Any CPU
		{6581CE59-6105-4672-ABD0-55E653672571}.Release|Any CPU.Build.0 = Release|Any CPU
		{8C3C2A18-BB66-4CFD-9468-FC34BE7B790B}.Debug|Any CPU.ActiveCfg = Debug|Any CPU
		{8C3C2A18-BB66-4CFD-9468-FC34BE7B790B}.Debug|Any CPU.Build.0 = Debug|Any CPU
		{8C3C2A18-BB66-4CFD-9468-FC34BE7B790B}.Release|Any CPU.ActiveCfg = Release|Any CPU
		{8C3C2A18-BB66-4CFD-9468-FC34BE7B790B}.Release|Any CPU.Build.0 = Release|Any CPU
		{15CCBE65-02A9-4D34-812A-A3C8DE54F6D7}.Debug|Any CPU.ActiveCfg = Debug|Any CPU
		{15CCBE65-02A9-4D34-812A-A3C8DE54F6D7}.Debug|Any CPU.Build.0 = Debug|Any CPU
		{15CCBE65-02A9-4D34-812A-A3C8DE54F6D7}.Release|Any CPU.ActiveCfg = Release|Any CPU
		{15CCBE65-02A9-4D34-812A-A3C8DE54F6D7}.Release|Any CPU.Build.0 = Release|Any CPU
		{C8D4E18C-9EE0-4F18-A37B-E18B2834357D}.Debug|Any CPU.ActiveCfg = Debug|Any CPU
		{C8D4E18C-9EE0-4F18-A37B-E18B2834357D}.Debug|Any CPU.Build.0 = Debug|Any CPU
		{C8D4E18C-9EE0-4F18-A37B-E18B2834357D}.Release|Any CPU.ActiveCfg = Release|Any CPU
		{C8D4E18C-9EE0-4F18-A37B-E18B2834357D}.Release|Any CPU.Build.0 = Release|Any CPU
		{5D0E75D8-BDCC-4ACC-90D4-AA867DB4246D}.Debug|Any CPU.ActiveCfg = Debug|Any CPU
		{5D0E75D8-BDCC-4ACC-90D4-AA867DB4246D}.Debug|Any CPU.Build.0 = Debug|Any CPU
		{5D0E75D8-BDCC-4ACC-90D4-AA867DB4246D}.Release|Any CPU.ActiveCfg = Release|Any CPU
		{5D0E75D8-BDCC-4ACC-90D4-AA867DB4246D}.Release|Any CPU.Build.0 = Release|Any CPU
		{F186943D-2361-42CA-895A-B172C25FE664}.Debug|Any CPU.ActiveCfg = Debug|Any CPU
		{F186943D-2361-42CA-895A-B172C25FE664}.Debug|Any CPU.Build.0 = Debug|Any CPU
		{F186943D-2361-42CA-895A-B172C25FE664}.Release|Any CPU.ActiveCfg = Release|Any CPU
		{F186943D-2361-42CA-895A-B172C25FE664}.Release|Any CPU.Build.0 = Release|Any CPU
		{583634CE-2977-4238-AA90-164E9BDD4198}.Debug|Any CPU.ActiveCfg = Debug|Any CPU
		{583634CE-2977-4238-AA90-164E9BDD4198}.Debug|Any CPU.Build.0 = Debug|Any CPU
		{583634CE-2977-4238-AA90-164E9BDD4198}.Release|Any CPU.ActiveCfg = Release|Any CPU
		{583634CE-2977-4238-AA90-164E9BDD4198}.Release|Any CPU.Build.0 = Release|Any CPU
		{94474285-CAFB-4A71-AED2-D6A80564F543}.Debug|Any CPU.ActiveCfg = Debug|Any CPU
		{94474285-CAFB-4A71-AED2-D6A80564F543}.Debug|Any CPU.Build.0 = Debug|Any CPU
		{94474285-CAFB-4A71-AED2-D6A80564F543}.Release|Any CPU.ActiveCfg = Release|Any CPU
		{94474285-CAFB-4A71-AED2-D6A80564F543}.Release|Any CPU.Build.0 = Release|Any CPU
		{B53DBACF-90AD-40CE-924C-C649FAD4B9A0}.Debug|Any CPU.ActiveCfg = Debug|Any CPU
		{B53DBACF-90AD-40CE-924C-C649FAD4B9A0}.Debug|Any CPU.Build.0 = Debug|Any CPU
		{B53DBACF-90AD-40CE-924C-C649FAD4B9A0}.Release|Any CPU.ActiveCfg = Release|Any CPU
		{B53DBACF-90AD-40CE-924C-C649FAD4B9A0}.Release|Any CPU.Build.0 = Release|Any CPU
		{EC4AF4C3-EC56-491A-A5B3-2D54938D32B1}.Debug|Any CPU.ActiveCfg = Debug|Any CPU
		{EC4AF4C3-EC56-491A-A5B3-2D54938D32B1}.Debug|Any CPU.Build.0 = Debug|Any CPU
		{EC4AF4C3-EC56-491A-A5B3-2D54938D32B1}.Release|Any CPU.ActiveCfg = Release|Any CPU
		{EC4AF4C3-EC56-491A-A5B3-2D54938D32B1}.Release|Any CPU.Build.0 = Release|Any CPU
		{E3A3553B-2050-499A-8E33-DB6C93C579E4}.Debug|Any CPU.ActiveCfg = Debug|Any CPU
		{E3A3553B-2050-499A-8E33-DB6C93C579E4}.Debug|Any CPU.Build.0 = Debug|Any CPU
		{E3A3553B-2050-499A-8E33-DB6C93C579E4}.Release|Any CPU.ActiveCfg = Release|Any CPU
		{E3A3553B-2050-499A-8E33-DB6C93C579E4}.Release|Any CPU.Build.0 = Release|Any CPU
		{2E51588E-5B68-4567-89BC-D5BF23477533}.Debug|Any CPU.ActiveCfg = Debug|Any CPU
		{2E51588E-5B68-4567-89BC-D5BF23477533}.Debug|Any CPU.Build.0 = Debug|Any CPU
		{2E51588E-5B68-4567-89BC-D5BF23477533}.Release|Any CPU.ActiveCfg = Release|Any CPU
		{2E51588E-5B68-4567-89BC-D5BF23477533}.Release|Any CPU.Build.0 = Release|Any CPU
		{C3522D53-6374-4AED-9A98-B22EA151CBF4}.Debug|Any CPU.ActiveCfg = Debug|Any CPU
		{C3522D53-6374-4AED-9A98-B22EA151CBF4}.Debug|Any CPU.Build.0 = Debug|Any CPU
		{C3522D53-6374-4AED-9A98-B22EA151CBF4}.Release|Any CPU.ActiveCfg = Release|Any CPU
		{C3522D53-6374-4AED-9A98-B22EA151CBF4}.Release|Any CPU.Build.0 = Release|Any CPU
		{FBD5B903-8399-4B35-8817-9C0B38934A42}.Debug|Any CPU.ActiveCfg = Debug|Any CPU
		{FBD5B903-8399-4B35-8817-9C0B38934A42}.Debug|Any CPU.Build.0 = Debug|Any CPU
		{FBD5B903-8399-4B35-8817-9C0B38934A42}.Release|Any CPU.ActiveCfg = Release|Any CPU
		{FBD5B903-8399-4B35-8817-9C0B38934A42}.Release|Any CPU.Build.0 = Release|Any CPU
		{A721433D-B667-4623-A451-51360D6EC048}.Debug|Any CPU.ActiveCfg = Debug|Any CPU
		{A721433D-B667-4623-A451-51360D6EC048}.Debug|Any CPU.Build.0 = Debug|Any CPU
		{A721433D-B667-4623-A451-51360D6EC048}.Release|Any CPU.ActiveCfg = Release|Any CPU
		{A721433D-B667-4623-A451-51360D6EC048}.Release|Any CPU.Build.0 = Release|Any CPU
		{BBC3A24E-4F61-4631-8D9E-D915970691A1}.Debug|Any CPU.ActiveCfg = Debug|Any CPU
		{BBC3A24E-4F61-4631-8D9E-D915970691A1}.Debug|Any CPU.Build.0 = Debug|Any CPU
		{BBC3A24E-4F61-4631-8D9E-D915970691A1}.Release|Any CPU.ActiveCfg = Release|Any CPU
		{BBC3A24E-4F61-4631-8D9E-D915970691A1}.Release|Any CPU.Build.0 = Release|Any CPU
		{149AF93E-214A-4D26-B389-99B75CDC4DE2}.Debug|Any CPU.ActiveCfg = Debug|Any CPU
		{149AF93E-214A-4D26-B389-99B75CDC4DE2}.Debug|Any CPU.Build.0 = Debug|Any CPU
		{149AF93E-214A-4D26-B389-99B75CDC4DE2}.Release|Any CPU.ActiveCfg = Release|Any CPU
		{149AF93E-214A-4D26-B389-99B75CDC4DE2}.Release|Any CPU.Build.0 = Release|Any CPU
		{55604D78-2DEB-4678-9AA4-BDCB902E9B80}.Debug|Any CPU.ActiveCfg = Debug|Any CPU
		{55604D78-2DEB-4678-9AA4-BDCB902E9B80}.Debug|Any CPU.Build.0 = Debug|Any CPU
		{55604D78-2DEB-4678-9AA4-BDCB902E9B80}.Release|Any CPU.ActiveCfg = Release|Any CPU
		{55604D78-2DEB-4678-9AA4-BDCB902E9B80}.Release|Any CPU.Build.0 = Release|Any CPU
		{81679FA6-2E9B-42E3-AAE3-210E7D21E82E}.Debug|Any CPU.ActiveCfg = Debug|Any CPU
		{81679FA6-2E9B-42E3-AAE3-210E7D21E82E}.Debug|Any CPU.Build.0 = Debug|Any CPU
		{81679FA6-2E9B-42E3-AAE3-210E7D21E82E}.Release|Any CPU.ActiveCfg = Release|Any CPU
		{81679FA6-2E9B-42E3-AAE3-210E7D21E82E}.Release|Any CPU.Build.0 = Release|Any CPU
		{589FEE18-80A2-49D1-ADFC-49D20891D0BA}.Debug|Any CPU.ActiveCfg = Debug|Any CPU
		{589FEE18-80A2-49D1-ADFC-49D20891D0BA}.Debug|Any CPU.Build.0 = Debug|Any CPU
		{589FEE18-80A2-49D1-ADFC-49D20891D0BA}.Release|Any CPU.ActiveCfg = Release|Any CPU
		{589FEE18-80A2-49D1-ADFC-49D20891D0BA}.Release|Any CPU.Build.0 = Release|Any CPU
		{6AC69E65-1E09-4F93-B26C-696E2B1A64A3}.Debug|Any CPU.ActiveCfg = Debug|Any CPU
		{6AC69E65-1E09-4F93-B26C-696E2B1A64A3}.Debug|Any CPU.Build.0 = Debug|Any CPU
		{6AC69E65-1E09-4F93-B26C-696E2B1A64A3}.Release|Any CPU.ActiveCfg = Release|Any CPU
		{6AC69E65-1E09-4F93-B26C-696E2B1A64A3}.Release|Any CPU.Build.0 = Release|Any CPU
		{CAA54BA6-A4F9-4ADA-98B6-833DF07B4824}.Debug|Any CPU.ActiveCfg = Debug|Any CPU
		{CAA54BA6-A4F9-4ADA-98B6-833DF07B4824}.Debug|Any CPU.Build.0 = Debug|Any CPU
		{CAA54BA6-A4F9-4ADA-98B6-833DF07B4824}.Release|Any CPU.ActiveCfg = Release|Any CPU
		{CAA54BA6-A4F9-4ADA-98B6-833DF07B4824}.Release|Any CPU.Build.0 = Release|Any CPU
		{8D2D9004-02DA-48EA-A28D-FC502EBFC008}.Debug|Any CPU.ActiveCfg = Debug|Any CPU
		{8D2D9004-02DA-48EA-A28D-FC502EBFC008}.Debug|Any CPU.Build.0 = Debug|Any CPU
		{8D2D9004-02DA-48EA-A28D-FC502EBFC008}.Release|Any CPU.ActiveCfg = Release|Any CPU
		{8D2D9004-02DA-48EA-A28D-FC502EBFC008}.Release|Any CPU.Build.0 = Release|Any CPU
		{F8B4F2CE-D23F-44D9-894E-4F561109AAF1}.Debug|Any CPU.ActiveCfg = Debug|Any CPU
		{F8B4F2CE-D23F-44D9-894E-4F561109AAF1}.Debug|Any CPU.Build.0 = Debug|Any CPU
		{F8B4F2CE-D23F-44D9-894E-4F561109AAF1}.Release|Any CPU.ActiveCfg = Release|Any CPU
		{F8B4F2CE-D23F-44D9-894E-4F561109AAF1}.Release|Any CPU.Build.0 = Release|Any CPU
		{9E50BB4A-A211-4300-8EC6-B7921F5B3C3C}.Debug|Any CPU.ActiveCfg = Debug|Any CPU
		{9E50BB4A-A211-4300-8EC6-B7921F5B3C3C}.Debug|Any CPU.Build.0 = Debug|Any CPU
		{9E50BB4A-A211-4300-8EC6-B7921F5B3C3C}.Release|Any CPU.ActiveCfg = Release|Any CPU
		{9E50BB4A-A211-4300-8EC6-B7921F5B3C3C}.Release|Any CPU.Build.0 = Release|Any CPU
		{A62F40C6-45C8-440B-A947-C9D79880F318}.Debug|Any CPU.ActiveCfg = Debug|Any CPU
		{A62F40C6-45C8-440B-A947-C9D79880F318}.Debug|Any CPU.Build.0 = Debug|Any CPU
		{A62F40C6-45C8-440B-A947-C9D79880F318}.Release|Any CPU.ActiveCfg = Release|Any CPU
		{A62F40C6-45C8-440B-A947-C9D79880F318}.Release|Any CPU.Build.0 = Release|Any CPU
		{B6604ACB-6FCB-41FF-B6F7-FFE7C13D4E01}.Debug|Any CPU.ActiveCfg = Debug|Any CPU
		{B6604ACB-6FCB-41FF-B6F7-FFE7C13D4E01}.Debug|Any CPU.Build.0 = Debug|Any CPU
		{B6604ACB-6FCB-41FF-B6F7-FFE7C13D4E01}.Release|Any CPU.ActiveCfg = Release|Any CPU
		{B6604ACB-6FCB-41FF-B6F7-FFE7C13D4E01}.Release|Any CPU.Build.0 = Release|Any CPU
		{F9FB5BD1-3523-4DA9-BA0B-4C7029F3C492}.Debug|Any CPU.ActiveCfg = Debug|Any CPU
		{F9FB5BD1-3523-4DA9-BA0B-4C7029F3C492}.Debug|Any CPU.Build.0 = Debug|Any CPU
		{F9FB5BD1-3523-4DA9-BA0B-4C7029F3C492}.Release|Any CPU.ActiveCfg = Release|Any CPU
		{F9FB5BD1-3523-4DA9-BA0B-4C7029F3C492}.Release|Any CPU.Build.0 = Release|Any CPU
		{D9D0760B-4947-4D6A-BBF6-274BBB431527}.Debug|Any CPU.ActiveCfg = Debug|Any CPU
		{D9D0760B-4947-4D6A-BBF6-274BBB431527}.Debug|Any CPU.Build.0 = Debug|Any CPU
		{D9D0760B-4947-4D6A-BBF6-274BBB431527}.Release|Any CPU.ActiveCfg = Release|Any CPU
		{D9D0760B-4947-4D6A-BBF6-274BBB431527}.Release|Any CPU.Build.0 = Release|Any CPU
		{6C990C69-BA43-4E14-BEA0-7239596D844F}.Debug|Any CPU.ActiveCfg = Debug|Any CPU
		{6C990C69-BA43-4E14-BEA0-7239596D844F}.Debug|Any CPU.Build.0 = Debug|Any CPU
		{6C990C69-BA43-4E14-BEA0-7239596D844F}.Release|Any CPU.ActiveCfg = Release|Any CPU
		{6C990C69-BA43-4E14-BEA0-7239596D844F}.Release|Any CPU.Build.0 = Release|Any CPU
		{5107AA6B-89DE-4676-AAFF-DA9EAFDCB8D0}.Debug|Any CPU.ActiveCfg = Debug|Any CPU
		{5107AA6B-89DE-4676-AAFF-DA9EAFDCB8D0}.Debug|Any CPU.Build.0 = Debug|Any CPU
		{5107AA6B-89DE-4676-AAFF-DA9EAFDCB8D0}.Release|Any CPU.ActiveCfg = Release|Any CPU
		{5107AA6B-89DE-4676-AAFF-DA9EAFDCB8D0}.Release|Any CPU.Build.0 = Release|Any CPU
		{3DAE0A7E-EF3E-4D73-987B-11AAC5593AF8}.Debug|Any CPU.ActiveCfg = Debug|Any CPU
		{3DAE0A7E-EF3E-4D73-987B-11AAC5593AF8}.Debug|Any CPU.Build.0 = Debug|Any CPU
		{3DAE0A7E-EF3E-4D73-987B-11AAC5593AF8}.Release|Any CPU.ActiveCfg = Release|Any CPU
		{3DAE0A7E-EF3E-4D73-987B-11AAC5593AF8}.Release|Any CPU.Build.0 = Release|Any CPU
		{4DECF126-EBEF-D6BB-1146-88D857B196F8}.Debug|Any CPU.ActiveCfg = Debug|Any CPU
		{4DECF126-EBEF-D6BB-1146-88D857B196F8}.Debug|Any CPU.Build.0 = Debug|Any CPU
		{4DECF126-EBEF-D6BB-1146-88D857B196F8}.Release|Any CPU.ActiveCfg = Release|Any CPU
		{4DECF126-EBEF-D6BB-1146-88D857B196F8}.Release|Any CPU.Build.0 = Release|Any CPU
		{A5FB1FCF-BFDA-5ACB-798E-1BECFD6AD97D}.Debug|Any CPU.ActiveCfg = Debug|Any CPU
		{A5FB1FCF-BFDA-5ACB-798E-1BECFD6AD97D}.Debug|Any CPU.Build.0 = Debug|Any CPU
		{A5FB1FCF-BFDA-5ACB-798E-1BECFD6AD97D}.Release|Any CPU.ActiveCfg = Release|Any CPU
		{A5FB1FCF-BFDA-5ACB-798E-1BECFD6AD97D}.Release|Any CPU.Build.0 = Release|Any CPU
		{50AE23E2-9A07-35F3-F017-38C19F3E327F}.Debug|Any CPU.ActiveCfg = Debug|Any CPU
		{50AE23E2-9A07-35F3-F017-38C19F3E327F}.Debug|Any CPU.Build.0 = Debug|Any CPU
		{50AE23E2-9A07-35F3-F017-38C19F3E327F}.Release|Any CPU.ActiveCfg = Release|Any CPU
		{50AE23E2-9A07-35F3-F017-38C19F3E327F}.Release|Any CPU.Build.0 = Release|Any CPU
		{F86E595D-EEF0-4D5F-1FE5-F1BF6532C5FF}.Debug|Any CPU.ActiveCfg = Debug|Any CPU
		{F86E595D-EEF0-4D5F-1FE5-F1BF6532C5FF}.Debug|Any CPU.Build.0 = Debug|Any CPU
		{F86E595D-EEF0-4D5F-1FE5-F1BF6532C5FF}.Release|Any CPU.ActiveCfg = Release|Any CPU
		{F86E595D-EEF0-4D5F-1FE5-F1BF6532C5FF}.Release|Any CPU.Build.0 = Release|Any CPU
		{68FD9FEC-3D48-3C48-4E0C-FC113CE48561}.Debug|Any CPU.ActiveCfg = Debug|Any CPU
		{68FD9FEC-3D48-3C48-4E0C-FC113CE48561}.Debug|Any CPU.Build.0 = Debug|Any CPU
		{68FD9FEC-3D48-3C48-4E0C-FC113CE48561}.Release|Any CPU.ActiveCfg = Release|Any CPU
		{68FD9FEC-3D48-3C48-4E0C-FC113CE48561}.Release|Any CPU.Build.0 = Release|Any CPU
		{F377B548-1AF8-81AC-7051-0719E6F566BC}.Debug|Any CPU.ActiveCfg = Debug|Any CPU
		{F377B548-1AF8-81AC-7051-0719E6F566BC}.Debug|Any CPU.Build.0 = Debug|Any CPU
		{F377B548-1AF8-81AC-7051-0719E6F566BC}.Release|Any CPU.ActiveCfg = Release|Any CPU
		{F377B548-1AF8-81AC-7051-0719E6F566BC}.Release|Any CPU.Build.0 = Release|Any CPU
	EndGlobalSection
	GlobalSection(SolutionProperties) = preSolution
		HideSolutionNode = FALSE
	EndGlobalSection
	GlobalSection(NestedProjects) = preSolution
		{3FE56C6E-7BA5-43FE-8F63-EDCCE0E9320B} = {D494C3BD-C224-4F0B-9F80-E557C5004D34}
		{1ABE8E67-974F-4F03-A342-FFF0326A5B33} = {3FE56C6E-7BA5-43FE-8F63-EDCCE0E9320B}
		{3D0C461F-487A-416A-9363-CC7F2DB61742} = {3FE56C6E-7BA5-43FE-8F63-EDCCE0E9320B}
		{426E293B-83D5-4D88-9CBF-E8A7F8C598B3} = {3FE56C6E-7BA5-43FE-8F63-EDCCE0E9320B}
		{583954BC-1E23-4E62-B539-131CF3FBC96E} = {E69B1E1F-8643-47FD-A195-69CD912E3550}
		{BAFA46B3-EADB-4A05-AF24-0D47062B90B6} = {583954BC-1E23-4E62-B539-131CF3FBC96E}
		{7C0EC881-13F5-4E3D-A662-3055FBA8CE06} = {583954BC-1E23-4E62-B539-131CF3FBC96E}
		{FF7427D3-439C-4617-B17B-26A0EE625471} = {583954BC-1E23-4E62-B539-131CF3FBC96E}
		{02ECB869-4721-4019-817B-74CF3D3C6482} = {583954BC-1E23-4E62-B539-131CF3FBC96E}
		{6581CE59-6105-4672-ABD0-55E653672571} = {583954BC-1E23-4E62-B539-131CF3FBC96E}
		{8C3C2A18-BB66-4CFD-9468-FC34BE7B790B} = {583954BC-1E23-4E62-B539-131CF3FBC96E}
		{15CCBE65-02A9-4D34-812A-A3C8DE54F6D7} = {583954BC-1E23-4E62-B539-131CF3FBC96E}
		{C8D4E18C-9EE0-4F18-A37B-E18B2834357D} = {583954BC-1E23-4E62-B539-131CF3FBC96E}
		{5D0E75D8-BDCC-4ACC-90D4-AA867DB4246D} = {583954BC-1E23-4E62-B539-131CF3FBC96E}
		{F186943D-2361-42CA-895A-B172C25FE664} = {583954BC-1E23-4E62-B539-131CF3FBC96E}
		{794822B4-6156-4038-AAEE-D20C67D58A7A} = {E69B1E1F-8643-47FD-A195-69CD912E3550}
		{583634CE-2977-4238-AA90-164E9BDD4198} = {794822B4-6156-4038-AAEE-D20C67D58A7A}
		{38DA0455-9724-498A-83EF-B4285EB00AD1} = {E69B1E1F-8643-47FD-A195-69CD912E3550}
		{50A1B7BA-85A8-4AD0-B90C-829A756CC0E5} = {38DA0455-9724-498A-83EF-B4285EB00AD1}
		{94474285-CAFB-4A71-AED2-D6A80564F543} = {50A1B7BA-85A8-4AD0-B90C-829A756CC0E5}
		{B53DBACF-90AD-40CE-924C-C649FAD4B9A0} = {50A1B7BA-85A8-4AD0-B90C-829A756CC0E5}
		{EC4AF4C3-EC56-491A-A5B3-2D54938D32B1} = {50A1B7BA-85A8-4AD0-B90C-829A756CC0E5}
		{9C68988B-09AE-4C63-A5AB-4EE71649283D} = {D494C3BD-C224-4F0B-9F80-E557C5004D34}
		{DDAC468C-21AE-4CBC-A652-B3D1AA339305} = {D494C3BD-C224-4F0B-9F80-E557C5004D34}
		{E3A3553B-2050-499A-8E33-DB6C93C579E4} = {9C68988B-09AE-4C63-A5AB-4EE71649283D}
		{6F829382-0804-4D82-8679-C69B14230287} = {9C68988B-09AE-4C63-A5AB-4EE71649283D}
		{2E51588E-5B68-4567-89BC-D5BF23477533} = {6F829382-0804-4D82-8679-C69B14230287}
		{C3522D53-6374-4AED-9A98-B22EA151CBF4} = {6F829382-0804-4D82-8679-C69B14230287}
		{FBD5B903-8399-4B35-8817-9C0B38934A42} = {6F829382-0804-4D82-8679-C69B14230287}
		{A721433D-B667-4623-A451-51360D6EC048} = {6F829382-0804-4D82-8679-C69B14230287}
		{BBC3A24E-4F61-4631-8D9E-D915970691A1} = {6F829382-0804-4D82-8679-C69B14230287}
		{149AF93E-214A-4D26-B389-99B75CDC4DE2} = {6F829382-0804-4D82-8679-C69B14230287}
		{55604D78-2DEB-4678-9AA4-BDCB902E9B80} = {6F829382-0804-4D82-8679-C69B14230287}
		{81679FA6-2E9B-42E3-AAE3-210E7D21E82E} = {DDAC468C-21AE-4CBC-A652-B3D1AA339305}
		{67E8A9A0-DB8C-40E5-AC3B-94F3226FB414} = {DDAC468C-21AE-4CBC-A652-B3D1AA339305}
		{589FEE18-80A2-49D1-ADFC-49D20891D0BA} = {67E8A9A0-DB8C-40E5-AC3B-94F3226FB414}
		{6AC69E65-1E09-4F93-B26C-696E2B1A64A3} = {67E8A9A0-DB8C-40E5-AC3B-94F3226FB414}
		{6B660BDB-3633-48ED-AA85-2FF58F57A1CD} = {D494C3BD-C224-4F0B-9F80-E557C5004D34}
		{CAA54BA6-A4F9-4ADA-98B6-833DF07B4824} = {6B660BDB-3633-48ED-AA85-2FF58F57A1CD}
		{DAAB93D3-EACF-4C8A-AB15-580958A3DF7C} = {38DA0455-9724-498A-83EF-B4285EB00AD1}
		{8D2D9004-02DA-48EA-A28D-FC502EBFC008} = {DAAB93D3-EACF-4C8A-AB15-580958A3DF7C}
		{68D6CAF1-D3FB-4B72-B7D0-19A83066998B} = {50A1B7BA-85A8-4AD0-B90C-829A756CC0E5}
		{F8B4F2CE-D23F-44D9-894E-4F561109AAF1} = {68D6CAF1-D3FB-4B72-B7D0-19A83066998B}
		{9E50BB4A-A211-4300-8EC6-B7921F5B3C3C} = {6F829382-0804-4D82-8679-C69B14230287}
		{A62F40C6-45C8-440B-A947-C9D79880F318} = {67E8A9A0-DB8C-40E5-AC3B-94F3226FB414}
		{B6604ACB-6FCB-41FF-B6F7-FFE7C13D4E01} = {68D6CAF1-D3FB-4B72-B7D0-19A83066998B}
		{F9FB5BD1-3523-4DA9-BA0B-4C7029F3C492} = {FFAD7ADC-B917-48B7-A21E-68AEA8E26ACE}
		{D9D0760B-4947-4D6A-BBF6-274BBB431527} = {FFAD7ADC-B917-48B7-A21E-68AEA8E26ACE}
		{6C990C69-BA43-4E14-BEA0-7239596D844F} = {FFAD7ADC-B917-48B7-A21E-68AEA8E26ACE}
		{3DAE0A7E-EF3E-4D73-987B-11AAC5593AF8} = {6F829382-0804-4D82-8679-C69B14230287}
		{02EA681E-C7D8-13C7-8484-4AC65E1B71E8} = {50A1B7BA-85A8-4AD0-B90C-829A756CC0E5}
		{4DECF126-EBEF-D6BB-1146-88D857B196F8} = {02EA681E-C7D8-13C7-8484-4AC65E1B71E8}
		{A5FB1FCF-BFDA-5ACB-798E-1BECFD6AD97D} = {02EA681E-C7D8-13C7-8484-4AC65E1B71E8}
		{50AE23E2-9A07-35F3-F017-38C19F3E327F} = {02EA681E-C7D8-13C7-8484-4AC65E1B71E8}
		{F86E595D-EEF0-4D5F-1FE5-F1BF6532C5FF} = {02EA681E-C7D8-13C7-8484-4AC65E1B71E8}
		{68FD9FEC-3D48-3C48-4E0C-FC113CE48561} = {DDAC468C-21AE-4CBC-A652-B3D1AA339305}
		{F377B548-1AF8-81AC-7051-0719E6F566BC} = {DDAC468C-21AE-4CBC-A652-B3D1AA339305}
	EndGlobalSection
	GlobalSection(ExtensibilityGlobals) = postSolution
		SolutionGuid = {00D78C3D-8536-4549-B1EE-C19BD0C50387}
	EndGlobalSection
EndGlobal
