
Microsoft Visual Studio Solution File, Format Version 12.00
Project("{2150E333-8FDC-42A3-9474-1A3956D46DE8}") = "Platform", "Platform", "{D494C3BD-C224-4F0B-9F80-E557C5004D34}"
EndProject
Project("{2150E333-8FDC-42A3-9474-1A3956D46DE8}") = "Apps", "Apps", "{3248ECB3-BF45-40F2-9286-C4E526312CFB}"
EndProject
Project("{2150E333-8FDC-42A3-9474-1A3956D46DE8}") = "Base", "Base", "{E69B1E1F-8643-47FD-A195-69CD912E3550}"
EndProject
Project("{2150E333-8FDC-42A3-9474-1A3956D46DE8}") = "Core", "Core", "{F6D28FE9-371B-4E43-9C77-362EEA8E91F1}"
EndProject
Project("{2150E333-8FDC-42A3-9474-1A3956D46DE8}") = "Adapters", "Adapters", "{18152690-993E-4346-90BB-C099982229F5}"
EndProject
Project("{FAE04EC0-301F-11D3-BF4B-00C04F79EFBC}") = "Allors.Adapters.Memory", "Platform\Adapters\Allors.Adapters.Memory\Allors.Adapters.Memory.csproj", "{1D5F98CA-F091-47B3-9C88-058A765404C8}"
EndProject
Project("{FAE04EC0-301F-11D3-BF4B-00C04F79EFBC}") = "Allors.Adapters.Object.Npgsql", "Platform\Adapters\Allors.Adapters.Object.Npgsql\Allors.Adapters.Object.Npgsql.csproj", "{DB4EA9DA-6972-427A-9D55-B1F45E6E0E44}"
EndProject
Project("{FAE04EC0-301F-11D3-BF4B-00C04F79EFBC}") = "Allors.Adapters.Object.SqlClient", "Platform\Adapters\Allors.Adapters.Object.SqlClient\Allors.Adapters.Object.SqlClient.csproj", "{8514ADD6-BA50-4F48-8257-F50556DE6319}"
EndProject
Project("{FAE04EC0-301F-11D3-BF4B-00C04F79EFBC}") = "Domain", "Platform\Adapters\Domain\Domain.csproj", "{D9828772-02BB-40EB-B7D6-7BA9BE46A3AA}"
EndProject
Project("{FAE04EC0-301F-11D3-BF4B-00C04F79EFBC}") = "Generate", "Platform\Adapters\Generate\Generate.csproj", "{DCC849C4-CC2C-4320-ABDD-DB48B72CF363}"
EndProject
Project("{FAE04EC0-301F-11D3-BF4B-00C04F79EFBC}") = "Meta", "Platform\Adapters\Meta\Meta.csproj", "{93A1B87E-10FD-4392-88CB-BA52362A69B7}"
EndProject
Project("{FAE04EC0-301F-11D3-BF4B-00C04F79EFBC}") = "Repository", "Platform\Adapters\Repository\Domain\Repository.csproj", "{68D50254-1D8E-44A8-919B-A20A1F70E5A4}"
EndProject
Project("{FAE04EC0-301F-11D3-BF4B-00C04F79EFBC}") = "Tests.Static", "Platform\Adapters\Tests.Static\Tests.Static.csproj", "{1F23CBFF-02DE-480D-B55C-60B155CA361A}"
EndProject
Project("{2150E333-8FDC-42A3-9474-1A3956D46DE8}") = "Framework", "Framework", "{3B8D3499-3717-4D22-9038-03FFB26F96B0}"
EndProject
Project("{FAE04EC0-301F-11D3-BF4B-00C04F79EFBC}") = "Allors.Database", "Platform\Framework\Allors.Database\Allors.Database.csproj", "{AE50E9CB-1536-49DD-B57A-AC770AD92FAE}"
EndProject
Project("{FAE04EC0-301F-11D3-BF4B-00C04F79EFBC}") = "Allors.Protocol", "Platform\Framework\Allors.Protocol\Allors.Protocol.csproj", "{4CC90D31-775E-4A0E-8183-1ED53270D14D}"
EndProject
Project("{FAE04EC0-301F-11D3-BF4B-00C04F79EFBC}") = "Allors.Workspace", "Platform\Framework\Allors.Workspace\Allors.Workspace.csproj", "{B01846A2-2E2B-4676-BE34-F9E14442F80F}"
EndProject
Project("{FAE04EC0-301F-11D3-BF4B-00C04F79EFBC}") = "Generate", "Core\Database\Generate\Generate.csproj", "{5FD448A0-A7AE-4DCD-92DB-880CC110B0CD}"
EndProject
Project("{FAE04EC0-301F-11D3-BF4B-00C04F79EFBC}") = "Repository", "Core\Repository\Domain\Repository.csproj", "{5A5E73FC-30AE-4C98-B129-32B61ADF5774}"
EndProject
Project("{FAE04EC0-301F-11D3-BF4B-00C04F79EFBC}") = "Meta", "Core\Database\Meta\Meta.csproj", "{F626C91C-82A4-42FD-BBAC-9C389238245E}"
EndProject
Project("{FAE04EC0-301F-11D3-BF4B-00C04F79EFBC}") = "Allors.Workspace.Meta", "Core\Workspace\CSharp\Meta\Allors.Workspace.Meta.csproj", "{35375F19-8E01-4D49-8B4E-E262AA9BD99D}"
EndProject
Project("{2150E333-8FDC-42A3-9474-1A3956D46DE8}") = "Workspace", "Workspace", "{8C030775-E2B3-4530-B3B1-2466B3152428}"
EndProject
Project("{2150E333-8FDC-42A3-9474-1A3956D46DE8}") = "Database", "Database", "{817F6858-F6A6-489D-B0BD-C3DA2E70E904}"
EndProject
Global
	GlobalSection(SolutionConfigurationPlatforms) = preSolution
		Debug|Any CPU = Debug|Any CPU
		Release|Any CPU = Release|Any CPU
	EndGlobalSection
	GlobalSection(NestedProjects) = preSolution
		{18152690-993E-4346-90BB-C099982229F5} = {D494C3BD-C224-4F0B-9F80-E557C5004D34}
		{1D5F98CA-F091-47B3-9C88-058A765404C8} = {18152690-993E-4346-90BB-C099982229F5}
		{DB4EA9DA-6972-427A-9D55-B1F45E6E0E44} = {18152690-993E-4346-90BB-C099982229F5}
		{8514ADD6-BA50-4F48-8257-F50556DE6319} = {18152690-993E-4346-90BB-C099982229F5}
		{D9828772-02BB-40EB-B7D6-7BA9BE46A3AA} = {18152690-993E-4346-90BB-C099982229F5}
		{DCC849C4-CC2C-4320-ABDD-DB48B72CF363} = {18152690-993E-4346-90BB-C099982229F5}
		{93A1B87E-10FD-4392-88CB-BA52362A69B7} = {18152690-993E-4346-90BB-C099982229F5}
		{68D50254-1D8E-44A8-919B-A20A1F70E5A4} = {18152690-993E-4346-90BB-C099982229F5}
		{1F23CBFF-02DE-480D-B55C-60B155CA361A} = {18152690-993E-4346-90BB-C099982229F5}
		{3B8D3499-3717-4D22-9038-03FFB26F96B0} = {D494C3BD-C224-4F0B-9F80-E557C5004D34}
		{AE50E9CB-1536-49DD-B57A-AC770AD92FAE} = {3B8D3499-3717-4D22-9038-03FFB26F96B0}
		{4CC90D31-775E-4A0E-8183-1ED53270D14D} = {3B8D3499-3717-4D22-9038-03FFB26F96B0}
		{B01846A2-2E2B-4676-BE34-F9E14442F80F} = {3B8D3499-3717-4D22-9038-03FFB26F96B0}
		{8C030775-E2B3-4530-B3B1-2466B3152428} = {F6D28FE9-371B-4E43-9C77-362EEA8E91F1}
		{35375F19-8E01-4D49-8B4E-E262AA9BD99D} = {8C030775-E2B3-4530-B3B1-2466B3152428}
		{817F6858-F6A6-489D-B0BD-C3DA2E70E904} = {F6D28FE9-371B-4E43-9C77-362EEA8E91F1}
		{5FD448A0-A7AE-4DCD-92DB-880CC110B0CD} = {817F6858-F6A6-489D-B0BD-C3DA2E70E904}
		{F626C91C-82A4-42FD-BBAC-9C389238245E} = {817F6858-F6A6-489D-B0BD-C3DA2E70E904}
		{5A5E73FC-30AE-4C98-B129-32B61ADF5774} = {817F6858-F6A6-489D-B0BD-C3DA2E70E904}
	EndGlobalSection
	GlobalSection(ProjectConfigurationPlatforms) = postSolution
		{1D5F98CA-F091-47B3-9C88-058A765404C8}.Debug|Any CPU.ActiveCfg = Debug|Any CPU
		{1D5F98CA-F091-47B3-9C88-058A765404C8}.Debug|Any CPU.Build.0 = Debug|Any CPU
		{1D5F98CA-F091-47B3-9C88-058A765404C8}.Release|Any CPU.ActiveCfg = Release|Any CPU
		{1D5F98CA-F091-47B3-9C88-058A765404C8}.Release|Any CPU.Build.0 = Release|Any CPU
		{DB4EA9DA-6972-427A-9D55-B1F45E6E0E44}.Debug|Any CPU.ActiveCfg = Debug|Any CPU
		{DB4EA9DA-6972-427A-9D55-B1F45E6E0E44}.Debug|Any CPU.Build.0 = Debug|Any CPU
		{DB4EA9DA-6972-427A-9D55-B1F45E6E0E44}.Release|Any CPU.ActiveCfg = Release|Any CPU
		{DB4EA9DA-6972-427A-9D55-B1F45E6E0E44}.Release|Any CPU.Build.0 = Release|Any CPU
		{8514ADD6-BA50-4F48-8257-F50556DE6319}.Debug|Any CPU.ActiveCfg = Debug|Any CPU
		{8514ADD6-BA50-4F48-8257-F50556DE6319}.Debug|Any CPU.Build.0 = Debug|Any CPU
		{8514ADD6-BA50-4F48-8257-F50556DE6319}.Release|Any CPU.ActiveCfg = Release|Any CPU
		{8514ADD6-BA50-4F48-8257-F50556DE6319}.Release|Any CPU.Build.0 = Release|Any CPU
		{D9828772-02BB-40EB-B7D6-7BA9BE46A3AA}.Debug|Any CPU.ActiveCfg = Debug|Any CPU
		{D9828772-02BB-40EB-B7D6-7BA9BE46A3AA}.Debug|Any CPU.Build.0 = Debug|Any CPU
		{D9828772-02BB-40EB-B7D6-7BA9BE46A3AA}.Release|Any CPU.ActiveCfg = Release|Any CPU
		{D9828772-02BB-40EB-B7D6-7BA9BE46A3AA}.Release|Any CPU.Build.0 = Release|Any CPU
		{DCC849C4-CC2C-4320-ABDD-DB48B72CF363}.Debug|Any CPU.ActiveCfg = Debug|Any CPU
		{DCC849C4-CC2C-4320-ABDD-DB48B72CF363}.Debug|Any CPU.Build.0 = Debug|Any CPU
		{DCC849C4-CC2C-4320-ABDD-DB48B72CF363}.Release|Any CPU.ActiveCfg = Release|Any CPU
		{DCC849C4-CC2C-4320-ABDD-DB48B72CF363}.Release|Any CPU.Build.0 = Release|Any CPU
		{93A1B87E-10FD-4392-88CB-BA52362A69B7}.Debug|Any CPU.ActiveCfg = Debug|Any CPU
		{93A1B87E-10FD-4392-88CB-BA52362A69B7}.Debug|Any CPU.Build.0 = Debug|Any CPU
		{93A1B87E-10FD-4392-88CB-BA52362A69B7}.Release|Any CPU.ActiveCfg = Release|Any CPU
		{93A1B87E-10FD-4392-88CB-BA52362A69B7}.Release|Any CPU.Build.0 = Release|Any CPU
		{68D50254-1D8E-44A8-919B-A20A1F70E5A4}.Debug|Any CPU.ActiveCfg = Debug|Any CPU
		{68D50254-1D8E-44A8-919B-A20A1F70E5A4}.Debug|Any CPU.Build.0 = Debug|Any CPU
		{68D50254-1D8E-44A8-919B-A20A1F70E5A4}.Release|Any CPU.ActiveCfg = Release|Any CPU
		{68D50254-1D8E-44A8-919B-A20A1F70E5A4}.Release|Any CPU.Build.0 = Release|Any CPU
		{1F23CBFF-02DE-480D-B55C-60B155CA361A}.Debug|Any CPU.ActiveCfg = Debug|Any CPU
		{1F23CBFF-02DE-480D-B55C-60B155CA361A}.Debug|Any CPU.Build.0 = Debug|Any CPU
		{1F23CBFF-02DE-480D-B55C-60B155CA361A}.Release|Any CPU.ActiveCfg = Release|Any CPU
		{1F23CBFF-02DE-480D-B55C-60B155CA361A}.Release|Any CPU.Build.0 = Release|Any CPU
		{AE50E9CB-1536-49DD-B57A-AC770AD92FAE}.Debug|Any CPU.ActiveCfg = Debug|Any CPU
		{AE50E9CB-1536-49DD-B57A-AC770AD92FAE}.Debug|Any CPU.Build.0 = Debug|Any CPU
		{AE50E9CB-1536-49DD-B57A-AC770AD92FAE}.Release|Any CPU.ActiveCfg = Release|Any CPU
		{AE50E9CB-1536-49DD-B57A-AC770AD92FAE}.Release|Any CPU.Build.0 = Release|Any CPU
		{4CC90D31-775E-4A0E-8183-1ED53270D14D}.Debug|Any CPU.ActiveCfg = Debug|Any CPU
		{4CC90D31-775E-4A0E-8183-1ED53270D14D}.Debug|Any CPU.Build.0 = Debug|Any CPU
		{4CC90D31-775E-4A0E-8183-1ED53270D14D}.Release|Any CPU.ActiveCfg = Release|Any CPU
		{4CC90D31-775E-4A0E-8183-1ED53270D14D}.Release|Any CPU.Build.0 = Release|Any CPU
		{B01846A2-2E2B-4676-BE34-F9E14442F80F}.Debug|Any CPU.ActiveCfg = Debug|Any CPU
		{B01846A2-2E2B-4676-BE34-F9E14442F80F}.Debug|Any CPU.Build.0 = Debug|Any CPU
		{B01846A2-2E2B-4676-BE34-F9E14442F80F}.Release|Any CPU.ActiveCfg = Release|Any CPU
		{B01846A2-2E2B-4676-BE34-F9E14442F80F}.Release|Any CPU.Build.0 = Release|Any CPU
		{5FD448A0-A7AE-4DCD-92DB-880CC110B0CD}.Debug|Any CPU.ActiveCfg = Debug|Any CPU
		{5FD448A0-A7AE-4DCD-92DB-880CC110B0CD}.Debug|Any CPU.Build.0 = Debug|Any CPU
		{5FD448A0-A7AE-4DCD-92DB-880CC110B0CD}.Release|Any CPU.ActiveCfg = Release|Any CPU
		{5FD448A0-A7AE-4DCD-92DB-880CC110B0CD}.Release|Any CPU.Build.0 = Release|Any CPU
		{5A5E73FC-30AE-4C98-B129-32B61ADF5774}.Debug|Any CPU.ActiveCfg = Debug|Any CPU
		{5A5E73FC-30AE-4C98-B129-32B61ADF5774}.Debug|Any CPU.Build.0 = Debug|Any CPU
		{5A5E73FC-30AE-4C98-B129-32B61ADF5774}.Release|Any CPU.ActiveCfg = Release|Any CPU
		{5A5E73FC-30AE-4C98-B129-32B61ADF5774}.Release|Any CPU.Build.0 = Release|Any CPU
		{F626C91C-82A4-42FD-BBAC-9C389238245E}.Debug|Any CPU.ActiveCfg = Debug|Any CPU
		{F626C91C-82A4-42FD-BBAC-9C389238245E}.Debug|Any CPU.Build.0 = Debug|Any CPU
		{F626C91C-82A4-42FD-BBAC-9C389238245E}.Release|Any CPU.ActiveCfg = Release|Any CPU
		{F626C91C-82A4-42FD-BBAC-9C389238245E}.Release|Any CPU.Build.0 = Release|Any CPU
		{35375F19-8E01-4D49-8B4E-E262AA9BD99D}.Debug|Any CPU.ActiveCfg = Debug|Any CPU
		{35375F19-8E01-4D49-8B4E-E262AA9BD99D}.Debug|Any CPU.Build.0 = Debug|Any CPU
		{35375F19-8E01-4D49-8B4E-E262AA9BD99D}.Release|Any CPU.ActiveCfg = Release|Any CPU
		{35375F19-8E01-4D49-8B4E-E262AA9BD99D}.Release|Any CPU.Build.0 = Release|Any CPU
	EndGlobalSection
EndGlobal
