
Microsoft Visual Studio Solution File, Format Version 12.00
# Visual Studio Version 16
VisualStudioVersion = 16.0.28922.388
MinimumVisualStudioVersion = 10.0.40219.1
Project("{2150E333-8FDC-42A3-9474-1A3956D46DE8}") = "Platform", "Platform", "{D494C3BD-C224-4F0B-9F80-E557C5004D34}"
EndProject
Project("{2150E333-8FDC-42A3-9474-1A3956D46DE8}") = "Core", "Core", "{E69B1E1F-8643-47FD-A195-69CD912E3550}"
EndProject
Project("{2150E333-8FDC-42A3-9474-1A3956D46DE8}") = "Repository", "Repository", "{3FE56C6E-7BA5-43FE-8F63-EDCCE0E9320B}"
EndProject
Project("{9A19103F-16F7-4668-BE54-9A1E7A4F7556}") = "Allors.Repository", "Platform\Repository\Allors.Repository\Allors.Repository.csproj", "{1ABE8E67-974F-4F03-A342-FFF0326A5B33}"
EndProject
Project("{9A19103F-16F7-4668-BE54-9A1E7A4F7556}") = "Attributes", "Platform\Repository\Domain\Attributes.csproj", "{3D0C461F-487A-416A-9363-CC7F2DB61742}"
EndProject
Project("{9A19103F-16F7-4668-BE54-9A1E7A4F7556}") = "Generate", "Platform\Repository\Generate\Generate.csproj", "{426E293B-83D5-4D88-9CBF-E8A7F8C598B3}"
EndProject
Project("{2150E333-8FDC-42A3-9474-1A3956D46DE8}") = "Database", "Database", "{583954BC-1E23-4E62-B539-131CF3FBC96E}"
EndProject
Project("{9A19103F-16F7-4668-BE54-9A1E7A4F7556}") = "Generate", "Core\Database\Generate\Generate.csproj", "{BAFA46B3-EADB-4A05-AF24-0D47062B90B6}"
EndProject
Project("{9A19103F-16F7-4668-BE54-9A1E7A4F7556}") = "Commands", "Core\Database\Commands\Commands.csproj", "{7C0EC881-13F5-4E3D-A662-3055FBA8CE06}"
EndProject
Project("{9A19103F-16F7-4668-BE54-9A1E7A4F7556}") = "Allors.Document", "Core\Database\Document\Allors.Document\Allors.Document.csproj", "{D0AF15F0-1C0B-4A65-9DD3-148B40D3A8EC}"
EndProject
Project("{9A19103F-16F7-4668-BE54-9A1E7A4F7556}") = "Allors.Document.Tests", "Core\Database\Document\Allors.Document.Tests\Allors.Document.Tests.csproj", "{F8EEA673-D66F-4705-AC8F-8D73DB03E0DC}"
EndProject
Project("{2150E333-8FDC-42A3-9474-1A3956D46DE8}") = "Document", "Document", "{375E7CD9-BD46-471A-BD27-0F9A31520D72}"
EndProject
Project("{9A19103F-16F7-4668-BE54-9A1E7A4F7556}") = "Domain", "Core\Database\Domain\Domain.csproj", "{FF7427D3-439C-4617-B17B-26A0EE625471}"
EndProject
Project("{9A19103F-16F7-4668-BE54-9A1E7A4F7556}") = "Merge", "Core\Database\Merge\Merge.csproj", "{6581CE59-6105-4672-ABD0-55E653672571}"
EndProject
Project("{9A19103F-16F7-4668-BE54-9A1E7A4F7556}") = "Meta", "Core\Database\Meta\Meta.csproj", "{8C3C2A18-BB66-4CFD-9468-FC34BE7B790B}"
EndProject
Project("{9A19103F-16F7-4668-BE54-9A1E7A4F7556}") = "Resources", "Core\Database\Resources\Resources.csproj", "{15CCBE65-02A9-4D34-812A-A3C8DE54F6D7}"
EndProject
Project("{9A19103F-16F7-4668-BE54-9A1E7A4F7556}") = "Server", "Core\Database\Server\Server.csproj", "{C8D4E18C-9EE0-4F18-A37B-E18B2834357D}"
EndProject
Project("{9A19103F-16F7-4668-BE54-9A1E7A4F7556}") = "Server.Tests", "Core\Database\Server.Tests\Server.Tests.csproj", "{5D0E75D8-BDCC-4ACC-90D4-AA867DB4246D}"
EndProject
Project("{9A19103F-16F7-4668-BE54-9A1E7A4F7556}") = "Services", "Core\Database\Services\Services.csproj", "{F186943D-2361-42CA-895A-B172C25FE664}"
EndProject
Project("{2150E333-8FDC-42A3-9474-1A3956D46DE8}") = "Repository", "Repository", "{794822B4-6156-4038-AAEE-D20C67D58A7A}"
EndProject
Project("{9A19103F-16F7-4668-BE54-9A1E7A4F7556}") = "Repository", "Core\Repository\Domain\Repository.csproj", "{583634CE-2977-4238-AA90-164E9BDD4198}"
EndProject
Project("{2150E333-8FDC-42A3-9474-1A3956D46DE8}") = "Workspace", "Workspace", "{38DA0455-9724-498A-83EF-B4285EB00AD1}"
EndProject
Project("{2150E333-8FDC-42A3-9474-1A3956D46DE8}") = "CSharp", "CSharp", "{50A1B7BA-85A8-4AD0-B90C-829A756CC0E5}"
EndProject
Project("{9A19103F-16F7-4668-BE54-9A1E7A4F7556}") = "Workspace.Domain", "Core\Workspace\CSharp\Domain\Workspace.Domain.csproj", "{94474285-CAFB-4A71-AED2-D6A80564F543}"
EndProject
Project("{9A19103F-16F7-4668-BE54-9A1E7A4F7556}") = "Workspace.Domain.Tests", "Core\Workspace\CSharp\Domain.Tests\Workspace.Domain.Tests.csproj", "{B53DBACF-90AD-40CE-924C-C649FAD4B9A0}"
EndProject
Project("{9A19103F-16F7-4668-BE54-9A1E7A4F7556}") = "Workspace.Meta", "Core\Workspace\CSharp\Meta\Workspace.Meta.csproj", "{EC4AF4C3-EC56-491A-A5B3-2D54938D32B1}"
EndProject
Project("{FAE04EC0-301F-11D3-BF4B-00C04F79EFBC}") = "ExcelAddIn", "Core\Workspace\CSharp\ExcelAddIn\ExcelAddIn.csproj", "{2793BF14-439A-418F-8CD0-808A07AD09C5}"
EndProject
Project("{2150E333-8FDC-42A3-9474-1A3956D46DE8}") = "Blazor", "Blazor", "{DF5CEE7D-312C-4507-99FE-AD091139F80A}"
EndProject
Project("{2150E333-8FDC-42A3-9474-1A3956D46DE8}") = "Bootstrap", "Bootstrap", "{BF96FC06-0581-4A90-8B7F-534AC681CE79}"
EndProject
Project("{9A19103F-16F7-4668-BE54-9A1E7A4F7556}") = "Blazor.Bootstrap.ServerSide", "Core\Workspace\CSharp\Blazor.Bootstrap\Blazor.Bootstrap.ServerSide\Blazor.Bootstrap.ServerSide.csproj", "{84DE07C1-B6BA-49FE-88ED-39C6454D8E2A}"
EndProject
Project("{9A19103F-16F7-4668-BE54-9A1E7A4F7556}") = "Blazor.Bootstrap.ClientSide", "Core\Workspace\CSharp\Blazor.Bootstrap\Blazor.Bootstrap.ClientSide\Blazor.Bootstrap.ClientSide.csproj", "{98372C08-F708-4037-A6A8-938391FA78F7}"
EndProject
Project("{9A19103F-16F7-4668-BE54-9A1E7A4F7556}") = "Blazor.Bootstrap", "Core\Workspace\CSharp\Blazor.Bootstrap\Blazor.Bootstrap\Blazor.Bootstrap.csproj", "{C5CB4A56-710F-4452-B09C-A26E820439EE}"
EndProject
Project("{2150E333-8FDC-42A3-9474-1A3956D46DE8}") = "Database", "Database", "{2885D8A4-CA40-4B22-A598-9A28EC66DF39}"
EndProject
Project("{2150E333-8FDC-42A3-9474-1A3956D46DE8}") = "Workspace", "Workspace", "{BA7D9D82-FC6A-432D-B143-8C166BE06026}"
EndProject
Project("{9A19103F-16F7-4668-BE54-9A1E7A4F7556}") = "Allors.Database", "Platform\Database\Allors.Database\Allors.Database.csproj", "{98AF5CA8-5485-4DA2-90EA-4486B773D632}"
EndProject
Project("{9A19103F-16F7-4668-BE54-9A1E7A4F7556}") = "Allors.Database.Protocol", "Platform\Database\Allors.Database.Protocol\Allors.Database.Protocol.csproj", "{190B0656-D731-4605-892E-18DC2507FA94}"
EndProject
Project("{2150E333-8FDC-42A3-9474-1A3956D46DE8}") = "Adapters", "Adapters", "{18CF1FD4-9571-4351-8021-472E059DE4E7}"
EndProject
Project("{9A19103F-16F7-4668-BE54-9A1E7A4F7556}") = "Allors.Database.Adapters.Memory", "Platform\Database\Adapters\Allors.Database.Adapters.Memory\Allors.Database.Adapters.Memory.csproj", "{C52FD431-518C-475C-9FEB-0E31C5018D66}"
EndProject
Project("{9A19103F-16F7-4668-BE54-9A1E7A4F7556}") = "Allors.Database.Adapters.SqlClient", "Platform\Database\Adapters\Allors.Database.Adapters.SqlClient\Allors.Database.Adapters.SqlClient.csproj", "{BD1F6780-38C9-45E2-807E-64E4922A040F}"
EndProject
Project("{2150E333-8FDC-42A3-9474-1A3956D46DE8}") = "Adapters", "Adapters", "{32B63FA9-E94E-483B-A6B1-0596CF55BFA9}"
EndProject
Project("{9A19103F-16F7-4668-BE54-9A1E7A4F7556}") = "Allors.Workspace", "Platform\Workspace\CSharp\Allors.Workspace\Allors.Workspace.csproj", "{B1811DB0-9B7E-480C-AC67-39537F867399}"
EndProject
Project("{9A19103F-16F7-4668-BE54-9A1E7A4F7556}") = "Allors.Workspace.Blazor", "Platform\Workspace\CSharp\Allors.Workspace.Blazor\Allors.Workspace.Blazor.csproj", "{038C1EB2-E250-4AF3-B87A-3D3D4DA29E96}"
EndProject
Project("{9A19103F-16F7-4668-BE54-9A1E7A4F7556}") = "Allors.Workspace.Blazor.Bootstrap", "Platform\Workspace\CSharp\Allors.Workspace.Blazor.Bootstrap\Allors.Workspace.Blazor.Bootstrap.csproj", "{012A911F-F0C4-4588-8A40-05692ADED2AD}"
EndProject
Project("{9A19103F-16F7-4668-BE54-9A1E7A4F7556}") = "Allors.Workspace.Adapters", "Platform\Workspace\CSharp\Adapters\Allors.Workspace.Adapters\Allors.Workspace.Adapters.csproj", "{F2D09194-ECA3-4EEF-94F2-D16FDB81C51A}"
EndProject
Project("{9A19103F-16F7-4668-BE54-9A1E7A4F7556}") = "Allors.Workspace.Adapters.Remote", "Platform\Workspace\CSharp\Adapters\Allors.Workspace.Adapters.Remote\Allors.Workspace.Adapters.Remote.csproj", "{86131E07-2CBE-4DDD-8EC2-6702743ED33B}"
EndProject
Global
	GlobalSection(SolutionConfigurationPlatforms) = preSolution
		Debug|Any CPU = Debug|Any CPU
		Release|Any CPU = Release|Any CPU
	EndGlobalSection
	GlobalSection(ProjectConfigurationPlatforms) = postSolution
		{1ABE8E67-974F-4F03-A342-FFF0326A5B33}.Debug|Any CPU.ActiveCfg = Debug|Any CPU
		{1ABE8E67-974F-4F03-A342-FFF0326A5B33}.Debug|Any CPU.Build.0 = Debug|Any CPU
		{1ABE8E67-974F-4F03-A342-FFF0326A5B33}.Release|Any CPU.ActiveCfg = Release|Any CPU
		{1ABE8E67-974F-4F03-A342-FFF0326A5B33}.Release|Any CPU.Build.0 = Release|Any CPU
		{3D0C461F-487A-416A-9363-CC7F2DB61742}.Debug|Any CPU.ActiveCfg = Debug|Any CPU
		{3D0C461F-487A-416A-9363-CC7F2DB61742}.Debug|Any CPU.Build.0 = Debug|Any CPU
		{3D0C461F-487A-416A-9363-CC7F2DB61742}.Release|Any CPU.ActiveCfg = Release|Any CPU
		{3D0C461F-487A-416A-9363-CC7F2DB61742}.Release|Any CPU.Build.0 = Release|Any CPU
		{426E293B-83D5-4D88-9CBF-E8A7F8C598B3}.Debug|Any CPU.ActiveCfg = Debug|Any CPU
		{426E293B-83D5-4D88-9CBF-E8A7F8C598B3}.Debug|Any CPU.Build.0 = Debug|Any CPU
		{426E293B-83D5-4D88-9CBF-E8A7F8C598B3}.Release|Any CPU.ActiveCfg = Release|Any CPU
		{426E293B-83D5-4D88-9CBF-E8A7F8C598B3}.Release|Any CPU.Build.0 = Release|Any CPU
		{BAFA46B3-EADB-4A05-AF24-0D47062B90B6}.Debug|Any CPU.ActiveCfg = Debug|Any CPU
		{BAFA46B3-EADB-4A05-AF24-0D47062B90B6}.Debug|Any CPU.Build.0 = Debug|Any CPU
		{BAFA46B3-EADB-4A05-AF24-0D47062B90B6}.Release|Any CPU.ActiveCfg = Release|Any CPU
		{BAFA46B3-EADB-4A05-AF24-0D47062B90B6}.Release|Any CPU.Build.0 = Release|Any CPU
		{7C0EC881-13F5-4E3D-A662-3055FBA8CE06}.Debug|Any CPU.ActiveCfg = Debug|Any CPU
		{7C0EC881-13F5-4E3D-A662-3055FBA8CE06}.Debug|Any CPU.Build.0 = Debug|Any CPU
		{7C0EC881-13F5-4E3D-A662-3055FBA8CE06}.Release|Any CPU.ActiveCfg = Release|Any CPU
		{7C0EC881-13F5-4E3D-A662-3055FBA8CE06}.Release|Any CPU.Build.0 = Release|Any CPU
		{D0AF15F0-1C0B-4A65-9DD3-148B40D3A8EC}.Debug|Any CPU.ActiveCfg = Debug|Any CPU
		{D0AF15F0-1C0B-4A65-9DD3-148B40D3A8EC}.Debug|Any CPU.Build.0 = Debug|Any CPU
		{D0AF15F0-1C0B-4A65-9DD3-148B40D3A8EC}.Release|Any CPU.ActiveCfg = Release|Any CPU
		{D0AF15F0-1C0B-4A65-9DD3-148B40D3A8EC}.Release|Any CPU.Build.0 = Release|Any CPU
		{F8EEA673-D66F-4705-AC8F-8D73DB03E0DC}.Debug|Any CPU.ActiveCfg = Debug|Any CPU
		{F8EEA673-D66F-4705-AC8F-8D73DB03E0DC}.Debug|Any CPU.Build.0 = Debug|Any CPU
		{F8EEA673-D66F-4705-AC8F-8D73DB03E0DC}.Release|Any CPU.ActiveCfg = Release|Any CPU
		{F8EEA673-D66F-4705-AC8F-8D73DB03E0DC}.Release|Any CPU.Build.0 = Release|Any CPU
		{FF7427D3-439C-4617-B17B-26A0EE625471}.Debug|Any CPU.ActiveCfg = Debug|Any CPU
		{FF7427D3-439C-4617-B17B-26A0EE625471}.Debug|Any CPU.Build.0 = Debug|Any CPU
		{FF7427D3-439C-4617-B17B-26A0EE625471}.Release|Any CPU.ActiveCfg = Release|Any CPU
		{FF7427D3-439C-4617-B17B-26A0EE625471}.Release|Any CPU.Build.0 = Release|Any CPU
		{6581CE59-6105-4672-ABD0-55E653672571}.Debug|Any CPU.ActiveCfg = Debug|Any CPU
		{6581CE59-6105-4672-ABD0-55E653672571}.Debug|Any CPU.Build.0 = Debug|Any CPU
		{6581CE59-6105-4672-ABD0-55E653672571}.Release|Any CPU.ActiveCfg = Release|Any CPU
		{6581CE59-6105-4672-ABD0-55E653672571}.Release|Any CPU.Build.0 = Release|Any CPU
		{8C3C2A18-BB66-4CFD-9468-FC34BE7B790B}.Debug|Any CPU.ActiveCfg = Debug|Any CPU
		{8C3C2A18-BB66-4CFD-9468-FC34BE7B790B}.Debug|Any CPU.Build.0 = Debug|Any CPU
		{8C3C2A18-BB66-4CFD-9468-FC34BE7B790B}.Release|Any CPU.ActiveCfg = Release|Any CPU
		{8C3C2A18-BB66-4CFD-9468-FC34BE7B790B}.Release|Any CPU.Build.0 = Release|Any CPU
		{15CCBE65-02A9-4D34-812A-A3C8DE54F6D7}.Debug|Any CPU.ActiveCfg = Debug|Any CPU
		{15CCBE65-02A9-4D34-812A-A3C8DE54F6D7}.Debug|Any CPU.Build.0 = Debug|Any CPU
		{15CCBE65-02A9-4D34-812A-A3C8DE54F6D7}.Release|Any CPU.ActiveCfg = Release|Any CPU
		{15CCBE65-02A9-4D34-812A-A3C8DE54F6D7}.Release|Any CPU.Build.0 = Release|Any CPU
		{C8D4E18C-9EE0-4F18-A37B-E18B2834357D}.Debug|Any CPU.ActiveCfg = Debug|Any CPU
		{C8D4E18C-9EE0-4F18-A37B-E18B2834357D}.Debug|Any CPU.Build.0 = Debug|Any CPU
		{C8D4E18C-9EE0-4F18-A37B-E18B2834357D}.Release|Any CPU.ActiveCfg = Release|Any CPU
		{C8D4E18C-9EE0-4F18-A37B-E18B2834357D}.Release|Any CPU.Build.0 = Release|Any CPU
		{5D0E75D8-BDCC-4ACC-90D4-AA867DB4246D}.Debug|Any CPU.ActiveCfg = Debug|Any CPU
		{5D0E75D8-BDCC-4ACC-90D4-AA867DB4246D}.Debug|Any CPU.Build.0 = Debug|Any CPU
		{5D0E75D8-BDCC-4ACC-90D4-AA867DB4246D}.Release|Any CPU.ActiveCfg = Release|Any CPU
		{5D0E75D8-BDCC-4ACC-90D4-AA867DB4246D}.Release|Any CPU.Build.0 = Release|Any CPU
		{F186943D-2361-42CA-895A-B172C25FE664}.Debug|Any CPU.ActiveCfg = Debug|Any CPU
		{F186943D-2361-42CA-895A-B172C25FE664}.Debug|Any CPU.Build.0 = Debug|Any CPU
		{F186943D-2361-42CA-895A-B172C25FE664}.Release|Any CPU.ActiveCfg = Release|Any CPU
		{F186943D-2361-42CA-895A-B172C25FE664}.Release|Any CPU.Build.0 = Release|Any CPU
		{583634CE-2977-4238-AA90-164E9BDD4198}.Debug|Any CPU.ActiveCfg = Debug|Any CPU
		{583634CE-2977-4238-AA90-164E9BDD4198}.Debug|Any CPU.Build.0 = Debug|Any CPU
		{583634CE-2977-4238-AA90-164E9BDD4198}.Release|Any CPU.ActiveCfg = Release|Any CPU
		{583634CE-2977-4238-AA90-164E9BDD4198}.Release|Any CPU.Build.0 = Release|Any CPU
		{94474285-CAFB-4A71-AED2-D6A80564F543}.Debug|Any CPU.ActiveCfg = Debug|Any CPU
		{94474285-CAFB-4A71-AED2-D6A80564F543}.Debug|Any CPU.Build.0 = Debug|Any CPU
		{94474285-CAFB-4A71-AED2-D6A80564F543}.Release|Any CPU.ActiveCfg = Release|Any CPU
		{94474285-CAFB-4A71-AED2-D6A80564F543}.Release|Any CPU.Build.0 = Release|Any CPU
		{B53DBACF-90AD-40CE-924C-C649FAD4B9A0}.Debug|Any CPU.ActiveCfg = Debug|Any CPU
		{B53DBACF-90AD-40CE-924C-C649FAD4B9A0}.Debug|Any CPU.Build.0 = Debug|Any CPU
		{B53DBACF-90AD-40CE-924C-C649FAD4B9A0}.Release|Any CPU.ActiveCfg = Release|Any CPU
		{B53DBACF-90AD-40CE-924C-C649FAD4B9A0}.Release|Any CPU.Build.0 = Release|Any CPU
		{EC4AF4C3-EC56-491A-A5B3-2D54938D32B1}.Debug|Any CPU.ActiveCfg = Debug|Any CPU
		{EC4AF4C3-EC56-491A-A5B3-2D54938D32B1}.Debug|Any CPU.Build.0 = Debug|Any CPU
		{EC4AF4C3-EC56-491A-A5B3-2D54938D32B1}.Release|Any CPU.ActiveCfg = Release|Any CPU
		{EC4AF4C3-EC56-491A-A5B3-2D54938D32B1}.Release|Any CPU.Build.0 = Release|Any CPU
		{2793BF14-439A-418F-8CD0-808A07AD09C5}.Debug|Any CPU.ActiveCfg = Debug|Any CPU
		{2793BF14-439A-418F-8CD0-808A07AD09C5}.Debug|Any CPU.Build.0 = Debug|Any CPU
		{2793BF14-439A-418F-8CD0-808A07AD09C5}.Release|Any CPU.ActiveCfg = Release|Any CPU
		{2793BF14-439A-418F-8CD0-808A07AD09C5}.Release|Any CPU.Build.0 = Release|Any CPU
		{84DE07C1-B6BA-49FE-88ED-39C6454D8E2A}.Debug|Any CPU.ActiveCfg = Debug|Any CPU
		{84DE07C1-B6BA-49FE-88ED-39C6454D8E2A}.Debug|Any CPU.Build.0 = Debug|Any CPU
		{84DE07C1-B6BA-49FE-88ED-39C6454D8E2A}.Release|Any CPU.ActiveCfg = Release|Any CPU
		{84DE07C1-B6BA-49FE-88ED-39C6454D8E2A}.Release|Any CPU.Build.0 = Release|Any CPU
		{98372C08-F708-4037-A6A8-938391FA78F7}.Debug|Any CPU.ActiveCfg = Debug|Any CPU
		{98372C08-F708-4037-A6A8-938391FA78F7}.Debug|Any CPU.Build.0 = Debug|Any CPU
		{98372C08-F708-4037-A6A8-938391FA78F7}.Release|Any CPU.ActiveCfg = Release|Any CPU
		{98372C08-F708-4037-A6A8-938391FA78F7}.Release|Any CPU.Build.0 = Release|Any CPU
		{C5CB4A56-710F-4452-B09C-A26E820439EE}.Debug|Any CPU.ActiveCfg = Debug|Any CPU
		{C5CB4A56-710F-4452-B09C-A26E820439EE}.Debug|Any CPU.Build.0 = Debug|Any CPU
		{C5CB4A56-710F-4452-B09C-A26E820439EE}.Release|Any CPU.ActiveCfg = Release|Any CPU
		{C5CB4A56-710F-4452-B09C-A26E820439EE}.Release|Any CPU.Build.0 = Release|Any CPU
		{98AF5CA8-5485-4DA2-90EA-4486B773D632}.Debug|Any CPU.ActiveCfg = Debug|Any CPU
		{98AF5CA8-5485-4DA2-90EA-4486B773D632}.Debug|Any CPU.Build.0 = Debug|Any CPU
		{98AF5CA8-5485-4DA2-90EA-4486B773D632}.Release|Any CPU.ActiveCfg = Release|Any CPU
		{98AF5CA8-5485-4DA2-90EA-4486B773D632}.Release|Any CPU.Build.0 = Release|Any CPU
		{190B0656-D731-4605-892E-18DC2507FA94}.Debug|Any CPU.ActiveCfg = Debug|Any CPU
		{190B0656-D731-4605-892E-18DC2507FA94}.Debug|Any CPU.Build.0 = Debug|Any CPU
		{190B0656-D731-4605-892E-18DC2507FA94}.Release|Any CPU.ActiveCfg = Release|Any CPU
		{190B0656-D731-4605-892E-18DC2507FA94}.Release|Any CPU.Build.0 = Release|Any CPU
		{C52FD431-518C-475C-9FEB-0E31C5018D66}.Debug|Any CPU.ActiveCfg = Debug|Any CPU
		{C52FD431-518C-475C-9FEB-0E31C5018D66}.Debug|Any CPU.Build.0 = Debug|Any CPU
		{C52FD431-518C-475C-9FEB-0E31C5018D66}.Release|Any CPU.ActiveCfg = Release|Any CPU
		{C52FD431-518C-475C-9FEB-0E31C5018D66}.Release|Any CPU.Build.0 = Release|Any CPU
		{BD1F6780-38C9-45E2-807E-64E4922A040F}.Debug|Any CPU.ActiveCfg = Debug|Any CPU
		{BD1F6780-38C9-45E2-807E-64E4922A040F}.Debug|Any CPU.Build.0 = Debug|Any CPU
		{BD1F6780-38C9-45E2-807E-64E4922A040F}.Release|Any CPU.ActiveCfg = Release|Any CPU
		{BD1F6780-38C9-45E2-807E-64E4922A040F}.Release|Any CPU.Build.0 = Release|Any CPU
		{B1811DB0-9B7E-480C-AC67-39537F867399}.Debug|Any CPU.ActiveCfg = Debug|Any CPU
		{B1811DB0-9B7E-480C-AC67-39537F867399}.Debug|Any CPU.Build.0 = Debug|Any CPU
		{B1811DB0-9B7E-480C-AC67-39537F867399}.Release|Any CPU.ActiveCfg = Release|Any CPU
		{B1811DB0-9B7E-480C-AC67-39537F867399}.Release|Any CPU.Build.0 = Release|Any CPU
		{038C1EB2-E250-4AF3-B87A-3D3D4DA29E96}.Debug|Any CPU.ActiveCfg = Debug|Any CPU
		{038C1EB2-E250-4AF3-B87A-3D3D4DA29E96}.Debug|Any CPU.Build.0 = Debug|Any CPU
		{038C1EB2-E250-4AF3-B87A-3D3D4DA29E96}.Release|Any CPU.ActiveCfg = Release|Any CPU
		{038C1EB2-E250-4AF3-B87A-3D3D4DA29E96}.Release|Any CPU.Build.0 = Release|Any CPU
		{012A911F-F0C4-4588-8A40-05692ADED2AD}.Debug|Any CPU.ActiveCfg = Debug|Any CPU
		{012A911F-F0C4-4588-8A40-05692ADED2AD}.Debug|Any CPU.Build.0 = Debug|Any CPU
		{012A911F-F0C4-4588-8A40-05692ADED2AD}.Release|Any CPU.ActiveCfg = Release|Any CPU
		{012A911F-F0C4-4588-8A40-05692ADED2AD}.Release|Any CPU.Build.0 = Release|Any CPU
		{F2D09194-ECA3-4EEF-94F2-D16FDB81C51A}.Debug|Any CPU.ActiveCfg = Debug|Any CPU
		{F2D09194-ECA3-4EEF-94F2-D16FDB81C51A}.Debug|Any CPU.Build.0 = Debug|Any CPU
		{F2D09194-ECA3-4EEF-94F2-D16FDB81C51A}.Release|Any CPU.ActiveCfg = Release|Any CPU
		{F2D09194-ECA3-4EEF-94F2-D16FDB81C51A}.Release|Any CPU.Build.0 = Release|Any CPU
		{86131E07-2CBE-4DDD-8EC2-6702743ED33B}.Debug|Any CPU.ActiveCfg = Debug|Any CPU
		{86131E07-2CBE-4DDD-8EC2-6702743ED33B}.Debug|Any CPU.Build.0 = Debug|Any CPU
		{86131E07-2CBE-4DDD-8EC2-6702743ED33B}.Release|Any CPU.ActiveCfg = Release|Any CPU
		{86131E07-2CBE-4DDD-8EC2-6702743ED33B}.Release|Any CPU.Build.0 = Release|Any CPU
	EndGlobalSection
	GlobalSection(SolutionProperties) = preSolution
		HideSolutionNode = FALSE
	EndGlobalSection
	GlobalSection(NestedProjects) = preSolution
		{3FE56C6E-7BA5-43FE-8F63-EDCCE0E9320B} = {D494C3BD-C224-4F0B-9F80-E557C5004D34}
		{1ABE8E67-974F-4F03-A342-FFF0326A5B33} = {3FE56C6E-7BA5-43FE-8F63-EDCCE0E9320B}
		{3D0C461F-487A-416A-9363-CC7F2DB61742} = {3FE56C6E-7BA5-43FE-8F63-EDCCE0E9320B}
		{426E293B-83D5-4D88-9CBF-E8A7F8C598B3} = {3FE56C6E-7BA5-43FE-8F63-EDCCE0E9320B}
		{583954BC-1E23-4E62-B539-131CF3FBC96E} = {E69B1E1F-8643-47FD-A195-69CD912E3550}
		{BAFA46B3-EADB-4A05-AF24-0D47062B90B6} = {583954BC-1E23-4E62-B539-131CF3FBC96E}
		{7C0EC881-13F5-4E3D-A662-3055FBA8CE06} = {583954BC-1E23-4E62-B539-131CF3FBC96E}
		{D0AF15F0-1C0B-4A65-9DD3-148B40D3A8EC} = {375E7CD9-BD46-471A-BD27-0F9A31520D72}
		{F8EEA673-D66F-4705-AC8F-8D73DB03E0DC} = {375E7CD9-BD46-471A-BD27-0F9A31520D72}
		{375E7CD9-BD46-471A-BD27-0F9A31520D72} = {583954BC-1E23-4E62-B539-131CF3FBC96E}
		{FF7427D3-439C-4617-B17B-26A0EE625471} = {583954BC-1E23-4E62-B539-131CF3FBC96E}
		{6581CE59-6105-4672-ABD0-55E653672571} = {583954BC-1E23-4E62-B539-131CF3FBC96E}
		{8C3C2A18-BB66-4CFD-9468-FC34BE7B790B} = {583954BC-1E23-4E62-B539-131CF3FBC96E}
		{15CCBE65-02A9-4D34-812A-A3C8DE54F6D7} = {583954BC-1E23-4E62-B539-131CF3FBC96E}
		{C8D4E18C-9EE0-4F18-A37B-E18B2834357D} = {583954BC-1E23-4E62-B539-131CF3FBC96E}
		{5D0E75D8-BDCC-4ACC-90D4-AA867DB4246D} = {583954BC-1E23-4E62-B539-131CF3FBC96E}
		{F186943D-2361-42CA-895A-B172C25FE664} = {583954BC-1E23-4E62-B539-131CF3FBC96E}
		{794822B4-6156-4038-AAEE-D20C67D58A7A} = {E69B1E1F-8643-47FD-A195-69CD912E3550}
		{583634CE-2977-4238-AA90-164E9BDD4198} = {794822B4-6156-4038-AAEE-D20C67D58A7A}
		{38DA0455-9724-498A-83EF-B4285EB00AD1} = {E69B1E1F-8643-47FD-A195-69CD912E3550}
		{50A1B7BA-85A8-4AD0-B90C-829A756CC0E5} = {38DA0455-9724-498A-83EF-B4285EB00AD1}
		{94474285-CAFB-4A71-AED2-D6A80564F543} = {50A1B7BA-85A8-4AD0-B90C-829A756CC0E5}
		{B53DBACF-90AD-40CE-924C-C649FAD4B9A0} = {50A1B7BA-85A8-4AD0-B90C-829A756CC0E5}
		{EC4AF4C3-EC56-491A-A5B3-2D54938D32B1} = {50A1B7BA-85A8-4AD0-B90C-829A756CC0E5}
		{2793BF14-439A-418F-8CD0-808A07AD09C5} = {50A1B7BA-85A8-4AD0-B90C-829A756CC0E5}
		{DF5CEE7D-312C-4507-99FE-AD091139F80A} = {50A1B7BA-85A8-4AD0-B90C-829A756CC0E5}
		{BF96FC06-0581-4A90-8B7F-534AC681CE79} = {DF5CEE7D-312C-4507-99FE-AD091139F80A}
		{84DE07C1-B6BA-49FE-88ED-39C6454D8E2A} = {BF96FC06-0581-4A90-8B7F-534AC681CE79}
		{98372C08-F708-4037-A6A8-938391FA78F7} = {BF96FC06-0581-4A90-8B7F-534AC681CE79}
		{C5CB4A56-710F-4452-B09C-A26E820439EE} = {BF96FC06-0581-4A90-8B7F-534AC681CE79}
		{2885D8A4-CA40-4B22-A598-9A28EC66DF39} = {D494C3BD-C224-4F0B-9F80-E557C5004D34}
		{BA7D9D82-FC6A-432D-B143-8C166BE06026} = {D494C3BD-C224-4F0B-9F80-E557C5004D34}
		{98AF5CA8-5485-4DA2-90EA-4486B773D632} = {2885D8A4-CA40-4B22-A598-9A28EC66DF39}
		{190B0656-D731-4605-892E-18DC2507FA94} = {2885D8A4-CA40-4B22-A598-9A28EC66DF39}
		{18CF1FD4-9571-4351-8021-472E059DE4E7} = {2885D8A4-CA40-4B22-A598-9A28EC66DF39}
		{C52FD431-518C-475C-9FEB-0E31C5018D66} = {18CF1FD4-9571-4351-8021-472E059DE4E7}
		{BD1F6780-38C9-45E2-807E-64E4922A040F} = {18CF1FD4-9571-4351-8021-472E059DE4E7}
		{32B63FA9-E94E-483B-A6B1-0596CF55BFA9} = {BA7D9D82-FC6A-432D-B143-8C166BE06026}
		{B1811DB0-9B7E-480C-AC67-39537F867399} = {BA7D9D82-FC6A-432D-B143-8C166BE06026}
		{038C1EB2-E250-4AF3-B87A-3D3D4DA29E96} = {BA7D9D82-FC6A-432D-B143-8C166BE06026}
		{012A911F-F0C4-4588-8A40-05692ADED2AD} = {BA7D9D82-FC6A-432D-B143-8C166BE06026}
		{F2D09194-ECA3-4EEF-94F2-D16FDB81C51A} = {32B63FA9-E94E-483B-A6B1-0596CF55BFA9}
		{86131E07-2CBE-4DDD-8EC2-6702743ED33B} = {32B63FA9-E94E-483B-A6B1-0596CF55BFA9}
	EndGlobalSection
	GlobalSection(ExtensibilityGlobals) = postSolution
		SolutionGuid = {00D78C3D-8536-4549-B1EE-C19BD0C50387}
	EndGlobalSection
EndGlobal
