
Microsoft Visual Studio Solution File, Format Version 12.00
# Visual Studio Version 16
VisualStudioVersion = 16.0.28922.388
MinimumVisualStudioVersion = 10.0.40219.1
Project("{2150E333-8FDC-42A3-9474-1A3956D46DE8}") = "Platform", "Platform", "{D494C3BD-C224-4F0B-9F80-E557C5004D34}"
EndProject
Project("{2150E333-8FDC-42A3-9474-1A3956D46DE8}") = "Core", "Core", "{E69B1E1F-8643-47FD-A195-69CD912E3550}"
EndProject
Project("{2150E333-8FDC-42A3-9474-1A3956D46DE8}") = "Adapters", "Adapters", "{18152690-993E-4346-90BB-C099982229F5}"
EndProject
Project("{9A19103F-16F7-4668-BE54-9A1E7A4F7556}") = "Allors.Adapters.Memory", "Platform\Adapters\Allors.Adapters.Memory\Allors.Adapters.Memory.csproj", "{1D5F98CA-F091-47B3-9C88-058A765404C8}"
EndProject
Project("{9A19103F-16F7-4668-BE54-9A1E7A4F7556}") = "Allors.Adapters.Object.Npgsql", "Platform\Adapters\Allors.Adapters.Object.Npgsql\Allors.Adapters.Object.Npgsql.csproj", "{DB4EA9DA-6972-427A-9D55-B1F45E6E0E44}"
EndProject
Project("{9A19103F-16F7-4668-BE54-9A1E7A4F7556}") = "Allors.Adapters.Object.SqlClient", "Platform\Adapters\Allors.Adapters.Object.SqlClient\Allors.Adapters.Object.SqlClient.csproj", "{8514ADD6-BA50-4F48-8257-F50556DE6319}"
EndProject
Project("{9A19103F-16F7-4668-BE54-9A1E7A4F7556}") = "Domain", "Platform\Adapters\Domain\Domain.csproj", "{D9828772-02BB-40EB-B7D6-7BA9BE46A3AA}"
EndProject
Project("{9A19103F-16F7-4668-BE54-9A1E7A4F7556}") = "Generate", "Platform\Adapters\Generate\Generate.csproj", "{DCC849C4-CC2C-4320-ABDD-DB48B72CF363}"
EndProject
Project("{9A19103F-16F7-4668-BE54-9A1E7A4F7556}") = "Meta", "Platform\Adapters\Meta\Meta.csproj", "{93A1B87E-10FD-4392-88CB-BA52362A69B7}"
EndProject
Project("{9A19103F-16F7-4668-BE54-9A1E7A4F7556}") = "Repository", "Platform\Adapters\Repository\Domain\Repository.csproj", "{68D50254-1D8E-44A8-919B-A20A1F70E5A4}"
EndProject
Project("{2150E333-8FDC-42A3-9474-1A3956D46DE8}") = "Framework", "Framework", "{3B8D3499-3717-4D22-9038-03FFB26F96B0}"
EndProject
Project("{9A19103F-16F7-4668-BE54-9A1E7A4F7556}") = "Allors.Database", "Platform\Framework\Allors.Database\Allors.Database.csproj", "{AE50E9CB-1536-49DD-B57A-AC770AD92FAE}"
EndProject
Project("{9A19103F-16F7-4668-BE54-9A1E7A4F7556}") = "Allors.Protocol", "Platform\Framework\Allors.Protocol\Allors.Protocol.csproj", "{4CC90D31-775E-4A0E-8183-1ED53270D14D}"
EndProject
Project("{9A19103F-16F7-4668-BE54-9A1E7A4F7556}") = "Allors.Workspace", "Platform\Framework\Allors.Workspace\Allors.Workspace.csproj", "{B01846A2-2E2B-4676-BE34-F9E14442F80F}"
EndProject
Project("{2150E333-8FDC-42A3-9474-1A3956D46DE8}") = "Repository", "Repository", "{3FE56C6E-7BA5-43FE-8F63-EDCCE0E9320B}"
EndProject
Project("{9A19103F-16F7-4668-BE54-9A1E7A4F7556}") = "Allors.Repository", "Platform\Repository\Allors.Repository\Allors.Repository.csproj", "{1ABE8E67-974F-4F03-A342-FFF0326A5B33}"
EndProject
Project("{9A19103F-16F7-4668-BE54-9A1E7A4F7556}") = "Attributes", "Platform\Repository\Domain\Attributes.csproj", "{3D0C461F-487A-416A-9363-CC7F2DB61742}"
EndProject
Project("{9A19103F-16F7-4668-BE54-9A1E7A4F7556}") = "Generate", "Platform\Repository\Generate\Generate.csproj", "{426E293B-83D5-4D88-9CBF-E8A7F8C598B3}"
EndProject
Project("{2150E333-8FDC-42A3-9474-1A3956D46DE8}") = "Database", "Database", "{583954BC-1E23-4E62-B539-131CF3FBC96E}"
EndProject
Project("{9A19103F-16F7-4668-BE54-9A1E7A4F7556}") = "Generate", "Core\Database\Generate\Generate.csproj", "{BAFA46B3-EADB-4A05-AF24-0D47062B90B6}"
EndProject
Project("{9A19103F-16F7-4668-BE54-9A1E7A4F7556}") = "Commands", "Core\Database\Commands\Commands.csproj", "{7C0EC881-13F5-4E3D-A662-3055FBA8CE06}"
EndProject
Project("{9A19103F-16F7-4668-BE54-9A1E7A4F7556}") = "Allors.Document", "Core\Database\Document\Allors.Document\Allors.Document.csproj", "{D0AF15F0-1C0B-4A65-9DD3-148B40D3A8EC}"
EndProject
Project("{9A19103F-16F7-4668-BE54-9A1E7A4F7556}") = "Allors.Document.Tests", "Core\Database\Document\Allors.Document.Tests\Allors.Document.Tests.csproj", "{F8EEA673-D66F-4705-AC8F-8D73DB03E0DC}"
EndProject
Project("{2150E333-8FDC-42A3-9474-1A3956D46DE8}") = "Document", "Document", "{375E7CD9-BD46-471A-BD27-0F9A31520D72}"
EndProject
Project("{9A19103F-16F7-4668-BE54-9A1E7A4F7556}") = "Domain", "Core\Database\Domain\Domain.csproj", "{FF7427D3-439C-4617-B17B-26A0EE625471}"
EndProject
Project("{9A19103F-16F7-4668-BE54-9A1E7A4F7556}") = "Merge", "Core\Database\Merge\Merge.csproj", "{6581CE59-6105-4672-ABD0-55E653672571}"
EndProject
Project("{9A19103F-16F7-4668-BE54-9A1E7A4F7556}") = "Meta", "Core\Database\Meta\Meta.csproj", "{8C3C2A18-BB66-4CFD-9468-FC34BE7B790B}"
EndProject
Project("{9A19103F-16F7-4668-BE54-9A1E7A4F7556}") = "Resources", "Core\Database\Resources\Resources.csproj", "{15CCBE65-02A9-4D34-812A-A3C8DE54F6D7}"
EndProject
Project("{9A19103F-16F7-4668-BE54-9A1E7A4F7556}") = "Api", "Core\Database\Api\Api.csproj", "{C8D4E18C-9EE0-4F18-A37B-E18B2834357D}"
EndProject
Project("{9A19103F-16F7-4668-BE54-9A1E7A4F7556}") = "Api.Tests", "Core\Database\Api.Tests\Api.Tests.csproj", "{5D0E75D8-BDCC-4ACC-90D4-AA867DB4246D}"
EndProject
Project("{9A19103F-16F7-4668-BE54-9A1E7A4F7556}") = "Services", "Core\Database\Services\Services.csproj", "{F186943D-2361-42CA-895A-B172C25FE664}"
EndProject
Project("{2150E333-8FDC-42A3-9474-1A3956D46DE8}") = "Repository", "Repository", "{794822B4-6156-4038-AAEE-D20C67D58A7A}"
EndProject
Project("{9A19103F-16F7-4668-BE54-9A1E7A4F7556}") = "Repository", "Core\Repository\Domain\Repository.csproj", "{583634CE-2977-4238-AA90-164E9BDD4198}"
EndProject
Project("{2150E333-8FDC-42A3-9474-1A3956D46DE8}") = "Workspace", "Workspace", "{38DA0455-9724-498A-83EF-B4285EB00AD1}"
EndProject
Project("{2150E333-8FDC-42A3-9474-1A3956D46DE8}") = "CSharp", "CSharp", "{50A1B7BA-85A8-4AD0-B90C-829A756CC0E5}"
EndProject
Project("{9A19103F-16F7-4668-BE54-9A1E7A4F7556}") = "Workspace.Domain", "Core\Workspace\CSharp\Domain\Workspace.Domain.csproj", "{94474285-CAFB-4A71-AED2-D6A80564F543}"
EndProject
Project("{9A19103F-16F7-4668-BE54-9A1E7A4F7556}") = "Workspace.Domain.Tests", "Core\Workspace\CSharp\Domain.Tests\Workspace.Domain.Tests.csproj", "{B53DBACF-90AD-40CE-924C-C649FAD4B9A0}"
EndProject
Project("{9A19103F-16F7-4668-BE54-9A1E7A4F7556}") = "Workspace.Meta", "Core\Workspace\CSharp\Meta\Workspace.Meta.csproj", "{EC4AF4C3-EC56-491A-A5B3-2D54938D32B1}"
EndProject
Project("{9A19103F-16F7-4668-BE54-9A1E7A4F7556}") = "Workspace", "Core\Workspace\CSharp\Workspace\Workspace.csproj", "{3FA6EFFC-E02F-4BE2-83C7-502D3ADCC0E6}"
EndProject
Project("{FAE04EC0-301F-11D3-BF4B-00C04F79EFBC}") = "ExcelAddIn", "Core\Workspace\CSharp\ExcelAddIn\ExcelAddIn.csproj", "{2793BF14-439A-418F-8CD0-808A07AD09C5}"
EndProject
Project("{2150E333-8FDC-42A3-9474-1A3956D46DE8}") = "Blazor", "Blazor", "{DF5CEE7D-312C-4507-99FE-AD091139F80A}"
EndProject
Project("{2150E333-8FDC-42A3-9474-1A3956D46DE8}") = "Bootstrap", "Bootstrap", "{BF96FC06-0581-4A90-8B7F-534AC681CE79}"
EndProject
Project("{9A19103F-16F7-4668-BE54-9A1E7A4F7556}") = "Allors.Workspace.Remote", "Platform\Framework\Allors.Workspace.Remote\Allors.Workspace.Remote.csproj", "{2E1EE1CC-E4CB-4F29-8EFD-5DA936E1CCB6}"
EndProject
Project("{9A19103F-16F7-4668-BE54-9A1E7A4F7556}") = "Workspace.Local", "Core\Workspace\CSharp\Workspace.Local\Workspace.Local.csproj", "{9132991F-0D00-4332-9CA4-917A2E04BC27}"
EndProject
Project("{9A19103F-16F7-4668-BE54-9A1E7A4F7556}") = "Blazor.Bootstrap.ServerSide", "Core\Workspace\CSharp\Blazor.Bootstrap\Blazor.Bootstrap.ServerSide\Blazor.Bootstrap.ServerSide.csproj", "{84DE07C1-B6BA-49FE-88ED-39C6454D8E2A}"
EndProject
Project("{9A19103F-16F7-4668-BE54-9A1E7A4F7556}") = "Blazor.Bootstrap.ClientSide", "Core\Workspace\CSharp\Blazor.Bootstrap\Blazor.Bootstrap.ClientSide\Blazor.Bootstrap.ClientSide.csproj", "{98372C08-F708-4037-A6A8-938391FA78F7}"
EndProject
Project("{9A19103F-16F7-4668-BE54-9A1E7A4F7556}") = "Allors.Workspace.Blazor", "Platform\Framework\Allors.Workspace.Blazor\Allors.Workspace.Blazor.csproj", "{01AFC669-4BA9-46F3-86AB-C0B54496B3C3}"
EndProject
Project("{9A19103F-16F7-4668-BE54-9A1E7A4F7556}") = "Allors.Workspace.Blazor.Bootstrap", "Platform\Framework\Allors.Workspace.Blazor.Bootstrap\Allors.Workspace.Blazor.Bootstrap.csproj", "{1106ED60-779C-43CF-8B72-5FF6F7584BA0}"
EndProject
Project("{9A19103F-16F7-4668-BE54-9A1E7A4F7556}") = "Blazor.Bootstrap", "Core\Workspace\CSharp\Blazor.Bootstrap\Blazor.Bootstrap\Blazor.Bootstrap.csproj", "{C5CB4A56-710F-4452-B09C-A26E820439EE}"
EndProject
Global
	GlobalSection(SolutionConfigurationPlatforms) = preSolution
		Debug|Any CPU = Debug|Any CPU
		Release|Any CPU = Release|Any CPU
	EndGlobalSection
	GlobalSection(ProjectConfigurationPlatforms) = postSolution
		{1D5F98CA-F091-47B3-9C88-058A765404C8}.Debug|Any CPU.ActiveCfg = Debug|Any CPU
		{1D5F98CA-F091-47B3-9C88-058A765404C8}.Debug|Any CPU.Build.0 = Debug|Any CPU
		{1D5F98CA-F091-47B3-9C88-058A765404C8}.Release|Any CPU.ActiveCfg = Release|Any CPU
		{1D5F98CA-F091-47B3-9C88-058A765404C8}.Release|Any CPU.Build.0 = Release|Any CPU
		{DB4EA9DA-6972-427A-9D55-B1F45E6E0E44}.Debug|Any CPU.ActiveCfg = Debug|Any CPU
		{DB4EA9DA-6972-427A-9D55-B1F45E6E0E44}.Debug|Any CPU.Build.0 = Debug|Any CPU
		{DB4EA9DA-6972-427A-9D55-B1F45E6E0E44}.Release|Any CPU.ActiveCfg = Release|Any CPU
		{DB4EA9DA-6972-427A-9D55-B1F45E6E0E44}.Release|Any CPU.Build.0 = Release|Any CPU
		{8514ADD6-BA50-4F48-8257-F50556DE6319}.Debug|Any CPU.ActiveCfg = Debug|Any CPU
		{8514ADD6-BA50-4F48-8257-F50556DE6319}.Debug|Any CPU.Build.0 = Debug|Any CPU
		{8514ADD6-BA50-4F48-8257-F50556DE6319}.Release|Any CPU.ActiveCfg = Release|Any CPU
		{8514ADD6-BA50-4F48-8257-F50556DE6319}.Release|Any CPU.Build.0 = Release|Any CPU
		{D9828772-02BB-40EB-B7D6-7BA9BE46A3AA}.Debug|Any CPU.ActiveCfg = Debug|Any CPU
		{D9828772-02BB-40EB-B7D6-7BA9BE46A3AA}.Debug|Any CPU.Build.0 = Debug|Any CPU
		{D9828772-02BB-40EB-B7D6-7BA9BE46A3AA}.Release|Any CPU.ActiveCfg = Release|Any CPU
		{D9828772-02BB-40EB-B7D6-7BA9BE46A3AA}.Release|Any CPU.Build.0 = Release|Any CPU
		{DCC849C4-CC2C-4320-ABDD-DB48B72CF363}.Debug|Any CPU.ActiveCfg = Debug|Any CPU
		{DCC849C4-CC2C-4320-ABDD-DB48B72CF363}.Debug|Any CPU.Build.0 = Debug|Any CPU
		{DCC849C4-CC2C-4320-ABDD-DB48B72CF363}.Release|Any CPU.ActiveCfg = Release|Any CPU
		{DCC849C4-CC2C-4320-ABDD-DB48B72CF363}.Release|Any CPU.Build.0 = Release|Any CPU
		{93A1B87E-10FD-4392-88CB-BA52362A69B7}.Debug|Any CPU.ActiveCfg = Debug|Any CPU
		{93A1B87E-10FD-4392-88CB-BA52362A69B7}.Debug|Any CPU.Build.0 = Debug|Any CPU
		{93A1B87E-10FD-4392-88CB-BA52362A69B7}.Release|Any CPU.ActiveCfg = Release|Any CPU
		{93A1B87E-10FD-4392-88CB-BA52362A69B7}.Release|Any CPU.Build.0 = Release|Any CPU
		{68D50254-1D8E-44A8-919B-A20A1F70E5A4}.Debug|Any CPU.ActiveCfg = Debug|Any CPU
		{68D50254-1D8E-44A8-919B-A20A1F70E5A4}.Debug|Any CPU.Build.0 = Debug|Any CPU
		{68D50254-1D8E-44A8-919B-A20A1F70E5A4}.Release|Any CPU.ActiveCfg = Release|Any CPU
		{68D50254-1D8E-44A8-919B-A20A1F70E5A4}.Release|Any CPU.Build.0 = Release|Any CPU
		{AE50E9CB-1536-49DD-B57A-AC770AD92FAE}.Debug|Any CPU.ActiveCfg = Debug|Any CPU
		{AE50E9CB-1536-49DD-B57A-AC770AD92FAE}.Debug|Any CPU.Build.0 = Debug|Any CPU
		{AE50E9CB-1536-49DD-B57A-AC770AD92FAE}.Release|Any CPU.ActiveCfg = Release|Any CPU
		{AE50E9CB-1536-49DD-B57A-AC770AD92FAE}.Release|Any CPU.Build.0 = Release|Any CPU
		{4CC90D31-775E-4A0E-8183-1ED53270D14D}.Debug|Any CPU.ActiveCfg = Debug|Any CPU
		{4CC90D31-775E-4A0E-8183-1ED53270D14D}.Debug|Any CPU.Build.0 = Debug|Any CPU
		{4CC90D31-775E-4A0E-8183-1ED53270D14D}.Release|Any CPU.ActiveCfg = Release|Any CPU
		{4CC90D31-775E-4A0E-8183-1ED53270D14D}.Release|Any CPU.Build.0 = Release|Any CPU
		{B01846A2-2E2B-4676-BE34-F9E14442F80F}.Debug|Any CPU.ActiveCfg = Debug|Any CPU
		{B01846A2-2E2B-4676-BE34-F9E14442F80F}.Debug|Any CPU.Build.0 = Debug|Any CPU
		{B01846A2-2E2B-4676-BE34-F9E14442F80F}.Release|Any CPU.ActiveCfg = Release|Any CPU
		{B01846A2-2E2B-4676-BE34-F9E14442F80F}.Release|Any CPU.Build.0 = Release|Any CPU
		{1ABE8E67-974F-4F03-A342-FFF0326A5B33}.Debug|Any CPU.ActiveCfg = Debug|Any CPU
		{1ABE8E67-974F-4F03-A342-FFF0326A5B33}.Debug|Any CPU.Build.0 = Debug|Any CPU
		{1ABE8E67-974F-4F03-A342-FFF0326A5B33}.Release|Any CPU.ActiveCfg = Release|Any CPU
		{1ABE8E67-974F-4F03-A342-FFF0326A5B33}.Release|Any CPU.Build.0 = Release|Any CPU
		{3D0C461F-487A-416A-9363-CC7F2DB61742}.Debug|Any CPU.ActiveCfg = Debug|Any CPU
		{3D0C461F-487A-416A-9363-CC7F2DB61742}.Debug|Any CPU.Build.0 = Debug|Any CPU
		{3D0C461F-487A-416A-9363-CC7F2DB61742}.Release|Any CPU.ActiveCfg = Release|Any CPU
		{3D0C461F-487A-416A-9363-CC7F2DB61742}.Release|Any CPU.Build.0 = Release|Any CPU
		{426E293B-83D5-4D88-9CBF-E8A7F8C598B3}.Debug|Any CPU.ActiveCfg = Debug|Any CPU
		{426E293B-83D5-4D88-9CBF-E8A7F8C598B3}.Debug|Any CPU.Build.0 = Debug|Any CPU
		{426E293B-83D5-4D88-9CBF-E8A7F8C598B3}.Release|Any CPU.ActiveCfg = Release|Any CPU
		{426E293B-83D5-4D88-9CBF-E8A7F8C598B3}.Release|Any CPU.Build.0 = Release|Any CPU
		{BAFA46B3-EADB-4A05-AF24-0D47062B90B6}.Debug|Any CPU.ActiveCfg = Debug|Any CPU
		{BAFA46B3-EADB-4A05-AF24-0D47062B90B6}.Debug|Any CPU.Build.0 = Debug|Any CPU
		{BAFA46B3-EADB-4A05-AF24-0D47062B90B6}.Release|Any CPU.ActiveCfg = Release|Any CPU
		{BAFA46B3-EADB-4A05-AF24-0D47062B90B6}.Release|Any CPU.Build.0 = Release|Any CPU
		{7C0EC881-13F5-4E3D-A662-3055FBA8CE06}.Debug|Any CPU.ActiveCfg = Debug|Any CPU
		{7C0EC881-13F5-4E3D-A662-3055FBA8CE06}.Debug|Any CPU.Build.0 = Debug|Any CPU
		{7C0EC881-13F5-4E3D-A662-3055FBA8CE06}.Release|Any CPU.ActiveCfg = Release|Any CPU
		{7C0EC881-13F5-4E3D-A662-3055FBA8CE06}.Release|Any CPU.Build.0 = Release|Any CPU
		{D0AF15F0-1C0B-4A65-9DD3-148B40D3A8EC}.Debug|Any CPU.ActiveCfg = Debug|Any CPU
		{D0AF15F0-1C0B-4A65-9DD3-148B40D3A8EC}.Debug|Any CPU.Build.0 = Debug|Any CPU
		{D0AF15F0-1C0B-4A65-9DD3-148B40D3A8EC}.Release|Any CPU.ActiveCfg = Release|Any CPU
		{D0AF15F0-1C0B-4A65-9DD3-148B40D3A8EC}.Release|Any CPU.Build.0 = Release|Any CPU
		{F8EEA673-D66F-4705-AC8F-8D73DB03E0DC}.Debug|Any CPU.ActiveCfg = Debug|Any CPU
		{F8EEA673-D66F-4705-AC8F-8D73DB03E0DC}.Debug|Any CPU.Build.0 = Debug|Any CPU
		{F8EEA673-D66F-4705-AC8F-8D73DB03E0DC}.Release|Any CPU.ActiveCfg = Release|Any CPU
		{F8EEA673-D66F-4705-AC8F-8D73DB03E0DC}.Release|Any CPU.Build.0 = Release|Any CPU
		{FF7427D3-439C-4617-B17B-26A0EE625471}.Debug|Any CPU.ActiveCfg = Debug|Any CPU
		{FF7427D3-439C-4617-B17B-26A0EE625471}.Debug|Any CPU.Build.0 = Debug|Any CPU
		{FF7427D3-439C-4617-B17B-26A0EE625471}.Release|Any CPU.ActiveCfg = Release|Any CPU
		{FF7427D3-439C-4617-B17B-26A0EE625471}.Release|Any CPU.Build.0 = Release|Any CPU
		{6581CE59-6105-4672-ABD0-55E653672571}.Debug|Any CPU.ActiveCfg = Debug|Any CPU
		{6581CE59-6105-4672-ABD0-55E653672571}.Debug|Any CPU.Build.0 = Debug|Any CPU
		{6581CE59-6105-4672-ABD0-55E653672571}.Release|Any CPU.ActiveCfg = Release|Any CPU
		{6581CE59-6105-4672-ABD0-55E653672571}.Release|Any CPU.Build.0 = Release|Any CPU
		{8C3C2A18-BB66-4CFD-9468-FC34BE7B790B}.Debug|Any CPU.ActiveCfg = Debug|Any CPU
		{8C3C2A18-BB66-4CFD-9468-FC34BE7B790B}.Debug|Any CPU.Build.0 = Debug|Any CPU
		{8C3C2A18-BB66-4CFD-9468-FC34BE7B790B}.Release|Any CPU.ActiveCfg = Release|Any CPU
		{8C3C2A18-BB66-4CFD-9468-FC34BE7B790B}.Release|Any CPU.Build.0 = Release|Any CPU
		{15CCBE65-02A9-4D34-812A-A3C8DE54F6D7}.Debug|Any CPU.ActiveCfg = Debug|Any CPU
		{15CCBE65-02A9-4D34-812A-A3C8DE54F6D7}.Debug|Any CPU.Build.0 = Debug|Any CPU
		{15CCBE65-02A9-4D34-812A-A3C8DE54F6D7}.Release|Any CPU.ActiveCfg = Release|Any CPU
		{15CCBE65-02A9-4D34-812A-A3C8DE54F6D7}.Release|Any CPU.Build.0 = Release|Any CPU
		{C8D4E18C-9EE0-4F18-A37B-E18B2834357D}.Debug|Any CPU.ActiveCfg = Debug|Any CPU
		{C8D4E18C-9EE0-4F18-A37B-E18B2834357D}.Debug|Any CPU.Build.0 = Debug|Any CPU
		{C8D4E18C-9EE0-4F18-A37B-E18B2834357D}.Release|Any CPU.ActiveCfg = Release|Any CPU
		{C8D4E18C-9EE0-4F18-A37B-E18B2834357D}.Release|Any CPU.Build.0 = Release|Any CPU
		{5D0E75D8-BDCC-4ACC-90D4-AA867DB4246D}.Debug|Any CPU.ActiveCfg = Debug|Any CPU
		{5D0E75D8-BDCC-4ACC-90D4-AA867DB4246D}.Debug|Any CPU.Build.0 = Debug|Any CPU
		{5D0E75D8-BDCC-4ACC-90D4-AA867DB4246D}.Release|Any CPU.ActiveCfg = Release|Any CPU
		{5D0E75D8-BDCC-4ACC-90D4-AA867DB4246D}.Release|Any CPU.Build.0 = Release|Any CPU
		{F186943D-2361-42CA-895A-B172C25FE664}.Debug|Any CPU.ActiveCfg = Debug|Any CPU
		{F186943D-2361-42CA-895A-B172C25FE664}.Debug|Any CPU.Build.0 = Debug|Any CPU
		{F186943D-2361-42CA-895A-B172C25FE664}.Release|Any CPU.ActiveCfg = Release|Any CPU
		{F186943D-2361-42CA-895A-B172C25FE664}.Release|Any CPU.Build.0 = Release|Any CPU
		{583634CE-2977-4238-AA90-164E9BDD4198}.Debug|Any CPU.ActiveCfg = Debug|Any CPU
		{583634CE-2977-4238-AA90-164E9BDD4198}.Debug|Any CPU.Build.0 = Debug|Any CPU
		{583634CE-2977-4238-AA90-164E9BDD4198}.Release|Any CPU.ActiveCfg = Release|Any CPU
		{583634CE-2977-4238-AA90-164E9BDD4198}.Release|Any CPU.Build.0 = Release|Any CPU
		{94474285-CAFB-4A71-AED2-D6A80564F543}.Debug|Any CPU.ActiveCfg = Debug|Any CPU
		{94474285-CAFB-4A71-AED2-D6A80564F543}.Debug|Any CPU.Build.0 = Debug|Any CPU
		{94474285-CAFB-4A71-AED2-D6A80564F543}.Release|Any CPU.ActiveCfg = Release|Any CPU
		{94474285-CAFB-4A71-AED2-D6A80564F543}.Release|Any CPU.Build.0 = Release|Any CPU
		{B53DBACF-90AD-40CE-924C-C649FAD4B9A0}.Debug|Any CPU.ActiveCfg = Debug|Any CPU
		{B53DBACF-90AD-40CE-924C-C649FAD4B9A0}.Debug|Any CPU.Build.0 = Debug|Any CPU
		{B53DBACF-90AD-40CE-924C-C649FAD4B9A0}.Release|Any CPU.ActiveCfg = Release|Any CPU
		{B53DBACF-90AD-40CE-924C-C649FAD4B9A0}.Release|Any CPU.Build.0 = Release|Any CPU
		{EC4AF4C3-EC56-491A-A5B3-2D54938D32B1}.Debug|Any CPU.ActiveCfg = Debug|Any CPU
		{EC4AF4C3-EC56-491A-A5B3-2D54938D32B1}.Debug|Any CPU.Build.0 = Debug|Any CPU
		{EC4AF4C3-EC56-491A-A5B3-2D54938D32B1}.Release|Any CPU.ActiveCfg = Release|Any CPU
		{EC4AF4C3-EC56-491A-A5B3-2D54938D32B1}.Release|Any CPU.Build.0 = Release|Any CPU
		{3FA6EFFC-E02F-4BE2-83C7-502D3ADCC0E6}.Debug|Any CPU.ActiveCfg = Debug|Any CPU
		{3FA6EFFC-E02F-4BE2-83C7-502D3ADCC0E6}.Debug|Any CPU.Build.0 = Debug|Any CPU
		{3FA6EFFC-E02F-4BE2-83C7-502D3ADCC0E6}.Release|Any CPU.ActiveCfg = Release|Any CPU
		{3FA6EFFC-E02F-4BE2-83C7-502D3ADCC0E6}.Release|Any CPU.Build.0 = Release|Any CPU
		{2793BF14-439A-418F-8CD0-808A07AD09C5}.Debug|Any CPU.ActiveCfg = Debug|Any CPU
		{2793BF14-439A-418F-8CD0-808A07AD09C5}.Debug|Any CPU.Build.0 = Debug|Any CPU
		{2793BF14-439A-418F-8CD0-808A07AD09C5}.Release|Any CPU.ActiveCfg = Release|Any CPU
		{2793BF14-439A-418F-8CD0-808A07AD09C5}.Release|Any CPU.Build.0 = Release|Any CPU
		{2E1EE1CC-E4CB-4F29-8EFD-5DA936E1CCB6}.Debug|Any CPU.ActiveCfg = Debug|Any CPU
		{2E1EE1CC-E4CB-4F29-8EFD-5DA936E1CCB6}.Debug|Any CPU.Build.0 = Debug|Any CPU
		{2E1EE1CC-E4CB-4F29-8EFD-5DA936E1CCB6}.Release|Any CPU.ActiveCfg = Release|Any CPU
		{2E1EE1CC-E4CB-4F29-8EFD-5DA936E1CCB6}.Release|Any CPU.Build.0 = Release|Any CPU
		{9132991F-0D00-4332-9CA4-917A2E04BC27}.Debug|Any CPU.ActiveCfg = Debug|Any CPU
		{9132991F-0D00-4332-9CA4-917A2E04BC27}.Debug|Any CPU.Build.0 = Debug|Any CPU
		{9132991F-0D00-4332-9CA4-917A2E04BC27}.Release|Any CPU.ActiveCfg = Release|Any CPU
		{9132991F-0D00-4332-9CA4-917A2E04BC27}.Release|Any CPU.Build.0 = Release|Any CPU
		{84DE07C1-B6BA-49FE-88ED-39C6454D8E2A}.Debug|Any CPU.ActiveCfg = Debug|Any CPU
		{84DE07C1-B6BA-49FE-88ED-39C6454D8E2A}.Debug|Any CPU.Build.0 = Debug|Any CPU
		{84DE07C1-B6BA-49FE-88ED-39C6454D8E2A}.Release|Any CPU.ActiveCfg = Release|Any CPU
		{84DE07C1-B6BA-49FE-88ED-39C6454D8E2A}.Release|Any CPU.Build.0 = Release|Any CPU
		{98372C08-F708-4037-A6A8-938391FA78F7}.Debug|Any CPU.ActiveCfg = Debug|Any CPU
		{98372C08-F708-4037-A6A8-938391FA78F7}.Debug|Any CPU.Build.0 = Debug|Any CPU
		{98372C08-F708-4037-A6A8-938391FA78F7}.Release|Any CPU.ActiveCfg = Release|Any CPU
		{98372C08-F708-4037-A6A8-938391FA78F7}.Release|Any CPU.Build.0 = Release|Any CPU
		{01AFC669-4BA9-46F3-86AB-C0B54496B3C3}.Debug|Any CPU.ActiveCfg = Debug|Any CPU
		{01AFC669-4BA9-46F3-86AB-C0B54496B3C3}.Debug|Any CPU.Build.0 = Debug|Any CPU
		{01AFC669-4BA9-46F3-86AB-C0B54496B3C3}.Release|Any CPU.ActiveCfg = Release|Any CPU
		{01AFC669-4BA9-46F3-86AB-C0B54496B3C3}.Release|Any CPU.Build.0 = Release|Any CPU
		{1106ED60-779C-43CF-8B72-5FF6F7584BA0}.Debug|Any CPU.ActiveCfg = Debug|Any CPU
		{1106ED60-779C-43CF-8B72-5FF6F7584BA0}.Debug|Any CPU.Build.0 = Debug|Any CPU
		{1106ED60-779C-43CF-8B72-5FF6F7584BA0}.Release|Any CPU.ActiveCfg = Release|Any CPU
		{1106ED60-779C-43CF-8B72-5FF6F7584BA0}.Release|Any CPU.Build.0 = Release|Any CPU
		{C5CB4A56-710F-4452-B09C-A26E820439EE}.Debug|Any CPU.ActiveCfg = Debug|Any CPU
		{C5CB4A56-710F-4452-B09C-A26E820439EE}.Debug|Any CPU.Build.0 = Debug|Any CPU
		{C5CB4A56-710F-4452-B09C-A26E820439EE}.Release|Any CPU.ActiveCfg = Release|Any CPU
		{C5CB4A56-710F-4452-B09C-A26E820439EE}.Release|Any CPU.Build.0 = Release|Any CPU
	EndGlobalSection
	GlobalSection(SolutionProperties) = preSolution
		HideSolutionNode = FALSE
	EndGlobalSection
	GlobalSection(NestedProjects) = preSolution
		{18152690-993E-4346-90BB-C099982229F5} = {D494C3BD-C224-4F0B-9F80-E557C5004D34}
		{1D5F98CA-F091-47B3-9C88-058A765404C8} = {18152690-993E-4346-90BB-C099982229F5}
		{DB4EA9DA-6972-427A-9D55-B1F45E6E0E44} = {18152690-993E-4346-90BB-C099982229F5}
		{8514ADD6-BA50-4F48-8257-F50556DE6319} = {18152690-993E-4346-90BB-C099982229F5}
		{D9828772-02BB-40EB-B7D6-7BA9BE46A3AA} = {18152690-993E-4346-90BB-C099982229F5}
		{DCC849C4-CC2C-4320-ABDD-DB48B72CF363} = {18152690-993E-4346-90BB-C099982229F5}
		{93A1B87E-10FD-4392-88CB-BA52362A69B7} = {18152690-993E-4346-90BB-C099982229F5}
		{68D50254-1D8E-44A8-919B-A20A1F70E5A4} = {18152690-993E-4346-90BB-C099982229F5}
		{3B8D3499-3717-4D22-9038-03FFB26F96B0} = {D494C3BD-C224-4F0B-9F80-E557C5004D34}
		{AE50E9CB-1536-49DD-B57A-AC770AD92FAE} = {3B8D3499-3717-4D22-9038-03FFB26F96B0}
		{4CC90D31-775E-4A0E-8183-1ED53270D14D} = {3B8D3499-3717-4D22-9038-03FFB26F96B0}
		{B01846A2-2E2B-4676-BE34-F9E14442F80F} = {3B8D3499-3717-4D22-9038-03FFB26F96B0}
		{3FE56C6E-7BA5-43FE-8F63-EDCCE0E9320B} = {D494C3BD-C224-4F0B-9F80-E557C5004D34}
		{1ABE8E67-974F-4F03-A342-FFF0326A5B33} = {3FE56C6E-7BA5-43FE-8F63-EDCCE0E9320B}
		{3D0C461F-487A-416A-9363-CC7F2DB61742} = {3FE56C6E-7BA5-43FE-8F63-EDCCE0E9320B}
		{426E293B-83D5-4D88-9CBF-E8A7F8C598B3} = {3FE56C6E-7BA5-43FE-8F63-EDCCE0E9320B}
		{583954BC-1E23-4E62-B539-131CF3FBC96E} = {E69B1E1F-8643-47FD-A195-69CD912E3550}
		{BAFA46B3-EADB-4A05-AF24-0D47062B90B6} = {583954BC-1E23-4E62-B539-131CF3FBC96E}
		{7C0EC881-13F5-4E3D-A662-3055FBA8CE06} = {583954BC-1E23-4E62-B539-131CF3FBC96E}
		{D0AF15F0-1C0B-4A65-9DD3-148B40D3A8EC} = {375E7CD9-BD46-471A-BD27-0F9A31520D72}
		{F8EEA673-D66F-4705-AC8F-8D73DB03E0DC} = {375E7CD9-BD46-471A-BD27-0F9A31520D72}
		{375E7CD9-BD46-471A-BD27-0F9A31520D72} = {583954BC-1E23-4E62-B539-131CF3FBC96E}
		{FF7427D3-439C-4617-B17B-26A0EE625471} = {583954BC-1E23-4E62-B539-131CF3FBC96E}
		{6581CE59-6105-4672-ABD0-55E653672571} = {583954BC-1E23-4E62-B539-131CF3FBC96E}
		{8C3C2A18-BB66-4CFD-9468-FC34BE7B790B} = {583954BC-1E23-4E62-B539-131CF3FBC96E}
		{15CCBE65-02A9-4D34-812A-A3C8DE54F6D7} = {583954BC-1E23-4E62-B539-131CF3FBC96E}
		{C8D4E18C-9EE0-4F18-A37B-E18B2834357D} = {583954BC-1E23-4E62-B539-131CF3FBC96E}
		{5D0E75D8-BDCC-4ACC-90D4-AA867DB4246D} = {583954BC-1E23-4E62-B539-131CF3FBC96E}
		{F186943D-2361-42CA-895A-B172C25FE664} = {583954BC-1E23-4E62-B539-131CF3FBC96E}
		{794822B4-6156-4038-AAEE-D20C67D58A7A} = {E69B1E1F-8643-47FD-A195-69CD912E3550}
		{583634CE-2977-4238-AA90-164E9BDD4198} = {794822B4-6156-4038-AAEE-D20C67D58A7A}
		{38DA0455-9724-498A-83EF-B4285EB00AD1} = {E69B1E1F-8643-47FD-A195-69CD912E3550}
		{50A1B7BA-85A8-4AD0-B90C-829A756CC0E5} = {38DA0455-9724-498A-83EF-B4285EB00AD1}
		{94474285-CAFB-4A71-AED2-D6A80564F543} = {50A1B7BA-85A8-4AD0-B90C-829A756CC0E5}
		{B53DBACF-90AD-40CE-924C-C649FAD4B9A0} = {50A1B7BA-85A8-4AD0-B90C-829A756CC0E5}
		{EC4AF4C3-EC56-491A-A5B3-2D54938D32B1} = {50A1B7BA-85A8-4AD0-B90C-829A756CC0E5}
		{3FA6EFFC-E02F-4BE2-83C7-502D3ADCC0E6} = {50A1B7BA-85A8-4AD0-B90C-829A756CC0E5}
		{2793BF14-439A-418F-8CD0-808A07AD09C5} = {50A1B7BA-85A8-4AD0-B90C-829A756CC0E5}
		{DF5CEE7D-312C-4507-99FE-AD091139F80A} = {50A1B7BA-85A8-4AD0-B90C-829A756CC0E5}
		{BF96FC06-0581-4A90-8B7F-534AC681CE79} = {DF5CEE7D-312C-4507-99FE-AD091139F80A}
		{2E1EE1CC-E4CB-4F29-8EFD-5DA936E1CCB6} = {3B8D3499-3717-4D22-9038-03FFB26F96B0}
		{9132991F-0D00-4332-9CA4-917A2E04BC27} = {50A1B7BA-85A8-4AD0-B90C-829A756CC0E5}
		{84DE07C1-B6BA-49FE-88ED-39C6454D8E2A} = {BF96FC06-0581-4A90-8B7F-534AC681CE79}
		{98372C08-F708-4037-A6A8-938391FA78F7} = {BF96FC06-0581-4A90-8B7F-534AC681CE79}
		{01AFC669-4BA9-46F3-86AB-C0B54496B3C3} = {3B8D3499-3717-4D22-9038-03FFB26F96B0}
		{1106ED60-779C-43CF-8B72-5FF6F7584BA0} = {3B8D3499-3717-4D22-9038-03FFB26F96B0}
		{C5CB4A56-710F-4452-B09C-A26E820439EE} = {BF96FC06-0581-4A90-8B7F-534AC681CE79}
	EndGlobalSection
	GlobalSection(ExtensibilityGlobals) = postSolution
		SolutionGuid = {00D78C3D-8536-4549-B1EE-C19BD0C50387}
	EndGlobalSection
EndGlobal
