
Microsoft Visual Studio Solution File, Format Version 12.00
# Visual Studio 15
VisualStudioVersion = 15.0.27130.2036
MinimumVisualStudioVersion = 10.0.40219.1
Project("{9A19103F-16F7-4668-BE54-9A1E7A4F7556}") = "Meta", "Database\Meta\Meta.csproj", "{BA6EFCFE-CB7F-4994-A5A4-C11DDAAC32DD}"
EndProject
Project("{9A19103F-16F7-4668-BE54-9A1E7A4F7556}") = "Domain", "Database\Domain\Domain.csproj", "{B6C2E17B-53E1-44A4-9299-5350CC854E65}"
EndProject
Project("{9A19103F-16F7-4668-BE54-9A1E7A4F7556}") = "Resources", "Database\Resources\Resources.csproj", "{A10683F7-B261-4770-81C6-BB589E768ACB}"
EndProject
Project("{9A19103F-16F7-4668-BE54-9A1E7A4F7556}") = "Allors.Framework", "..\..\Platform\Database\Framework\Allors.Framework\Allors.Framework.csproj", "{5B4E2D7C-8EF8-45F5-BFB2-E595C401A95F}"
EndProject
Project("{9A19103F-16F7-4668-BE54-9A1E7A4F7556}") = "Allors.Adapters.Memory", "..\..\Platform\Database\Adapters\Allors.Adapters.Memory\Allors.Adapters.Memory.csproj", "{CB9B7108-C8F3-459C-B2DA-88187C84CFC1}"
EndProject
Project("{9A19103F-16F7-4668-BE54-9A1E7A4F7556}") = "Allors.Adapters.Object.SqlClient", "..\..\Platform\Database\Adapters\Allors.Adapters.Object.SqlClient\Allors.Adapters.Object.SqlClient.csproj", "{06BC1665-8FE8-4F04-9E80-EC2D54404BA7}"
EndProject
Project("{2150E333-8FDC-42A3-9474-1A3956D46DE8}") = "Database", "Database", "{09BC5334-44E4-4CA1-9055-C12249937D16}"
EndProject
Project("{2150E333-8FDC-42A3-9474-1A3956D46DE8}") = "Allors", "Allors", "{2713A504-DE9E-4F69-9343-8DB74E822AE9}"
EndProject
Project("{9A19103F-16F7-4668-BE54-9A1E7A4F7556}") = "Generate", "Database\Generate\Generate.csproj", "{AFBECAD5-AE68-4C3B-9173-C8AC7570D430}"
EndProject
Project("{9A19103F-16F7-4668-BE54-9A1E7A4F7556}") = "Server", "Database\Server\Server.csproj", "{9B3A06AE-6AED-4EA6-93DA-F6EDD622F7D0}"
EndProject
Project("{9A19103F-16F7-4668-BE54-9A1E7A4F7556}") = "Server.Tests", "Database\Server.Tests\Server.Tests.csproj", "{761C42A8-3852-4192-8CE8-9E440B19D6A6}"
EndProject
Project("{9A19103F-16F7-4668-BE54-9A1E7A4F7556}") = "Console", "Database\Console\Console.csproj", "{A759AB52-DCCF-44EA-96E5-4F13D69E44E6}"
EndProject
Project("{9A19103F-16F7-4668-BE54-9A1E7A4F7556}") = "Services", "Database\Services\Services.csproj", "{7858E92D-2B88-40E3-8DB5-A1210C02B2E6}"
EndProject
Project("{9A19103F-16F7-4668-BE54-9A1E7A4F7556}") = "Domain.Tests", "Database\Domain.Tests\Domain.Tests.csproj", "{B2415D25-9B67-4409-BDCA-8F1CB6E68BAB}"
EndProject
Global
	GlobalSection(SolutionConfigurationPlatforms) = preSolution
		Debug|Any CPU = Debug|Any CPU
		Debug|x64 = Debug|x64
		Debug|x86 = Debug|x86
		Release|Any CPU = Release|Any CPU
		Release|x64 = Release|x64
		Release|x86 = Release|x86
	EndGlobalSection
	GlobalSection(ProjectConfigurationPlatforms) = postSolution
		{BA6EFCFE-CB7F-4994-A5A4-C11DDAAC32DD}.Debug|Any CPU.ActiveCfg = Debug|Any CPU
		{BA6EFCFE-CB7F-4994-A5A4-C11DDAAC32DD}.Debug|Any CPU.Build.0 = Debug|Any CPU
		{BA6EFCFE-CB7F-4994-A5A4-C11DDAAC32DD}.Debug|x64.ActiveCfg = Debug|Any CPU
		{BA6EFCFE-CB7F-4994-A5A4-C11DDAAC32DD}.Debug|x64.Build.0 = Debug|Any CPU
		{BA6EFCFE-CB7F-4994-A5A4-C11DDAAC32DD}.Debug|x86.ActiveCfg = Debug|Any CPU
		{BA6EFCFE-CB7F-4994-A5A4-C11DDAAC32DD}.Debug|x86.Build.0 = Debug|Any CPU
		{BA6EFCFE-CB7F-4994-A5A4-C11DDAAC32DD}.Release|Any CPU.ActiveCfg = Release|Any CPU
		{BA6EFCFE-CB7F-4994-A5A4-C11DDAAC32DD}.Release|Any CPU.Build.0 = Release|Any CPU
		{BA6EFCFE-CB7F-4994-A5A4-C11DDAAC32DD}.Release|x64.ActiveCfg = Release|Any CPU
		{BA6EFCFE-CB7F-4994-A5A4-C11DDAAC32DD}.Release|x64.Build.0 = Release|Any CPU
		{BA6EFCFE-CB7F-4994-A5A4-C11DDAAC32DD}.Release|x86.ActiveCfg = Release|Any CPU
		{BA6EFCFE-CB7F-4994-A5A4-C11DDAAC32DD}.Release|x86.Build.0 = Release|Any CPU
		{B6C2E17B-53E1-44A4-9299-5350CC854E65}.Debug|Any CPU.ActiveCfg = Debug|Any CPU
		{B6C2E17B-53E1-44A4-9299-5350CC854E65}.Debug|Any CPU.Build.0 = Debug|Any CPU
		{B6C2E17B-53E1-44A4-9299-5350CC854E65}.Debug|x64.ActiveCfg = Debug|Any CPU
		{B6C2E17B-53E1-44A4-9299-5350CC854E65}.Debug|x64.Build.0 = Debug|Any CPU
		{B6C2E17B-53E1-44A4-9299-5350CC854E65}.Debug|x86.ActiveCfg = Debug|Any CPU
		{B6C2E17B-53E1-44A4-9299-5350CC854E65}.Debug|x86.Build.0 = Debug|Any CPU
		{B6C2E17B-53E1-44A4-9299-5350CC854E65}.Release|Any CPU.ActiveCfg = Release|Any CPU
		{B6C2E17B-53E1-44A4-9299-5350CC854E65}.Release|Any CPU.Build.0 = Release|Any CPU
		{B6C2E17B-53E1-44A4-9299-5350CC854E65}.Release|x64.ActiveCfg = Release|Any CPU
		{B6C2E17B-53E1-44A4-9299-5350CC854E65}.Release|x64.Build.0 = Release|Any CPU
		{B6C2E17B-53E1-44A4-9299-5350CC854E65}.Release|x86.ActiveCfg = Release|Any CPU
		{B6C2E17B-53E1-44A4-9299-5350CC854E65}.Release|x86.Build.0 = Release|Any CPU
		{A10683F7-B261-4770-81C6-BB589E768ACB}.Debug|Any CPU.ActiveCfg = Debug|Any CPU
		{A10683F7-B261-4770-81C6-BB589E768ACB}.Debug|Any CPU.Build.0 = Debug|Any CPU
		{A10683F7-B261-4770-81C6-BB589E768ACB}.Debug|x64.ActiveCfg = Debug|Any CPU
		{A10683F7-B261-4770-81C6-BB589E768ACB}.Debug|x64.Build.0 = Debug|Any CPU
		{A10683F7-B261-4770-81C6-BB589E768ACB}.Debug|x86.ActiveCfg = Debug|Any CPU
		{A10683F7-B261-4770-81C6-BB589E768ACB}.Debug|x86.Build.0 = Debug|Any CPU
		{A10683F7-B261-4770-81C6-BB589E768ACB}.Release|Any CPU.ActiveCfg = Release|Any CPU
		{A10683F7-B261-4770-81C6-BB589E768ACB}.Release|Any CPU.Build.0 = Release|Any CPU
		{A10683F7-B261-4770-81C6-BB589E768ACB}.Release|x64.ActiveCfg = Release|Any CPU
		{A10683F7-B261-4770-81C6-BB589E768ACB}.Release|x64.Build.0 = Release|Any CPU
		{A10683F7-B261-4770-81C6-BB589E768ACB}.Release|x86.ActiveCfg = Release|Any CPU
		{A10683F7-B261-4770-81C6-BB589E768ACB}.Release|x86.Build.0 = Release|Any CPU
		{5B4E2D7C-8EF8-45F5-BFB2-E595C401A95F}.Debug|Any CPU.ActiveCfg = Debug|Any CPU
		{5B4E2D7C-8EF8-45F5-BFB2-E595C401A95F}.Debug|Any CPU.Build.0 = Debug|Any CPU
		{5B4E2D7C-8EF8-45F5-BFB2-E595C401A95F}.Debug|x64.ActiveCfg = Debug|Any CPU
		{5B4E2D7C-8EF8-45F5-BFB2-E595C401A95F}.Debug|x64.Build.0 = Debug|Any CPU
		{5B4E2D7C-8EF8-45F5-BFB2-E595C401A95F}.Debug|x86.ActiveCfg = Debug|Any CPU
		{5B4E2D7C-8EF8-45F5-BFB2-E595C401A95F}.Debug|x86.Build.0 = Debug|Any CPU
		{5B4E2D7C-8EF8-45F5-BFB2-E595C401A95F}.Release|Any CPU.ActiveCfg = Release|Any CPU
		{5B4E2D7C-8EF8-45F5-BFB2-E595C401A95F}.Release|Any CPU.Build.0 = Release|Any CPU
		{5B4E2D7C-8EF8-45F5-BFB2-E595C401A95F}.Release|x64.ActiveCfg = Release|Any CPU
		{5B4E2D7C-8EF8-45F5-BFB2-E595C401A95F}.Release|x64.Build.0 = Release|Any CPU
		{5B4E2D7C-8EF8-45F5-BFB2-E595C401A95F}.Release|x86.ActiveCfg = Release|Any CPU
		{5B4E2D7C-8EF8-45F5-BFB2-E595C401A95F}.Release|x86.Build.0 = Release|Any CPU
		{CB9B7108-C8F3-459C-B2DA-88187C84CFC1}.Debug|Any CPU.ActiveCfg = Debug|Any CPU
		{CB9B7108-C8F3-459C-B2DA-88187C84CFC1}.Debug|Any CPU.Build.0 = Debug|Any CPU
		{CB9B7108-C8F3-459C-B2DA-88187C84CFC1}.Debug|x64.ActiveCfg = Debug|Any CPU
		{CB9B7108-C8F3-459C-B2DA-88187C84CFC1}.Debug|x64.Build.0 = Debug|Any CPU
		{CB9B7108-C8F3-459C-B2DA-88187C84CFC1}.Debug|x86.ActiveCfg = Debug|Any CPU
		{CB9B7108-C8F3-459C-B2DA-88187C84CFC1}.Debug|x86.Build.0 = Debug|Any CPU
		{CB9B7108-C8F3-459C-B2DA-88187C84CFC1}.Release|Any CPU.ActiveCfg = Release|Any CPU
		{CB9B7108-C8F3-459C-B2DA-88187C84CFC1}.Release|Any CPU.Build.0 = Release|Any CPU
		{CB9B7108-C8F3-459C-B2DA-88187C84CFC1}.Release|x64.ActiveCfg = Release|Any CPU
		{CB9B7108-C8F3-459C-B2DA-88187C84CFC1}.Release|x64.Build.0 = Release|Any CPU
		{CB9B7108-C8F3-459C-B2DA-88187C84CFC1}.Release|x86.ActiveCfg = Release|Any CPU
		{CB9B7108-C8F3-459C-B2DA-88187C84CFC1}.Release|x86.Build.0 = Release|Any CPU
		{06BC1665-8FE8-4F04-9E80-EC2D54404BA7}.Debug|Any CPU.ActiveCfg = Debug|Any CPU
		{06BC1665-8FE8-4F04-9E80-EC2D54404BA7}.Debug|Any CPU.Build.0 = Debug|Any CPU
		{06BC1665-8FE8-4F04-9E80-EC2D54404BA7}.Debug|x64.ActiveCfg = Debug|Any CPU
		{06BC1665-8FE8-4F04-9E80-EC2D54404BA7}.Debug|x64.Build.0 = Debug|Any CPU
		{06BC1665-8FE8-4F04-9E80-EC2D54404BA7}.Debug|x86.ActiveCfg = Debug|Any CPU
		{06BC1665-8FE8-4F04-9E80-EC2D54404BA7}.Debug|x86.Build.0 = Debug|Any CPU
		{06BC1665-8FE8-4F04-9E80-EC2D54404BA7}.Release|Any CPU.ActiveCfg = Release|Any CPU
		{06BC1665-8FE8-4F04-9E80-EC2D54404BA7}.Release|Any CPU.Build.0 = Release|Any CPU
		{06BC1665-8FE8-4F04-9E80-EC2D54404BA7}.Release|x64.ActiveCfg = Release|Any CPU
		{06BC1665-8FE8-4F04-9E80-EC2D54404BA7}.Release|x64.Build.0 = Release|Any CPU
		{06BC1665-8FE8-4F04-9E80-EC2D54404BA7}.Release|x86.ActiveCfg = Release|Any CPU
		{06BC1665-8FE8-4F04-9E80-EC2D54404BA7}.Release|x86.Build.0 = Release|Any CPU
		{AFBECAD5-AE68-4C3B-9173-C8AC7570D430}.Debug|Any CPU.ActiveCfg = Debug|Any CPU
		{AFBECAD5-AE68-4C3B-9173-C8AC7570D430}.Debug|Any CPU.Build.0 = Debug|Any CPU
		{AFBECAD5-AE68-4C3B-9173-C8AC7570D430}.Debug|x64.ActiveCfg = Debug|Any CPU
		{AFBECAD5-AE68-4C3B-9173-C8AC7570D430}.Debug|x64.Build.0 = Debug|Any CPU
		{AFBECAD5-AE68-4C3B-9173-C8AC7570D430}.Debug|x86.ActiveCfg = Debug|Any CPU
		{AFBECAD5-AE68-4C3B-9173-C8AC7570D430}.Debug|x86.Build.0 = Debug|Any CPU
		{AFBECAD5-AE68-4C3B-9173-C8AC7570D430}.Release|Any CPU.ActiveCfg = Release|Any CPU
		{AFBECAD5-AE68-4C3B-9173-C8AC7570D430}.Release|Any CPU.Build.0 = Release|Any CPU
		{AFBECAD5-AE68-4C3B-9173-C8AC7570D430}.Release|x64.ActiveCfg = Release|Any CPU
		{AFBECAD5-AE68-4C3B-9173-C8AC7570D430}.Release|x64.Build.0 = Release|Any CPU
		{AFBECAD5-AE68-4C3B-9173-C8AC7570D430}.Release|x86.ActiveCfg = Release|Any CPU
		{AFBECAD5-AE68-4C3B-9173-C8AC7570D430}.Release|x86.Build.0 = Release|Any CPU
		{9B3A06AE-6AED-4EA6-93DA-F6EDD622F7D0}.Debug|Any CPU.ActiveCfg = Debug|Any CPU
		{9B3A06AE-6AED-4EA6-93DA-F6EDD622F7D0}.Debug|Any CPU.Build.0 = Debug|Any CPU
		{9B3A06AE-6AED-4EA6-93DA-F6EDD622F7D0}.Debug|x64.ActiveCfg = Debug|Any CPU
		{9B3A06AE-6AED-4EA6-93DA-F6EDD622F7D0}.Debug|x64.Build.0 = Debug|Any CPU
		{9B3A06AE-6AED-4EA6-93DA-F6EDD622F7D0}.Debug|x86.ActiveCfg = Debug|Any CPU
		{9B3A06AE-6AED-4EA6-93DA-F6EDD622F7D0}.Debug|x86.Build.0 = Debug|Any CPU
		{9B3A06AE-6AED-4EA6-93DA-F6EDD622F7D0}.Release|Any CPU.ActiveCfg = Release|Any CPU
		{9B3A06AE-6AED-4EA6-93DA-F6EDD622F7D0}.Release|Any CPU.Build.0 = Release|Any CPU
		{9B3A06AE-6AED-4EA6-93DA-F6EDD622F7D0}.Release|x64.ActiveCfg = Release|Any CPU
		{9B3A06AE-6AED-4EA6-93DA-F6EDD622F7D0}.Release|x64.Build.0 = Release|Any CPU
		{9B3A06AE-6AED-4EA6-93DA-F6EDD622F7D0}.Release|x86.ActiveCfg = Release|Any CPU
		{9B3A06AE-6AED-4EA6-93DA-F6EDD622F7D0}.Release|x86.Build.0 = Release|Any CPU
		{761C42A8-3852-4192-8CE8-9E440B19D6A6}.Debug|Any CPU.ActiveCfg = Debug|Any CPU
		{761C42A8-3852-4192-8CE8-9E440B19D6A6}.Debug|Any CPU.Build.0 = Debug|Any CPU
		{761C42A8-3852-4192-8CE8-9E440B19D6A6}.Debug|x64.ActiveCfg = Debug|Any CPU
		{761C42A8-3852-4192-8CE8-9E440B19D6A6}.Debug|x64.Build.0 = Debug|Any CPU
		{761C42A8-3852-4192-8CE8-9E440B19D6A6}.Debug|x86.ActiveCfg = Debug|Any CPU
		{761C42A8-3852-4192-8CE8-9E440B19D6A6}.Debug|x86.Build.0 = Debug|Any CPU
		{761C42A8-3852-4192-8CE8-9E440B19D6A6}.Release|Any CPU.ActiveCfg = Release|Any CPU
		{761C42A8-3852-4192-8CE8-9E440B19D6A6}.Release|Any CPU.Build.0 = Release|Any CPU
		{761C42A8-3852-4192-8CE8-9E440B19D6A6}.Release|x64.ActiveCfg = Release|Any CPU
		{761C42A8-3852-4192-8CE8-9E440B19D6A6}.Release|x64.Build.0 = Release|Any CPU
		{761C42A8-3852-4192-8CE8-9E440B19D6A6}.Release|x86.ActiveCfg = Release|Any CPU
		{761C42A8-3852-4192-8CE8-9E440B19D6A6}.Release|x86.Build.0 = Release|Any CPU
		{A759AB52-DCCF-44EA-96E5-4F13D69E44E6}.Debug|Any CPU.ActiveCfg = Debug|Any CPU
		{A759AB52-DCCF-44EA-96E5-4F13D69E44E6}.Debug|Any CPU.Build.0 = Debug|Any CPU
		{A759AB52-DCCF-44EA-96E5-4F13D69E44E6}.Debug|x64.ActiveCfg = Debug|Any CPU
		{A759AB52-DCCF-44EA-96E5-4F13D69E44E6}.Debug|x64.Build.0 = Debug|Any CPU
		{A759AB52-DCCF-44EA-96E5-4F13D69E44E6}.Debug|x86.ActiveCfg = Debug|Any CPU
		{A759AB52-DCCF-44EA-96E5-4F13D69E44E6}.Debug|x86.Build.0 = Debug|Any CPU
		{A759AB52-DCCF-44EA-96E5-4F13D69E44E6}.Release|Any CPU.ActiveCfg = Release|Any CPU
		{A759AB52-DCCF-44EA-96E5-4F13D69E44E6}.Release|Any CPU.Build.0 = Release|Any CPU
		{A759AB52-DCCF-44EA-96E5-4F13D69E44E6}.Release|x64.ActiveCfg = Release|Any CPU
		{A759AB52-DCCF-44EA-96E5-4F13D69E44E6}.Release|x64.Build.0 = Release|Any CPU
		{A759AB52-DCCF-44EA-96E5-4F13D69E44E6}.Release|x86.ActiveCfg = Release|Any CPU
		{A759AB52-DCCF-44EA-96E5-4F13D69E44E6}.Release|x86.Build.0 = Release|Any CPU
		{7858E92D-2B88-40E3-8DB5-A1210C02B2E6}.Debug|Any CPU.ActiveCfg = Debug|Any CPU
		{7858E92D-2B88-40E3-8DB5-A1210C02B2E6}.Debug|Any CPU.Build.0 = Debug|Any CPU
		{7858E92D-2B88-40E3-8DB5-A1210C02B2E6}.Debug|x64.ActiveCfg = Debug|Any CPU
		{7858E92D-2B88-40E3-8DB5-A1210C02B2E6}.Debug|x64.Build.0 = Debug|Any CPU
		{7858E92D-2B88-40E3-8DB5-A1210C02B2E6}.Debug|x86.ActiveCfg = Debug|Any CPU
		{7858E92D-2B88-40E3-8DB5-A1210C02B2E6}.Debug|x86.Build.0 = Debug|Any CPU
		{7858E92D-2B88-40E3-8DB5-A1210C02B2E6}.Release|Any CPU.ActiveCfg = Release|Any CPU
		{7858E92D-2B88-40E3-8DB5-A1210C02B2E6}.Release|Any CPU.Build.0 = Release|Any CPU
		{7858E92D-2B88-40E3-8DB5-A1210C02B2E6}.Release|x64.ActiveCfg = Release|Any CPU
		{7858E92D-2B88-40E3-8DB5-A1210C02B2E6}.Release|x64.Build.0 = Release|Any CPU
		{7858E92D-2B88-40E3-8DB5-A1210C02B2E6}.Release|x86.ActiveCfg = Release|Any CPU
		{7858E92D-2B88-40E3-8DB5-A1210C02B2E6}.Release|x86.Build.0 = Release|Any CPU
		{B2415D25-9B67-4409-BDCA-8F1CB6E68BAB}.Debug|Any CPU.ActiveCfg = Debug|Any CPU
		{B2415D25-9B67-4409-BDCA-8F1CB6E68BAB}.Debug|Any CPU.Build.0 = Debug|Any CPU
		{B2415D25-9B67-4409-BDCA-8F1CB6E68BAB}.Debug|x64.ActiveCfg = Debug|Any CPU
		{B2415D25-9B67-4409-BDCA-8F1CB6E68BAB}.Debug|x64.Build.0 = Debug|Any CPU
		{B2415D25-9B67-4409-BDCA-8F1CB6E68BAB}.Debug|x86.ActiveCfg = Debug|Any CPU
		{B2415D25-9B67-4409-BDCA-8F1CB6E68BAB}.Debug|x86.Build.0 = Debug|Any CPU
		{B2415D25-9B67-4409-BDCA-8F1CB6E68BAB}.Release|Any CPU.ActiveCfg = Release|Any CPU
		{B2415D25-9B67-4409-BDCA-8F1CB6E68BAB}.Release|Any CPU.Build.0 = Release|Any CPU
		{B2415D25-9B67-4409-BDCA-8F1CB6E68BAB}.Release|x64.ActiveCfg = Release|Any CPU
		{B2415D25-9B67-4409-BDCA-8F1CB6E68BAB}.Release|x64.Build.0 = Release|Any CPU
		{B2415D25-9B67-4409-BDCA-8F1CB6E68BAB}.Release|x86.ActiveCfg = Release|Any CPU
		{B2415D25-9B67-4409-BDCA-8F1CB6E68BAB}.Release|x86.Build.0 = Release|Any CPU
	EndGlobalSection
	GlobalSection(SolutionProperties) = preSolution
		HideSolutionNode = FALSE
	EndGlobalSection
	GlobalSection(NestedProjects) = preSolution
		{BA6EFCFE-CB7F-4994-A5A4-C11DDAAC32DD} = {09BC5334-44E4-4CA1-9055-C12249937D16}
		{B6C2E17B-53E1-44A4-9299-5350CC854E65} = {09BC5334-44E4-4CA1-9055-C12249937D16}
		{A10683F7-B261-4770-81C6-BB589E768ACB} = {09BC5334-44E4-4CA1-9055-C12249937D16}
		{5B4E2D7C-8EF8-45F5-BFB2-E595C401A95F} = {2713A504-DE9E-4F69-9343-8DB74E822AE9}
		{CB9B7108-C8F3-459C-B2DA-88187C84CFC1} = {2713A504-DE9E-4F69-9343-8DB74E822AE9}
		{06BC1665-8FE8-4F04-9E80-EC2D54404BA7} = {2713A504-DE9E-4F69-9343-8DB74E822AE9}
		{AFBECAD5-AE68-4C3B-9173-C8AC7570D430} = {09BC5334-44E4-4CA1-9055-C12249937D16}
		{9B3A06AE-6AED-4EA6-93DA-F6EDD622F7D0} = {09BC5334-44E4-4CA1-9055-C12249937D16}
		{761C42A8-3852-4192-8CE8-9E440B19D6A6} = {09BC5334-44E4-4CA1-9055-C12249937D16}
		{A759AB52-DCCF-44EA-96E5-4F13D69E44E6} = {09BC5334-44E4-4CA1-9055-C12249937D16}
		{7858E92D-2B88-40E3-8DB5-A1210C02B2E6} = {09BC5334-44E4-4CA1-9055-C12249937D16}
		{B2415D25-9B67-4409-BDCA-8F1CB6E68BAB} = {09BC5334-44E4-4CA1-9055-C12249937D16}
	EndGlobalSection
	GlobalSection(ExtensibilityGlobals) = postSolution
		SolutionGuid = {A2CF7A3D-A9BB-4DEF-A692-215A6CDB34F4}
	EndGlobalSection
	GlobalSection(MonoDevelopProperties) = preSolution
		StartupItem = Meta\Meta.csproj
	EndGlobalSection
EndGlobal
