
Microsoft Visual Studio Solution File, Format Version 12.00
# Visual Studio Version 16
VisualStudioVersion = 16.0.28922.388
MinimumVisualStudioVersion = 10.0.40219.1
Project("{2150E333-8FDC-42A3-9474-1A3956D46DE8}") = "Platform", "Platform", "{D494C3BD-C224-4F0B-9F80-E557C5004D34}"
EndProject
Project("{2150E333-8FDC-42A3-9474-1A3956D46DE8}") = "Core", "Core", "{E69B1E1F-8643-47FD-A195-69CD912E3550}"
EndProject
Project("{2150E333-8FDC-42A3-9474-1A3956D46DE8}") = "Database", "Database", "{583954BC-1E23-4E62-B539-131CF3FBC96E}"
EndProject
Project("{9A19103F-16F7-4668-BE54-9A1E7A4F7556}") = "Domain", "..\..\Database\Domain\Domain.csproj", "{FF7427D3-439C-4617-B17B-26A0EE625471}"
EndProject
Project("{9A19103F-16F7-4668-BE54-9A1E7A4F7556}") = "Meta", "..\..\Database\Meta\Meta.csproj", "{8C3C2A18-BB66-4CFD-9468-FC34BE7B790B}"
EndProject
Project("{9A19103F-16F7-4668-BE54-9A1E7A4F7556}") = "Resources", "..\..\Database\Resources\Resources.csproj", "{15CCBE65-02A9-4D34-812A-A3C8DE54F6D7}"
EndProject
Project("{9A19103F-16F7-4668-BE54-9A1E7A4F7556}") = "Services", "..\..\Database\Services\Services.csproj", "{F186943D-2361-42CA-895A-B172C25FE664}"
EndProject
Project("{2150E333-8FDC-42A3-9474-1A3956D46DE8}") = "Database", "Database", "{9C68988B-09AE-4C63-A5AB-4EE71649283D}"
EndProject
Project("{9A19103F-16F7-4668-BE54-9A1E7A4F7556}") = "Allors.Database", "..\..\..\Platform\Database\Allors.Database\Allors.Database.csproj", "{E3A3553B-2050-499A-8E33-DB6C93C579E4}"
EndProject
Project("{2150E333-8FDC-42A3-9474-1A3956D46DE8}") = "Adapters", "Adapters", "{A656557C-7054-4F3D-BDF2-C5598A302C4D}"
EndProject
Project("{9A19103F-16F7-4668-BE54-9A1E7A4F7556}") = "Allors.Database.Adapters.SqlClient", "..\..\..\Platform\Database\Adapters\Allors.Database.Adapters.SqlClient\Allors.Database.Adapters.SqlClient.csproj", "{B5FB7DBA-C772-486D-A690-10B3647C08CC}"
EndProject
Project("{2150E333-8FDC-42A3-9474-1A3956D46DE8}") = "Allors", "Allors", "{7A2387E0-41BD-411D-9D82-F02EFB278771}"
EndProject
Project("{9A19103F-16F7-4668-BE54-9A1E7A4F7556}") = "Angular.Material.Tests", "Angular.Material.Tests\Angular.Material.Tests.csproj", "{DC74AAC5-87CD-41EB-8498-52AC4975BEF6}"
EndProject
Project("{2150E333-8FDC-42A3-9474-1A3956D46DE8}") = "Protocol", "Protocol", "{68FA26BB-45D9-43B1-B35D-0ECB1A1CA88C}"
EndProject
Project("{9A19103F-16F7-4668-BE54-9A1E7A4F7556}") = "Allors.Protocol", "..\..\..\Platform\Protocol\Allors.Protocol\Allors.Protocol.csproj", "{D4C3CB8E-DC2F-433F-A9E5-9F62EB68C6B0}"
EndProject
Global
	GlobalSection(SolutionConfigurationPlatforms) = preSolution
		Debug|Any CPU = Debug|Any CPU
		Release|Any CPU = Release|Any CPU
	EndGlobalSection
	GlobalSection(ProjectConfigurationPlatforms) = postSolution
		{FF7427D3-439C-4617-B17B-26A0EE625471}.Debug|Any CPU.ActiveCfg = Debug|Any CPU
		{FF7427D3-439C-4617-B17B-26A0EE625471}.Debug|Any CPU.Build.0 = Debug|Any CPU
		{FF7427D3-439C-4617-B17B-26A0EE625471}.Release|Any CPU.ActiveCfg = Release|Any CPU
		{FF7427D3-439C-4617-B17B-26A0EE625471}.Release|Any CPU.Build.0 = Release|Any CPU
		{8C3C2A18-BB66-4CFD-9468-FC34BE7B790B}.Debug|Any CPU.ActiveCfg = Debug|Any CPU
		{8C3C2A18-BB66-4CFD-9468-FC34BE7B790B}.Debug|Any CPU.Build.0 = Debug|Any CPU
		{8C3C2A18-BB66-4CFD-9468-FC34BE7B790B}.Release|Any CPU.ActiveCfg = Release|Any CPU
		{8C3C2A18-BB66-4CFD-9468-FC34BE7B790B}.Release|Any CPU.Build.0 = Release|Any CPU
		{15CCBE65-02A9-4D34-812A-A3C8DE54F6D7}.Debug|Any CPU.ActiveCfg = Debug|Any CPU
		{15CCBE65-02A9-4D34-812A-A3C8DE54F6D7}.Debug|Any CPU.Build.0 = Debug|Any CPU
		{15CCBE65-02A9-4D34-812A-A3C8DE54F6D7}.Release|Any CPU.ActiveCfg = Release|Any CPU
		{15CCBE65-02A9-4D34-812A-A3C8DE54F6D7}.Release|Any CPU.Build.0 = Release|Any CPU
		{F186943D-2361-42CA-895A-B172C25FE664}.Debug|Any CPU.ActiveCfg = Debug|Any CPU
		{F186943D-2361-42CA-895A-B172C25FE664}.Debug|Any CPU.Build.0 = Debug|Any CPU
		{F186943D-2361-42CA-895A-B172C25FE664}.Release|Any CPU.ActiveCfg = Release|Any CPU
		{F186943D-2361-42CA-895A-B172C25FE664}.Release|Any CPU.Build.0 = Release|Any CPU
		{E3A3553B-2050-499A-8E33-DB6C93C579E4}.Debug|Any CPU.ActiveCfg = Debug|Any CPU
		{E3A3553B-2050-499A-8E33-DB6C93C579E4}.Debug|Any CPU.Build.0 = Debug|Any CPU
		{E3A3553B-2050-499A-8E33-DB6C93C579E4}.Release|Any CPU.ActiveCfg = Release|Any CPU
		{E3A3553B-2050-499A-8E33-DB6C93C579E4}.Release|Any CPU.Build.0 = Release|Any CPU
		{B5FB7DBA-C772-486D-A690-10B3647C08CC}.Debug|Any CPU.ActiveCfg = Debug|Any CPU
		{B5FB7DBA-C772-486D-A690-10B3647C08CC}.Debug|Any CPU.Build.0 = Debug|Any CPU
		{B5FB7DBA-C772-486D-A690-10B3647C08CC}.Release|Any CPU.ActiveCfg = Release|Any CPU
		{B5FB7DBA-C772-486D-A690-10B3647C08CC}.Release|Any CPU.Build.0 = Release|Any CPU
		{DC74AAC5-87CD-41EB-8498-52AC4975BEF6}.Debug|Any CPU.ActiveCfg = Debug|Any CPU
		{DC74AAC5-87CD-41EB-8498-52AC4975BEF6}.Debug|Any CPU.Build.0 = Debug|Any CPU
		{DC74AAC5-87CD-41EB-8498-52AC4975BEF6}.Release|Any CPU.ActiveCfg = Release|Any CPU
		{DC74AAC5-87CD-41EB-8498-52AC4975BEF6}.Release|Any CPU.Build.0 = Release|Any CPU
		{D4C3CB8E-DC2F-433F-A9E5-9F62EB68C6B0}.Debug|Any CPU.ActiveCfg = Debug|Any CPU
		{D4C3CB8E-DC2F-433F-A9E5-9F62EB68C6B0}.Debug|Any CPU.Build.0 = Debug|Any CPU
		{D4C3CB8E-DC2F-433F-A9E5-9F62EB68C6B0}.Release|Any CPU.ActiveCfg = Release|Any CPU
		{D4C3CB8E-DC2F-433F-A9E5-9F62EB68C6B0}.Release|Any CPU.Build.0 = Release|Any CPU
	EndGlobalSection
	GlobalSection(SolutionProperties) = preSolution
		HideSolutionNode = FALSE
	EndGlobalSection
	GlobalSection(NestedProjects) = preSolution
		{D494C3BD-C224-4F0B-9F80-E557C5004D34} = {7A2387E0-41BD-411D-9D82-F02EFB278771}
		{E69B1E1F-8643-47FD-A195-69CD912E3550} = {7A2387E0-41BD-411D-9D82-F02EFB278771}
		{583954BC-1E23-4E62-B539-131CF3FBC96E} = {E69B1E1F-8643-47FD-A195-69CD912E3550}
		{FF7427D3-439C-4617-B17B-26A0EE625471} = {583954BC-1E23-4E62-B539-131CF3FBC96E}
		{8C3C2A18-BB66-4CFD-9468-FC34BE7B790B} = {583954BC-1E23-4E62-B539-131CF3FBC96E}
		{15CCBE65-02A9-4D34-812A-A3C8DE54F6D7} = {583954BC-1E23-4E62-B539-131CF3FBC96E}
		{F186943D-2361-42CA-895A-B172C25FE664} = {583954BC-1E23-4E62-B539-131CF3FBC96E}
		{9C68988B-09AE-4C63-A5AB-4EE71649283D} = {D494C3BD-C224-4F0B-9F80-E557C5004D34}
		{E3A3553B-2050-499A-8E33-DB6C93C579E4} = {9C68988B-09AE-4C63-A5AB-4EE71649283D}
		{A656557C-7054-4F3D-BDF2-C5598A302C4D} = {9C68988B-09AE-4C63-A5AB-4EE71649283D}
		{B5FB7DBA-C772-486D-A690-10B3647C08CC} = {A656557C-7054-4F3D-BDF2-C5598A302C4D}
		{68FA26BB-45D9-43B1-B35D-0ECB1A1CA88C} = {D494C3BD-C224-4F0B-9F80-E557C5004D34}
		{D4C3CB8E-DC2F-433F-A9E5-9F62EB68C6B0} = {68FA26BB-45D9-43B1-B35D-0ECB1A1CA88C}
	EndGlobalSection
	GlobalSection(ExtensibilityGlobals) = postSolution
		SolutionGuid = {00D78C3D-8536-4549-B1EE-C19BD0C50387}
	EndGlobalSection
EndGlobal
