
Microsoft Visual Studio Solution File, Format Version 12.00
# Visual Studio Version 16
VisualStudioVersion = 16.0.28922.388
MinimumVisualStudioVersion = 10.0.40219.1
Project("{2150E333-8FDC-42A3-9474-1A3956D46DE8}") = "Platform", "Platform", "{D494C3BD-C224-4F0B-9F80-E557C5004D34}"
EndProject
Project("{2150E333-8FDC-42A3-9474-1A3956D46DE8}") = "Adapters", "Adapters", "{18152690-993E-4346-90BB-C099982229F5}"
EndProject
Project("{9A19103F-16F7-4668-BE54-9A1E7A4F7556}") = "Allors.Adapters.Memory", "Adapters\Allors.Adapters.Memory\Allors.Adapters.Memory.csproj", "{1D5F98CA-F091-47B3-9C88-058A765404C8}"
EndProject
Project("{9A19103F-16F7-4668-BE54-9A1E7A4F7556}") = "Allors.Adapters.Object.Npgsql", "Adapters\Allors.Adapters.Object.Npgsql\Allors.Adapters.Object.Npgsql.csproj", "{DB4EA9DA-6972-427A-9D55-B1F45E6E0E44}"
EndProject
Project("{9A19103F-16F7-4668-BE54-9A1E7A4F7556}") = "Allors.Adapters.Object.SqlClient", "Adapters\Allors.Adapters.Object.SqlClient\Allors.Adapters.Object.SqlClient.csproj", "{8514ADD6-BA50-4F48-8257-F50556DE6319}"
EndProject
Project("{9A19103F-16F7-4668-BE54-9A1E7A4F7556}") = "Domain", "Adapters\Domain\Domain.csproj", "{D9828772-02BB-40EB-B7D6-7BA9BE46A3AA}"
EndProject
Project("{9A19103F-16F7-4668-BE54-9A1E7A4F7556}") = "Generate", "Adapters\Generate\Generate.csproj", "{DCC849C4-CC2C-4320-ABDD-DB48B72CF363}"
EndProject
Project("{9A19103F-16F7-4668-BE54-9A1E7A4F7556}") = "Meta", "Adapters\Meta\Meta.csproj", "{93A1B87E-10FD-4392-88CB-BA52362A69B7}"
EndProject
Project("{9A19103F-16F7-4668-BE54-9A1E7A4F7556}") = "Repository", "Adapters\Repository\Domain\Repository.csproj", "{68D50254-1D8E-44A8-919B-A20A1F70E5A4}"
EndProject
Project("{9A19103F-16F7-4668-BE54-9A1E7A4F7556}") = "Tests.Static", "Adapters\Tests.Static\Tests.Static.csproj", "{1F23CBFF-02DE-480D-B55C-60B155CA361A}"
EndProject
Project("{2150E333-8FDC-42A3-9474-1A3956D46DE8}") = "Framework", "Framework", "{3B8D3499-3717-4D22-9038-03FFB26F96B0}"
EndProject
Project("{9A19103F-16F7-4668-BE54-9A1E7A4F7556}") = "Allors.Database", "Framework\Allors.Database\Allors.Database.csproj", "{AE50E9CB-1536-49DD-B57A-AC770AD92FAE}"
EndProject
Project("{9A19103F-16F7-4668-BE54-9A1E7A4F7556}") = "Allors.Protocol", "Framework\Allors.Protocol\Allors.Protocol.csproj", "{4CC90D31-775E-4A0E-8183-1ED53270D14D}"
EndProject
Project("{9A19103F-16F7-4668-BE54-9A1E7A4F7556}") = "Allors.Workspace", "Framework\Allors.Workspace\Allors.Workspace.csproj", "{B01846A2-2E2B-4676-BE34-F9E14442F80F}"
EndProject
Project("{2150E333-8FDC-42A3-9474-1A3956D46DE8}") = "Repository", "Repository", "{3FE56C6E-7BA5-43FE-8F63-EDCCE0E9320B}"
EndProject
Project("{9A19103F-16F7-4668-BE54-9A1E7A4F7556}") = "Allors.Repository", "Repository\Allors.Repository\Allors.Repository.csproj", "{1ABE8E67-974F-4F03-A342-FFF0326A5B33}"
EndProject
Project("{9A19103F-16F7-4668-BE54-9A1E7A4F7556}") = "Attributes", "Repository\Domain\Attributes.csproj", "{3D0C461F-487A-416A-9363-CC7F2DB61742}"
EndProject
Project("{9A19103F-16F7-4668-BE54-9A1E7A4F7556}") = "Generate", "Repository\Generate\Generate.csproj", "{426E293B-83D5-4D88-9CBF-E8A7F8C598B3}"
EndProject
Global
	GlobalSection(SolutionConfigurationPlatforms) = preSolution
		Debug|Any CPU = Debug|Any CPU
		Release|Any CPU = Release|Any CPU
	EndGlobalSection
	GlobalSection(ProjectConfigurationPlatforms) = postSolution
		{1D5F98CA-F091-47B3-9C88-058A765404C8}.Debug|Any CPU.ActiveCfg = Debug|Any CPU
		{1D5F98CA-F091-47B3-9C88-058A765404C8}.Debug|Any CPU.Build.0 = Debug|Any CPU
		{1D5F98CA-F091-47B3-9C88-058A765404C8}.Release|Any CPU.ActiveCfg = Release|Any CPU
		{1D5F98CA-F091-47B3-9C88-058A765404C8}.Release|Any CPU.Build.0 = Release|Any CPU
		{DB4EA9DA-6972-427A-9D55-B1F45E6E0E44}.Debug|Any CPU.ActiveCfg = Debug|Any CPU
		{DB4EA9DA-6972-427A-9D55-B1F45E6E0E44}.Debug|Any CPU.Build.0 = Debug|Any CPU
		{DB4EA9DA-6972-427A-9D55-B1F45E6E0E44}.Release|Any CPU.ActiveCfg = Release|Any CPU
		{DB4EA9DA-6972-427A-9D55-B1F45E6E0E44}.Release|Any CPU.Build.0 = Release|Any CPU
		{8514ADD6-BA50-4F48-8257-F50556DE6319}.Debug|Any CPU.ActiveCfg = Debug|Any CPU
		{8514ADD6-BA50-4F48-8257-F50556DE6319}.Debug|Any CPU.Build.0 = Debug|Any CPU
		{8514ADD6-BA50-4F48-8257-F50556DE6319}.Release|Any CPU.ActiveCfg = Release|Any CPU
		{8514ADD6-BA50-4F48-8257-F50556DE6319}.Release|Any CPU.Build.0 = Release|Any CPU
		{D9828772-02BB-40EB-B7D6-7BA9BE46A3AA}.Debug|Any CPU.ActiveCfg = Debug|Any CPU
		{D9828772-02BB-40EB-B7D6-7BA9BE46A3AA}.Debug|Any CPU.Build.0 = Debug|Any CPU
		{D9828772-02BB-40EB-B7D6-7BA9BE46A3AA}.Release|Any CPU.ActiveCfg = Release|Any CPU
		{D9828772-02BB-40EB-B7D6-7BA9BE46A3AA}.Release|Any CPU.Build.0 = Release|Any CPU
		{DCC849C4-CC2C-4320-ABDD-DB48B72CF363}.Debug|Any CPU.ActiveCfg = Debug|Any CPU
		{DCC849C4-CC2C-4320-ABDD-DB48B72CF363}.Debug|Any CPU.Build.0 = Debug|Any CPU
		{DCC849C4-CC2C-4320-ABDD-DB48B72CF363}.Release|Any CPU.ActiveCfg = Release|Any CPU
		{DCC849C4-CC2C-4320-ABDD-DB48B72CF363}.Release|Any CPU.Build.0 = Release|Any CPU
		{93A1B87E-10FD-4392-88CB-BA52362A69B7}.Debug|Any CPU.ActiveCfg = Debug|Any CPU
		{93A1B87E-10FD-4392-88CB-BA52362A69B7}.Debug|Any CPU.Build.0 = Debug|Any CPU
		{93A1B87E-10FD-4392-88CB-BA52362A69B7}.Release|Any CPU.ActiveCfg = Release|Any CPU
		{93A1B87E-10FD-4392-88CB-BA52362A69B7}.Release|Any CPU.Build.0 = Release|Any CPU
		{68D50254-1D8E-44A8-919B-A20A1F70E5A4}.Debug|Any CPU.ActiveCfg = Debug|Any CPU
		{68D50254-1D8E-44A8-919B-A20A1F70E5A4}.Debug|Any CPU.Build.0 = Debug|Any CPU
		{68D50254-1D8E-44A8-919B-A20A1F70E5A4}.Release|Any CPU.ActiveCfg = Release|Any CPU
		{68D50254-1D8E-44A8-919B-A20A1F70E5A4}.Release|Any CPU.Build.0 = Release|Any CPU
		{1F23CBFF-02DE-480D-B55C-60B155CA361A}.Debug|Any CPU.ActiveCfg = Debug|Any CPU
		{1F23CBFF-02DE-480D-B55C-60B155CA361A}.Debug|Any CPU.Build.0 = Debug|Any CPU
		{1F23CBFF-02DE-480D-B55C-60B155CA361A}.Release|Any CPU.ActiveCfg = Release|Any CPU
		{1F23CBFF-02DE-480D-B55C-60B155CA361A}.Release|Any CPU.Build.0 = Release|Any CPU
		{AE50E9CB-1536-49DD-B57A-AC770AD92FAE}.Debug|Any CPU.ActiveCfg = Debug|Any CPU
		{AE50E9CB-1536-49DD-B57A-AC770AD92FAE}.Debug|Any CPU.Build.0 = Debug|Any CPU
		{AE50E9CB-1536-49DD-B57A-AC770AD92FAE}.Release|Any CPU.ActiveCfg = Release|Any CPU
		{AE50E9CB-1536-49DD-B57A-AC770AD92FAE}.Release|Any CPU.Build.0 = Release|Any CPU
		{4CC90D31-775E-4A0E-8183-1ED53270D14D}.Debug|Any CPU.ActiveCfg = Debug|Any CPU
		{4CC90D31-775E-4A0E-8183-1ED53270D14D}.Debug|Any CPU.Build.0 = Debug|Any CPU
		{4CC90D31-775E-4A0E-8183-1ED53270D14D}.Release|Any CPU.ActiveCfg = Release|Any CPU
		{4CC90D31-775E-4A0E-8183-1ED53270D14D}.Release|Any CPU.Build.0 = Release|Any CPU
		{B01846A2-2E2B-4676-BE34-F9E14442F80F}.Debug|Any CPU.ActiveCfg = Debug|Any CPU
		{B01846A2-2E2B-4676-BE34-F9E14442F80F}.Debug|Any CPU.Build.0 = Debug|Any CPU
		{B01846A2-2E2B-4676-BE34-F9E14442F80F}.Release|Any CPU.ActiveCfg = Release|Any CPU
		{B01846A2-2E2B-4676-BE34-F9E14442F80F}.Release|Any CPU.Build.0 = Release|Any CPU
		{1ABE8E67-974F-4F03-A342-FFF0326A5B33}.Debug|Any CPU.ActiveCfg = Debug|Any CPU
		{1ABE8E67-974F-4F03-A342-FFF0326A5B33}.Debug|Any CPU.Build.0 = Debug|Any CPU
		{1ABE8E67-974F-4F03-A342-FFF0326A5B33}.Release|Any CPU.ActiveCfg = Release|Any CPU
		{1ABE8E67-974F-4F03-A342-FFF0326A5B33}.Release|Any CPU.Build.0 = Release|Any CPU
		{3D0C461F-487A-416A-9363-CC7F2DB61742}.Debug|Any CPU.ActiveCfg = Debug|Any CPU
		{3D0C461F-487A-416A-9363-CC7F2DB61742}.Debug|Any CPU.Build.0 = Debug|Any CPU
		{3D0C461F-487A-416A-9363-CC7F2DB61742}.Release|Any CPU.ActiveCfg = Release|Any CPU
		{3D0C461F-487A-416A-9363-CC7F2DB61742}.Release|Any CPU.Build.0 = Release|Any CPU
		{426E293B-83D5-4D88-9CBF-E8A7F8C598B3}.Debug|Any CPU.ActiveCfg = Debug|Any CPU
		{426E293B-83D5-4D88-9CBF-E8A7F8C598B3}.Debug|Any CPU.Build.0 = Debug|Any CPU
		{426E293B-83D5-4D88-9CBF-E8A7F8C598B3}.Release|Any CPU.ActiveCfg = Release|Any CPU
		{426E293B-83D5-4D88-9CBF-E8A7F8C598B3}.Release|Any CPU.Build.0 = Release|Any CPU
	EndGlobalSection
	GlobalSection(SolutionProperties) = preSolution
		HideSolutionNode = FALSE
	EndGlobalSection
	GlobalSection(NestedProjects) = preSolution
		{18152690-993E-4346-90BB-C099982229F5} = {D494C3BD-C224-4F0B-9F80-E557C5004D34}
		{1D5F98CA-F091-47B3-9C88-058A765404C8} = {18152690-993E-4346-90BB-C099982229F5}
		{DB4EA9DA-6972-427A-9D55-B1F45E6E0E44} = {18152690-993E-4346-90BB-C099982229F5}
		{8514ADD6-BA50-4F48-8257-F50556DE6319} = {18152690-993E-4346-90BB-C099982229F5}
		{D9828772-02BB-40EB-B7D6-7BA9BE46A3AA} = {18152690-993E-4346-90BB-C099982229F5}
		{DCC849C4-CC2C-4320-ABDD-DB48B72CF363} = {18152690-993E-4346-90BB-C099982229F5}
		{93A1B87E-10FD-4392-88CB-BA52362A69B7} = {18152690-993E-4346-90BB-C099982229F5}
		{68D50254-1D8E-44A8-919B-A20A1F70E5A4} = {18152690-993E-4346-90BB-C099982229F5}
		{1F23CBFF-02DE-480D-B55C-60B155CA361A} = {18152690-993E-4346-90BB-C099982229F5}
		{3B8D3499-3717-4D22-9038-03FFB26F96B0} = {D494C3BD-C224-4F0B-9F80-E557C5004D34}
		{AE50E9CB-1536-49DD-B57A-AC770AD92FAE} = {3B8D3499-3717-4D22-9038-03FFB26F96B0}
		{4CC90D31-775E-4A0E-8183-1ED53270D14D} = {3B8D3499-3717-4D22-9038-03FFB26F96B0}
		{B01846A2-2E2B-4676-BE34-F9E14442F80F} = {3B8D3499-3717-4D22-9038-03FFB26F96B0}
		{3FE56C6E-7BA5-43FE-8F63-EDCCE0E9320B} = {D494C3BD-C224-4F0B-9F80-E557C5004D34}
		{1ABE8E67-974F-4F03-A342-FFF0326A5B33} = {3FE56C6E-7BA5-43FE-8F63-EDCCE0E9320B}
		{3D0C461F-487A-416A-9363-CC7F2DB61742} = {3FE56C6E-7BA5-43FE-8F63-EDCCE0E9320B}
		{426E293B-83D5-4D88-9CBF-E8A7F8C598B3} = {3FE56C6E-7BA5-43FE-8F63-EDCCE0E9320B}
	EndGlobalSection
	GlobalSection(ExtensibilityGlobals) = postSolution
		SolutionGuid = {00D78C3D-8536-4549-B1EE-C19BD0C50387}
	EndGlobalSection
EndGlobal
