
Microsoft Visual Studio Solution File, Format Version 12.00
# Visual Studio 14
VisualStudioVersion = 14.0.25420.1
MinimumVisualStudioVersion = 10.0.40219.1
Project("{FAE04EC0-301F-11D3-BF4B-00C04F79EFBC}") = "Meta", "Database\Meta\Meta.csproj", "{BA6EFCFE-CB7F-4994-A5A4-C11DDAAC32DD}"
EndProject
Project("{FAE04EC0-301F-11D3-BF4B-00C04F79EFBC}") = "Tests", "Database\Tests\Tests.csproj", "{5582AF89-13A9-43B9-A208-230242323001}"
EndProject
Project("{FAE04EC0-301F-11D3-BF4B-00C04F79EFBC}") = "Console", "Database\Console\Console.csproj", "{5DA41687-F93A-4B0C-B5F8-44B318DAA6ED}"
EndProject
Project("{FAE04EC0-301F-11D3-BF4B-00C04F79EFBC}") = "Allors", "..\Platform\Framework\Allors\Allors.csproj", "{5B4E2D7C-8EF8-45F5-BFB2-E595C401A95F}"
EndProject
Global
	GlobalSection(SolutionConfigurationPlatforms) = preSolution
		Debug|Any CPU = Debug|Any CPU
		Debug|x64 = Debug|x64
		Release|Any CPU = Release|Any CPU
		Release|x64 = Release|x64
	EndGlobalSection
	GlobalSection(ProjectConfigurationPlatforms) = postSolution
		{BA6EFCFE-CB7F-4994-A5A4-C11DDAAC32DD}.Debug|Any CPU.ActiveCfg = Debug|Any CPU
		{BA6EFCFE-CB7F-4994-A5A4-C11DDAAC32DD}.Debug|Any CPU.Build.0 = Debug|Any CPU
		{BA6EFCFE-CB7F-4994-A5A4-C11DDAAC32DD}.Debug|x64.ActiveCfg = Debug|x64
		{BA6EFCFE-CB7F-4994-A5A4-C11DDAAC32DD}.Debug|x64.Build.0 = Debug|x64
		{BA6EFCFE-CB7F-4994-A5A4-C11DDAAC32DD}.Release|Any CPU.ActiveCfg = Release|Any CPU
		{BA6EFCFE-CB7F-4994-A5A4-C11DDAAC32DD}.Release|Any CPU.Build.0 = Release|Any CPU
		{BA6EFCFE-CB7F-4994-A5A4-C11DDAAC32DD}.Release|x64.ActiveCfg = Release|x64
		{BA6EFCFE-CB7F-4994-A5A4-C11DDAAC32DD}.Release|x64.Build.0 = Release|x64
		{5582AF89-13A9-43B9-A208-230242323001}.Debug|Any CPU.ActiveCfg = Debug|Any CPU
		{5582AF89-13A9-43B9-A208-230242323001}.Debug|Any CPU.Build.0 = Debug|Any CPU
		{5582AF89-13A9-43B9-A208-230242323001}.Debug|x64.ActiveCfg = Debug|x64
		{5582AF89-13A9-43B9-A208-230242323001}.Debug|x64.Build.0 = Debug|x64
		{5582AF89-13A9-43B9-A208-230242323001}.Release|Any CPU.ActiveCfg = Release|Any CPU
		{5582AF89-13A9-43B9-A208-230242323001}.Release|Any CPU.Build.0 = Release|Any CPU
		{5582AF89-13A9-43B9-A208-230242323001}.Release|x64.ActiveCfg = Release|x64
		{5582AF89-13A9-43B9-A208-230242323001}.Release|x64.Build.0 = Release|x64
		{5DA41687-F93A-4B0C-B5F8-44B318DAA6ED}.Debug|Any CPU.ActiveCfg = Debug|Any CPU
		{5DA41687-F93A-4B0C-B5F8-44B318DAA6ED}.Debug|Any CPU.Build.0 = Debug|Any CPU
		{5DA41687-F93A-4B0C-B5F8-44B318DAA6ED}.Debug|x64.ActiveCfg = Debug|x64
		{5DA41687-F93A-4B0C-B5F8-44B318DAA6ED}.Debug|x64.Build.0 = Debug|x64
		{5DA41687-F93A-4B0C-B5F8-44B318DAA6ED}.Release|Any CPU.ActiveCfg = Release|Any CPU
		{5DA41687-F93A-4B0C-B5F8-44B318DAA6ED}.Release|Any CPU.Build.0 = Release|Any CPU
		{5DA41687-F93A-4B0C-B5F8-44B318DAA6ED}.Release|x64.ActiveCfg = Release|x64
		{5DA41687-F93A-4B0C-B5F8-44B318DAA6ED}.Release|x64.Build.0 = Release|x64
		{5B4E2D7C-8EF8-45F5-BFB2-E595C401A95F}.Debug|Any CPU.ActiveCfg = Debug|Any CPU
		{5B4E2D7C-8EF8-45F5-BFB2-E595C401A95F}.Debug|Any CPU.Build.0 = Debug|Any CPU
		{5B4E2D7C-8EF8-45F5-BFB2-E595C401A95F}.Debug|x64.ActiveCfg = Debug|x64
		{5B4E2D7C-8EF8-45F5-BFB2-E595C401A95F}.Debug|x64.Build.0 = Debug|x64
		{5B4E2D7C-8EF8-45F5-BFB2-E595C401A95F}.Release|Any CPU.ActiveCfg = Release|Any CPU
		{5B4E2D7C-8EF8-45F5-BFB2-E595C401A95F}.Release|Any CPU.Build.0 = Release|Any CPU
		{5B4E2D7C-8EF8-45F5-BFB2-E595C401A95F}.Release|x64.ActiveCfg = Release|x64
		{5B4E2D7C-8EF8-45F5-BFB2-E595C401A95F}.Release|x64.Build.0 = Release|x64
	EndGlobalSection
	GlobalSection(SolutionProperties) = preSolution
		HideSolutionNode = FALSE
	EndGlobalSection
	GlobalSection(MonoDevelopProperties) = preSolution
		StartupItem = Meta\Meta.csproj
	EndGlobalSection
EndGlobal
