
Microsoft Visual Studio Solution File, Format Version 12.00
# Visual Studio 14
VisualStudioVersion = 14.0.23107.0
MinimumVisualStudioVersion = 10.0.40219.1
Project("{FAE04EC0-301F-11D3-BF4B-00C04F79EFBC}") = "Diagrams.Website", "Diagrams.Website.csproj", "{29AE6C72-CCD6-4737-A8A9-16868F2C7850}"
EndProject
Global
	GlobalSection(SolutionConfigurationPlatforms) = preSolution
		Debug|Any CPU = Debug|Any CPU
		Release|Any CPU = Release|Any CPU
	EndGlobalSection
	GlobalSection(ProjectConfigurationPlatforms) = postSolution
		{29AE6C72-CCD6-4737-A8A9-16868F2C7850}.Debug|Any CPU.ActiveCfg = Debug|Any CPU
		{29AE6C72-CCD6-4737-A8A9-16868F2C7850}.Debug|Any CPU.Build.0 = Debug|Any CPU
		{29AE6C72-CCD6-4737-A8A9-16868F2C7850}.Release|Any CPU.ActiveCfg = Release|Any CPU
		{29AE6C72-CCD6-4737-A8A9-16868F2C7850}.Release|Any CPU.Build.0 = Release|Any CPU
	EndGlobalSection
	GlobalSection(SolutionProperties) = preSolution
		HideSolutionNode = FALSE
	EndGlobalSection
EndGlobal
