
Microsoft Visual Studio Solution File, Format Version 12.00
# Visual Studio 15
VisualStudioVersion = 15.0.27130.2024
MinimumVisualStudioVersion = 10.0.40219.1
Project("{9A19103F-16F7-4668-BE54-9A1E7A4F7556}") = "Allors.Adapters.Memory", "Allors.Adapters.Memory\Allors.Adapters.Memory.csproj", "{CB9B7108-C8F3-459C-B2DA-88187C84CFC1}"
EndProject
Project("{9A19103F-16F7-4668-BE54-9A1E7A4F7556}") = "Allors.Framework", "..\Framework\Allors.Framework\Allors.Framework.csproj", "{5B4E2D7C-8EF8-45F5-BFB2-E595C401A95F}"
EndProject
Project("{9A19103F-16F7-4668-BE54-9A1E7A4F7556}") = "Allors.Adapters.Object.SqlClient", "Allors.Adapters.Object.SqlClient\Allors.Adapters.Object.SqlClient.csproj", "{06BC1665-8FE8-4F04-9E80-EC2D54404BA7}"
EndProject
Project("{9A19103F-16F7-4668-BE54-9A1E7A4F7556}") = "Domain", "Domain\Domain.csproj", "{50ED5307-33E3-4FDA-8268-D844B77981C8}"
EndProject
Project("{9A19103F-16F7-4668-BE54-9A1E7A4F7556}") = "Generate", "Generate\Generate.csproj", "{535369EE-1572-4A34-888F-FC0ED4938089}"
EndProject
Project("{9A19103F-16F7-4668-BE54-9A1E7A4F7556}") = "Meta", "Meta\Meta.csproj", "{87EA5D06-0B7D-4404-8A06-66F4169774E7}"
EndProject
Project("{9A19103F-16F7-4668-BE54-9A1E7A4F7556}") = "Tests.Static", "Tests.Static\Tests.Static.csproj", "{87A65550-C6FE-4F22-BD04-95CA3FEF751F}"
EndProject
Project("{9A19103F-16F7-4668-BE54-9A1E7A4F7556}") = "Allors.Adapters.Object.Npgsql", "Allors.Adapters.Object.Npgsql\Allors.Adapters.Object.Npgsql.csproj", "{4B7B90FE-5288-4229-80BD-F519B9098FCC}"
EndProject
Global
	GlobalSection(SolutionConfigurationPlatforms) = preSolution
		Debug|Any CPU = Debug|Any CPU
		Release|Any CPU = Release|Any CPU
	EndGlobalSection
	GlobalSection(ProjectConfigurationPlatforms) = postSolution
		{CB9B7108-C8F3-459C-B2DA-88187C84CFC1}.Debug|Any CPU.ActiveCfg = Debug|Any CPU
		{CB9B7108-C8F3-459C-B2DA-88187C84CFC1}.Debug|Any CPU.Build.0 = Debug|Any CPU
		{CB9B7108-C8F3-459C-B2DA-88187C84CFC1}.Release|Any CPU.ActiveCfg = Release|Any CPU
		{CB9B7108-C8F3-459C-B2DA-88187C84CFC1}.Release|Any CPU.Build.0 = Release|Any CPU
		{5B4E2D7C-8EF8-45F5-BFB2-E595C401A95F}.Debug|Any CPU.ActiveCfg = Debug|Any CPU
		{5B4E2D7C-8EF8-45F5-BFB2-E595C401A95F}.Debug|Any CPU.Build.0 = Debug|Any CPU
		{5B4E2D7C-8EF8-45F5-BFB2-E595C401A95F}.Release|Any CPU.ActiveCfg = Release|Any CPU
		{5B4E2D7C-8EF8-45F5-BFB2-E595C401A95F}.Release|Any CPU.Build.0 = Release|Any CPU
		{06BC1665-8FE8-4F04-9E80-EC2D54404BA7}.Debug|Any CPU.ActiveCfg = Debug|Any CPU
		{06BC1665-8FE8-4F04-9E80-EC2D54404BA7}.Debug|Any CPU.Build.0 = Debug|Any CPU
		{06BC1665-8FE8-4F04-9E80-EC2D54404BA7}.Release|Any CPU.ActiveCfg = Release|Any CPU
		{06BC1665-8FE8-4F04-9E80-EC2D54404BA7}.Release|Any CPU.Build.0 = Release|Any CPU
		{50ED5307-33E3-4FDA-8268-D844B77981C8}.Debug|Any CPU.ActiveCfg = Debug|Any CPU
		{50ED5307-33E3-4FDA-8268-D844B77981C8}.Debug|Any CPU.Build.0 = Debug|Any CPU
		{50ED5307-33E3-4FDA-8268-D844B77981C8}.Release|Any CPU.ActiveCfg = Release|Any CPU
		{50ED5307-33E3-4FDA-8268-D844B77981C8}.Release|Any CPU.Build.0 = Release|Any CPU
		{535369EE-1572-4A34-888F-FC0ED4938089}.Debug|Any CPU.ActiveCfg = Debug|Any CPU
		{535369EE-1572-4A34-888F-FC0ED4938089}.Debug|Any CPU.Build.0 = Debug|Any CPU
		{535369EE-1572-4A34-888F-FC0ED4938089}.Release|Any CPU.ActiveCfg = Release|Any CPU
		{535369EE-1572-4A34-888F-FC0ED4938089}.Release|Any CPU.Build.0 = Release|Any CPU
		{87EA5D06-0B7D-4404-8A06-66F4169774E7}.Debug|Any CPU.ActiveCfg = Debug|Any CPU
		{87EA5D06-0B7D-4404-8A06-66F4169774E7}.Debug|Any CPU.Build.0 = Debug|Any CPU
		{87EA5D06-0B7D-4404-8A06-66F4169774E7}.Release|Any CPU.ActiveCfg = Release|Any CPU
		{87EA5D06-0B7D-4404-8A06-66F4169774E7}.Release|Any CPU.Build.0 = Release|Any CPU
		{87A65550-C6FE-4F22-BD04-95CA3FEF751F}.Debug|Any CPU.ActiveCfg = Debug|Any CPU
		{87A65550-C6FE-4F22-BD04-95CA3FEF751F}.Debug|Any CPU.Build.0 = Debug|Any CPU
		{87A65550-C6FE-4F22-BD04-95CA3FEF751F}.Release|Any CPU.ActiveCfg = Release|Any CPU
		{87A65550-C6FE-4F22-BD04-95CA3FEF751F}.Release|Any CPU.Build.0 = Release|Any CPU
		{4B7B90FE-5288-4229-80BD-F519B9098FCC}.Debug|Any CPU.ActiveCfg = Debug|Any CPU
		{4B7B90FE-5288-4229-80BD-F519B9098FCC}.Debug|Any CPU.Build.0 = Debug|Any CPU
		{4B7B90FE-5288-4229-80BD-F519B9098FCC}.Release|Any CPU.ActiveCfg = Release|Any CPU
		{4B7B90FE-5288-4229-80BD-F519B9098FCC}.Release|Any CPU.Build.0 = Release|Any CPU
	EndGlobalSection
	GlobalSection(SolutionProperties) = preSolution
		HideSolutionNode = FALSE
	EndGlobalSection
	GlobalSection(ExtensibilityGlobals) = postSolution
		SolutionGuid = {161E93A8-8BB0-414C-9F0E-6E416C0CC7F7}
	EndGlobalSection
EndGlobal
