
Microsoft Visual Studio Solution File, Format Version 12.00
# Visual Studio 15
VisualStudioVersion = 15.0.28307.271
MinimumVisualStudioVersion = 10.0.40219.1
Project("{9A19103F-16F7-4668-BE54-9A1E7A4F7556}") = "Allors.Document", "Allors.Document\Allors.Document.csproj", "{2F1713EF-E420-41D4-BB3F-2970A0CD5BA7}"
EndProject
Project("{9A19103F-16F7-4668-BE54-9A1E7A4F7556}") = "Allors.Document.Tests", "Allors.Document.Tests\Allors.Document.Tests.csproj", "{19893487-432F-4DD0-BA19-120C4506BA8D}"
EndProject
Global
	GlobalSection(SolutionConfigurationPlatforms) = preSolution
		Debug|Any CPU = Debug|Any CPU
		Release|Any CPU = Release|Any CPU
	EndGlobalSection
	GlobalSection(ProjectConfigurationPlatforms) = postSolution
		{2F1713EF-E420-41D4-BB3F-2970A0CD5BA7}.Debug|Any CPU.ActiveCfg = Debug|Any CPU
		{2F1713EF-E420-41D4-BB3F-2970A0CD5BA7}.Debug|Any CPU.Build.0 = Debug|Any CPU
		{2F1713EF-E420-41D4-BB3F-2970A0CD5BA7}.Release|Any CPU.ActiveCfg = Release|Any CPU
		{2F1713EF-E420-41D4-BB3F-2970A0CD5BA7}.Release|Any CPU.Build.0 = Release|Any CPU
		{19893487-432F-4DD0-BA19-120C4506BA8D}.Debug|Any CPU.ActiveCfg = Debug|Any CPU
		{19893487-432F-4DD0-BA19-120C4506BA8D}.Debug|Any CPU.Build.0 = Debug|Any CPU
		{19893487-432F-4DD0-BA19-120C4506BA8D}.Release|Any CPU.ActiveCfg = Release|Any CPU
		{19893487-432F-4DD0-BA19-120C4506BA8D}.Release|Any CPU.Build.0 = Release|Any CPU
	EndGlobalSection
	GlobalSection(SolutionProperties) = preSolution
		HideSolutionNode = FALSE
	EndGlobalSection
	GlobalSection(ExtensibilityGlobals) = postSolution
		SolutionGuid = {52BC5BB0-B10B-4D76-A4CA-0E624DF61A16}
	EndGlobalSection
EndGlobal
