
Microsoft Visual Studio Solution File, Format Version 12.00
# Visual Studio 14
VisualStudioVersion = 14.0.25420.1
MinimumVisualStudioVersion = 10.0.40219.1
Project("{FAE04EC0-301F-11D3-BF4B-00C04F79EFBC}") = "Meta", "Database\Meta\Meta.csproj", "{BA6EFCFE-CB7F-4994-A5A4-C11DDAAC32DD}"
EndProject
Project("{FAE04EC0-301F-11D3-BF4B-00C04F79EFBC}") = "Domain", "Database\Domain\Domain.csproj", "{B6C2E17B-53E1-44A4-9299-5350CC854E65}"
EndProject
Project("{FAE04EC0-301F-11D3-BF4B-00C04F79EFBC}") = "Console", "Database\Console\Console.csproj", "{5DA41687-F93A-4B0C-B5F8-44B318DAA6ED}"
EndProject
Project("{FAE04EC0-301F-11D3-BF4B-00C04F79EFBC}") = "Resources", "Database\Resources\Resources.csproj", "{A10683F7-B261-4770-81C6-BB589E768ACB}"
EndProject
Project("{FAE04EC0-301F-11D3-BF4B-00C04F79EFBC}") = "Allors", "..\Platform\Framework\Allors\Allors.csproj", "{5B4E2D7C-8EF8-45F5-BFB2-E595C401A95F}"
EndProject
Project("{FAE04EC0-301F-11D3-BF4B-00C04F79EFBC}") = "Allors.Adapters.Memory", "..\Platform\Adapters\Allors.Adapters.Memory\Allors.Adapters.Memory.csproj", "{CB9B7108-C8F3-459C-B2DA-88187C84CFC1}"
EndProject
Project("{FAE04EC0-301F-11D3-BF4B-00C04F79EFBC}") = "Allors.Adapters.Object.SqlClient", "..\Platform\Adapters\Allors.Adapters.Object.SqlClient\Allors.Adapters.Object.SqlClient.csproj", "{06BC1665-8FE8-4F04-9E80-EC2D54404BA7}"
EndProject
Project("{FAE04EC0-301F-11D3-BF4B-00C04F79EFBC}") = "Domain.Tests", "Database\Domain.Tests\Domain.Tests.csproj", "{F89CBFCF-B8A4-4664-AB02-6C9E0B643C92}"
EndProject
Project("{FAE04EC0-301F-11D3-BF4B-00C04F79EFBC}") = "Web", "Workspace\Web\Web.csproj", "{CF73B788-225B-42AF-BD53-13C4E833B530}"
EndProject
Project("{FAE04EC0-301F-11D3-BF4B-00C04F79EFBC}") = "Diagrams", "Workspace\Diagrams\Diagrams.csproj", "{29AE6C72-CCD6-4737-A8A9-16868F2C7850}"
EndProject
Project("{FAE04EC0-301F-11D3-BF4B-00C04F79EFBC}") = "Web.Tests", "Workspace\Web.Tests\Web.Tests.csproj", "{B6C3E754-1228-4DA6-8630-8BC3AF8B2AA9}"
EndProject
Project("{FAE04EC0-301F-11D3-BF4B-00C04F79EFBC}") = "Domain.Diagrams", "Database\Domain.Diagrams\Domain.Diagrams.csproj", "{86E451C8-D3BE-4FF8-887A-5F0574E892D9}"
EndProject
Project("{FAE04EC0-301F-11D3-BF4B-00C04F79EFBC}") = "Meta", "Workspace\Meta\Meta.csproj", "{7B37DFF9-8CEF-4189-8D9D-BE29E34EB68C}"
EndProject
Project("{FAE04EC0-301F-11D3-BF4B-00C04F79EFBC}") = "Domain", "Workspace\Domain\Domain.csproj", "{305E4EE6-EA87-4B53-92B7-F6E39100213D}"
EndProject
Project("{FAE04EC0-301F-11D3-BF4B-00C04F79EFBC}") = "Domain.Tests", "Workspace\Domain.Tests\Domain.Tests.csproj", "{4455F80D-5DF4-435D-9D18-48F5D9AB35EA}"
EndProject
Project("{FAE04EC0-301F-11D3-BF4B-00C04F79EFBC}") = "ExcelAddIn", "Workspace\ExcelAddIn\ExcelAddIn.csproj", "{D3637D58-D6E4-466D-92CB-88671FB3C05C}"
EndProject
Project("{2150E333-8FDC-42A3-9474-1A3956D46DE8}") = "Workspace", "Workspace", "{5F1A9D94-4B6E-4AE5-AF11-8968A1C7D8A7}"
EndProject
Project("{2150E333-8FDC-42A3-9474-1A3956D46DE8}") = "Database", "Database", "{09BC5334-44E4-4CA1-9055-C12249937D16}"
EndProject
Project("{2150E333-8FDC-42A3-9474-1A3956D46DE8}") = "Allors", "Allors", "{2713A504-DE9E-4F69-9343-8DB74E822AE9}"
EndProject
Global
	GlobalSection(SolutionConfigurationPlatforms) = preSolution
		Debug|Any CPU = Debug|Any CPU
		Debug|x64 = Debug|x64
		Debug|x86 = Debug|x86
		Release|Any CPU = Release|Any CPU
		Release|x64 = Release|x64
		Release|x86 = Release|x86
	EndGlobalSection
	GlobalSection(ProjectConfigurationPlatforms) = postSolution
		{BA6EFCFE-CB7F-4994-A5A4-C11DDAAC32DD}.Debug|Any CPU.ActiveCfg = Debug|Any CPU
		{BA6EFCFE-CB7F-4994-A5A4-C11DDAAC32DD}.Debug|Any CPU.Build.0 = Debug|Any CPU
		{BA6EFCFE-CB7F-4994-A5A4-C11DDAAC32DD}.Debug|x64.ActiveCfg = Debug|x64
		{BA6EFCFE-CB7F-4994-A5A4-C11DDAAC32DD}.Debug|x64.Build.0 = Debug|x64
		{BA6EFCFE-CB7F-4994-A5A4-C11DDAAC32DD}.Debug|x86.ActiveCfg = Debug|Any CPU
		{BA6EFCFE-CB7F-4994-A5A4-C11DDAAC32DD}.Debug|x86.Build.0 = Debug|Any CPU
		{BA6EFCFE-CB7F-4994-A5A4-C11DDAAC32DD}.Release|Any CPU.ActiveCfg = Release|Any CPU
		{BA6EFCFE-CB7F-4994-A5A4-C11DDAAC32DD}.Release|Any CPU.Build.0 = Release|Any CPU
		{BA6EFCFE-CB7F-4994-A5A4-C11DDAAC32DD}.Release|x64.ActiveCfg = Release|x64
		{BA6EFCFE-CB7F-4994-A5A4-C11DDAAC32DD}.Release|x64.Build.0 = Release|x64
		{BA6EFCFE-CB7F-4994-A5A4-C11DDAAC32DD}.Release|x86.ActiveCfg = Release|Any CPU
		{BA6EFCFE-CB7F-4994-A5A4-C11DDAAC32DD}.Release|x86.Build.0 = Release|Any CPU
		{B6C2E17B-53E1-44A4-9299-5350CC854E65}.Debug|Any CPU.ActiveCfg = Debug|Any CPU
		{B6C2E17B-53E1-44A4-9299-5350CC854E65}.Debug|Any CPU.Build.0 = Debug|Any CPU
		{B6C2E17B-53E1-44A4-9299-5350CC854E65}.Debug|x64.ActiveCfg = Debug|x64
		{B6C2E17B-53E1-44A4-9299-5350CC854E65}.Debug|x64.Build.0 = Debug|x64
		{B6C2E17B-53E1-44A4-9299-5350CC854E65}.Debug|x86.ActiveCfg = Debug|Any CPU
		{B6C2E17B-53E1-44A4-9299-5350CC854E65}.Debug|x86.Build.0 = Debug|Any CPU
		{B6C2E17B-53E1-44A4-9299-5350CC854E65}.Release|Any CPU.ActiveCfg = Release|Any CPU
		{B6C2E17B-53E1-44A4-9299-5350CC854E65}.Release|Any CPU.Build.0 = Release|Any CPU
		{B6C2E17B-53E1-44A4-9299-5350CC854E65}.Release|x64.ActiveCfg = Release|x64
		{B6C2E17B-53E1-44A4-9299-5350CC854E65}.Release|x64.Build.0 = Release|x64
		{B6C2E17B-53E1-44A4-9299-5350CC854E65}.Release|x86.ActiveCfg = Release|Any CPU
		{B6C2E17B-53E1-44A4-9299-5350CC854E65}.Release|x86.Build.0 = Release|Any CPU
		{5DA41687-F93A-4B0C-B5F8-44B318DAA6ED}.Debug|Any CPU.ActiveCfg = Debug|Any CPU
		{5DA41687-F93A-4B0C-B5F8-44B318DAA6ED}.Debug|Any CPU.Build.0 = Debug|Any CPU
		{5DA41687-F93A-4B0C-B5F8-44B318DAA6ED}.Debug|x64.ActiveCfg = Debug|x64
		{5DA41687-F93A-4B0C-B5F8-44B318DAA6ED}.Debug|x64.Build.0 = Debug|x64
		{5DA41687-F93A-4B0C-B5F8-44B318DAA6ED}.Debug|x86.ActiveCfg = Debug|Any CPU
		{5DA41687-F93A-4B0C-B5F8-44B318DAA6ED}.Debug|x86.Build.0 = Debug|Any CPU
		{5DA41687-F93A-4B0C-B5F8-44B318DAA6ED}.Release|Any CPU.ActiveCfg = Release|Any CPU
		{5DA41687-F93A-4B0C-B5F8-44B318DAA6ED}.Release|Any CPU.Build.0 = Release|Any CPU
		{5DA41687-F93A-4B0C-B5F8-44B318DAA6ED}.Release|x64.ActiveCfg = Release|x64
		{5DA41687-F93A-4B0C-B5F8-44B318DAA6ED}.Release|x64.Build.0 = Release|x64
		{5DA41687-F93A-4B0C-B5F8-44B318DAA6ED}.Release|x86.ActiveCfg = Release|Any CPU
		{5DA41687-F93A-4B0C-B5F8-44B318DAA6ED}.Release|x86.Build.0 = Release|Any CPU
		{A10683F7-B261-4770-81C6-BB589E768ACB}.Debug|Any CPU.ActiveCfg = Debug|Any CPU
		{A10683F7-B261-4770-81C6-BB589E768ACB}.Debug|Any CPU.Build.0 = Debug|Any CPU
		{A10683F7-B261-4770-81C6-BB589E768ACB}.Debug|x64.ActiveCfg = Debug|x64
		{A10683F7-B261-4770-81C6-BB589E768ACB}.Debug|x64.Build.0 = Debug|x64
		{A10683F7-B261-4770-81C6-BB589E768ACB}.Debug|x86.ActiveCfg = Debug|Any CPU
		{A10683F7-B261-4770-81C6-BB589E768ACB}.Debug|x86.Build.0 = Debug|Any CPU
		{A10683F7-B261-4770-81C6-BB589E768ACB}.Release|Any CPU.ActiveCfg = Release|Any CPU
		{A10683F7-B261-4770-81C6-BB589E768ACB}.Release|Any CPU.Build.0 = Release|Any CPU
		{A10683F7-B261-4770-81C6-BB589E768ACB}.Release|x64.ActiveCfg = Release|x64
		{A10683F7-B261-4770-81C6-BB589E768ACB}.Release|x64.Build.0 = Release|x64
		{A10683F7-B261-4770-81C6-BB589E768ACB}.Release|x86.ActiveCfg = Release|Any CPU
		{A10683F7-B261-4770-81C6-BB589E768ACB}.Release|x86.Build.0 = Release|Any CPU
		{5B4E2D7C-8EF8-45F5-BFB2-E595C401A95F}.Debug|Any CPU.ActiveCfg = Debug|Any CPU
		{5B4E2D7C-8EF8-45F5-BFB2-E595C401A95F}.Debug|Any CPU.Build.0 = Debug|Any CPU
		{5B4E2D7C-8EF8-45F5-BFB2-E595C401A95F}.Debug|x64.ActiveCfg = Debug|x64
		{5B4E2D7C-8EF8-45F5-BFB2-E595C401A95F}.Debug|x64.Build.0 = Debug|x64
		{5B4E2D7C-8EF8-45F5-BFB2-E595C401A95F}.Debug|x86.ActiveCfg = Debug|Any CPU
		{5B4E2D7C-8EF8-45F5-BFB2-E595C401A95F}.Debug|x86.Build.0 = Debug|Any CPU
		{5B4E2D7C-8EF8-45F5-BFB2-E595C401A95F}.Release|Any CPU.ActiveCfg = Release|Any CPU
		{5B4E2D7C-8EF8-45F5-BFB2-E595C401A95F}.Release|Any CPU.Build.0 = Release|Any CPU
		{5B4E2D7C-8EF8-45F5-BFB2-E595C401A95F}.Release|x64.ActiveCfg = Release|x64
		{5B4E2D7C-8EF8-45F5-BFB2-E595C401A95F}.Release|x64.Build.0 = Release|x64
		{5B4E2D7C-8EF8-45F5-BFB2-E595C401A95F}.Release|x86.ActiveCfg = Release|Any CPU
		{5B4E2D7C-8EF8-45F5-BFB2-E595C401A95F}.Release|x86.Build.0 = Release|Any CPU
		{CB9B7108-C8F3-459C-B2DA-88187C84CFC1}.Debug|Any CPU.ActiveCfg = Debug|Any CPU
		{CB9B7108-C8F3-459C-B2DA-88187C84CFC1}.Debug|Any CPU.Build.0 = Debug|Any CPU
		{CB9B7108-C8F3-459C-B2DA-88187C84CFC1}.Debug|x64.ActiveCfg = Debug|x64
		{CB9B7108-C8F3-459C-B2DA-88187C84CFC1}.Debug|x64.Build.0 = Debug|x64
		{CB9B7108-C8F3-459C-B2DA-88187C84CFC1}.Debug|x86.ActiveCfg = Debug|Any CPU
		{CB9B7108-C8F3-459C-B2DA-88187C84CFC1}.Debug|x86.Build.0 = Debug|Any CPU
		{CB9B7108-C8F3-459C-B2DA-88187C84CFC1}.Release|Any CPU.ActiveCfg = Release|Any CPU
		{CB9B7108-C8F3-459C-B2DA-88187C84CFC1}.Release|Any CPU.Build.0 = Release|Any CPU
		{CB9B7108-C8F3-459C-B2DA-88187C84CFC1}.Release|x64.ActiveCfg = Release|x64
		{CB9B7108-C8F3-459C-B2DA-88187C84CFC1}.Release|x64.Build.0 = Release|x64
		{CB9B7108-C8F3-459C-B2DA-88187C84CFC1}.Release|x86.ActiveCfg = Release|Any CPU
		{CB9B7108-C8F3-459C-B2DA-88187C84CFC1}.Release|x86.Build.0 = Release|Any CPU
		{06BC1665-8FE8-4F04-9E80-EC2D54404BA7}.Debug|Any CPU.ActiveCfg = Debug|Any CPU
		{06BC1665-8FE8-4F04-9E80-EC2D54404BA7}.Debug|Any CPU.Build.0 = Debug|Any CPU
		{06BC1665-8FE8-4F04-9E80-EC2D54404BA7}.Debug|x64.ActiveCfg = Debug|x64
		{06BC1665-8FE8-4F04-9E80-EC2D54404BA7}.Debug|x64.Build.0 = Debug|x64
		{06BC1665-8FE8-4F04-9E80-EC2D54404BA7}.Debug|x86.ActiveCfg = Debug|Any CPU
		{06BC1665-8FE8-4F04-9E80-EC2D54404BA7}.Debug|x86.Build.0 = Debug|Any CPU
		{06BC1665-8FE8-4F04-9E80-EC2D54404BA7}.Release|Any CPU.ActiveCfg = Release|Any CPU
		{06BC1665-8FE8-4F04-9E80-EC2D54404BA7}.Release|Any CPU.Build.0 = Release|Any CPU
		{06BC1665-8FE8-4F04-9E80-EC2D54404BA7}.Release|x64.ActiveCfg = Release|x64
		{06BC1665-8FE8-4F04-9E80-EC2D54404BA7}.Release|x64.Build.0 = Release|x64
		{06BC1665-8FE8-4F04-9E80-EC2D54404BA7}.Release|x86.ActiveCfg = Release|Any CPU
		{06BC1665-8FE8-4F04-9E80-EC2D54404BA7}.Release|x86.Build.0 = Release|Any CPU
		{F89CBFCF-B8A4-4664-AB02-6C9E0B643C92}.Debug|Any CPU.ActiveCfg = Debug|Any CPU
		{F89CBFCF-B8A4-4664-AB02-6C9E0B643C92}.Debug|Any CPU.Build.0 = Debug|Any CPU
		{F89CBFCF-B8A4-4664-AB02-6C9E0B643C92}.Debug|x64.ActiveCfg = Debug|x64
		{F89CBFCF-B8A4-4664-AB02-6C9E0B643C92}.Debug|x64.Build.0 = Debug|x64
		{F89CBFCF-B8A4-4664-AB02-6C9E0B643C92}.Debug|x86.ActiveCfg = Debug|Any CPU
		{F89CBFCF-B8A4-4664-AB02-6C9E0B643C92}.Debug|x86.Build.0 = Debug|Any CPU
		{F89CBFCF-B8A4-4664-AB02-6C9E0B643C92}.Release|Any CPU.ActiveCfg = Release|Any CPU
		{F89CBFCF-B8A4-4664-AB02-6C9E0B643C92}.Release|Any CPU.Build.0 = Release|Any CPU
		{F89CBFCF-B8A4-4664-AB02-6C9E0B643C92}.Release|x64.ActiveCfg = Release|x64
		{F89CBFCF-B8A4-4664-AB02-6C9E0B643C92}.Release|x64.Build.0 = Release|x64
		{F89CBFCF-B8A4-4664-AB02-6C9E0B643C92}.Release|x86.ActiveCfg = Release|Any CPU
		{F89CBFCF-B8A4-4664-AB02-6C9E0B643C92}.Release|x86.Build.0 = Release|Any CPU
		{CF73B788-225B-42AF-BD53-13C4E833B530}.Debug|Any CPU.ActiveCfg = Debug|Any CPU
		{CF73B788-225B-42AF-BD53-13C4E833B530}.Debug|Any CPU.Build.0 = Debug|Any CPU
		{CF73B788-225B-42AF-BD53-13C4E833B530}.Debug|x64.ActiveCfg = Debug|Any CPU
		{CF73B788-225B-42AF-BD53-13C4E833B530}.Debug|x64.Build.0 = Debug|Any CPU
		{CF73B788-225B-42AF-BD53-13C4E833B530}.Debug|x86.ActiveCfg = Debug|Any CPU
		{CF73B788-225B-42AF-BD53-13C4E833B530}.Debug|x86.Build.0 = Debug|Any CPU
		{CF73B788-225B-42AF-BD53-13C4E833B530}.Release|Any CPU.ActiveCfg = Release|Any CPU
		{CF73B788-225B-42AF-BD53-13C4E833B530}.Release|Any CPU.Build.0 = Release|Any CPU
		{CF73B788-225B-42AF-BD53-13C4E833B530}.Release|x64.ActiveCfg = Release|Any CPU
		{CF73B788-225B-42AF-BD53-13C4E833B530}.Release|x64.Build.0 = Release|Any CPU
		{CF73B788-225B-42AF-BD53-13C4E833B530}.Release|x86.ActiveCfg = Release|Any CPU
		{CF73B788-225B-42AF-BD53-13C4E833B530}.Release|x86.Build.0 = Release|Any CPU
		{29AE6C72-CCD6-4737-A8A9-16868F2C7850}.Debug|Any CPU.ActiveCfg = Debug|Any CPU
		{29AE6C72-CCD6-4737-A8A9-16868F2C7850}.Debug|Any CPU.Build.0 = Debug|Any CPU
		{29AE6C72-CCD6-4737-A8A9-16868F2C7850}.Debug|x64.ActiveCfg = Debug|Any CPU
		{29AE6C72-CCD6-4737-A8A9-16868F2C7850}.Debug|x64.Build.0 = Debug|Any CPU
		{29AE6C72-CCD6-4737-A8A9-16868F2C7850}.Debug|x86.ActiveCfg = Debug|Any CPU
		{29AE6C72-CCD6-4737-A8A9-16868F2C7850}.Debug|x86.Build.0 = Debug|Any CPU
		{29AE6C72-CCD6-4737-A8A9-16868F2C7850}.Release|Any CPU.ActiveCfg = Release|Any CPU
		{29AE6C72-CCD6-4737-A8A9-16868F2C7850}.Release|Any CPU.Build.0 = Release|Any CPU
		{29AE6C72-CCD6-4737-A8A9-16868F2C7850}.Release|x64.ActiveCfg = Release|Any CPU
		{29AE6C72-CCD6-4737-A8A9-16868F2C7850}.Release|x64.Build.0 = Release|Any CPU
		{29AE6C72-CCD6-4737-A8A9-16868F2C7850}.Release|x86.ActiveCfg = Release|Any CPU
		{29AE6C72-CCD6-4737-A8A9-16868F2C7850}.Release|x86.Build.0 = Release|Any CPU
		{B6C3E754-1228-4DA6-8630-8BC3AF8B2AA9}.Debug|Any CPU.ActiveCfg = Debug|Any CPU
		{B6C3E754-1228-4DA6-8630-8BC3AF8B2AA9}.Debug|Any CPU.Build.0 = Debug|Any CPU
		{B6C3E754-1228-4DA6-8630-8BC3AF8B2AA9}.Debug|x64.ActiveCfg = Debug|Any CPU
		{B6C3E754-1228-4DA6-8630-8BC3AF8B2AA9}.Debug|x64.Build.0 = Debug|Any CPU
		{B6C3E754-1228-4DA6-8630-8BC3AF8B2AA9}.Debug|x86.ActiveCfg = Debug|Any CPU
		{B6C3E754-1228-4DA6-8630-8BC3AF8B2AA9}.Debug|x86.Build.0 = Debug|Any CPU
		{B6C3E754-1228-4DA6-8630-8BC3AF8B2AA9}.Release|Any CPU.ActiveCfg = Release|Any CPU
		{B6C3E754-1228-4DA6-8630-8BC3AF8B2AA9}.Release|Any CPU.Build.0 = Release|Any CPU
		{B6C3E754-1228-4DA6-8630-8BC3AF8B2AA9}.Release|x64.ActiveCfg = Release|Any CPU
		{B6C3E754-1228-4DA6-8630-8BC3AF8B2AA9}.Release|x64.Build.0 = Release|Any CPU
		{B6C3E754-1228-4DA6-8630-8BC3AF8B2AA9}.Release|x86.ActiveCfg = Release|Any CPU
		{B6C3E754-1228-4DA6-8630-8BC3AF8B2AA9}.Release|x86.Build.0 = Release|Any CPU
		{86E451C8-D3BE-4FF8-887A-5F0574E892D9}.Debug|Any CPU.ActiveCfg = Debug|Any CPU
		{86E451C8-D3BE-4FF8-887A-5F0574E892D9}.Debug|Any CPU.Build.0 = Debug|Any CPU
		{86E451C8-D3BE-4FF8-887A-5F0574E892D9}.Debug|x64.ActiveCfg = Debug|Any CPU
		{86E451C8-D3BE-4FF8-887A-5F0574E892D9}.Debug|x64.Build.0 = Debug|Any CPU
		{86E451C8-D3BE-4FF8-887A-5F0574E892D9}.Debug|x86.ActiveCfg = Debug|Any CPU
		{86E451C8-D3BE-4FF8-887A-5F0574E892D9}.Debug|x86.Build.0 = Debug|Any CPU
		{86E451C8-D3BE-4FF8-887A-5F0574E892D9}.Release|Any CPU.ActiveCfg = Release|Any CPU
		{86E451C8-D3BE-4FF8-887A-5F0574E892D9}.Release|Any CPU.Build.0 = Release|Any CPU
		{86E451C8-D3BE-4FF8-887A-5F0574E892D9}.Release|x64.ActiveCfg = Release|Any CPU
		{86E451C8-D3BE-4FF8-887A-5F0574E892D9}.Release|x64.Build.0 = Release|Any CPU
		{86E451C8-D3BE-4FF8-887A-5F0574E892D9}.Release|x86.ActiveCfg = Release|Any CPU
		{86E451C8-D3BE-4FF8-887A-5F0574E892D9}.Release|x86.Build.0 = Release|Any CPU
		{7B37DFF9-8CEF-4189-8D9D-BE29E34EB68C}.Debug|Any CPU.ActiveCfg = Debug|Any CPU
		{7B37DFF9-8CEF-4189-8D9D-BE29E34EB68C}.Debug|Any CPU.Build.0 = Debug|Any CPU
		{7B37DFF9-8CEF-4189-8D9D-BE29E34EB68C}.Debug|x64.ActiveCfg = Debug|Any CPU
		{7B37DFF9-8CEF-4189-8D9D-BE29E34EB68C}.Debug|x64.Build.0 = Debug|Any CPU
		{7B37DFF9-8CEF-4189-8D9D-BE29E34EB68C}.Debug|x86.ActiveCfg = Debug|Any CPU
		{7B37DFF9-8CEF-4189-8D9D-BE29E34EB68C}.Debug|x86.Build.0 = Debug|Any CPU
		{7B37DFF9-8CEF-4189-8D9D-BE29E34EB68C}.Release|Any CPU.ActiveCfg = Release|Any CPU
		{7B37DFF9-8CEF-4189-8D9D-BE29E34EB68C}.Release|Any CPU.Build.0 = Release|Any CPU
		{7B37DFF9-8CEF-4189-8D9D-BE29E34EB68C}.Release|x64.ActiveCfg = Release|Any CPU
		{7B37DFF9-8CEF-4189-8D9D-BE29E34EB68C}.Release|x64.Build.0 = Release|Any CPU
		{7B37DFF9-8CEF-4189-8D9D-BE29E34EB68C}.Release|x86.ActiveCfg = Release|Any CPU
		{7B37DFF9-8CEF-4189-8D9D-BE29E34EB68C}.Release|x86.Build.0 = Release|Any CPU
		{305E4EE6-EA87-4B53-92B7-F6E39100213D}.Debug|Any CPU.ActiveCfg = Debug|Any CPU
		{305E4EE6-EA87-4B53-92B7-F6E39100213D}.Debug|Any CPU.Build.0 = Debug|Any CPU
		{305E4EE6-EA87-4B53-92B7-F6E39100213D}.Debug|x64.ActiveCfg = Debug|Any CPU
		{305E4EE6-EA87-4B53-92B7-F6E39100213D}.Debug|x64.Build.0 = Debug|Any CPU
		{305E4EE6-EA87-4B53-92B7-F6E39100213D}.Debug|x86.ActiveCfg = Debug|Any CPU
		{305E4EE6-EA87-4B53-92B7-F6E39100213D}.Debug|x86.Build.0 = Debug|Any CPU
		{305E4EE6-EA87-4B53-92B7-F6E39100213D}.Release|Any CPU.ActiveCfg = Release|Any CPU
		{305E4EE6-EA87-4B53-92B7-F6E39100213D}.Release|Any CPU.Build.0 = Release|Any CPU
		{305E4EE6-EA87-4B53-92B7-F6E39100213D}.Release|x64.ActiveCfg = Release|Any CPU
		{305E4EE6-EA87-4B53-92B7-F6E39100213D}.Release|x64.Build.0 = Release|Any CPU
		{305E4EE6-EA87-4B53-92B7-F6E39100213D}.Release|x86.ActiveCfg = Release|Any CPU
		{305E4EE6-EA87-4B53-92B7-F6E39100213D}.Release|x86.Build.0 = Release|Any CPU
		{4455F80D-5DF4-435D-9D18-48F5D9AB35EA}.Debug|Any CPU.ActiveCfg = Debug|Any CPU
		{4455F80D-5DF4-435D-9D18-48F5D9AB35EA}.Debug|Any CPU.Build.0 = Debug|Any CPU
		{4455F80D-5DF4-435D-9D18-48F5D9AB35EA}.Debug|x64.ActiveCfg = Debug|Any CPU
		{4455F80D-5DF4-435D-9D18-48F5D9AB35EA}.Debug|x64.Build.0 = Debug|Any CPU
		{4455F80D-5DF4-435D-9D18-48F5D9AB35EA}.Debug|x86.ActiveCfg = Debug|Any CPU
		{4455F80D-5DF4-435D-9D18-48F5D9AB35EA}.Debug|x86.Build.0 = Debug|Any CPU
		{4455F80D-5DF4-435D-9D18-48F5D9AB35EA}.Release|Any CPU.ActiveCfg = Release|Any CPU
		{4455F80D-5DF4-435D-9D18-48F5D9AB35EA}.Release|Any CPU.Build.0 = Release|Any CPU
		{4455F80D-5DF4-435D-9D18-48F5D9AB35EA}.Release|x64.ActiveCfg = Release|Any CPU
		{4455F80D-5DF4-435D-9D18-48F5D9AB35EA}.Release|x64.Build.0 = Release|Any CPU
		{4455F80D-5DF4-435D-9D18-48F5D9AB35EA}.Release|x86.ActiveCfg = Release|Any CPU
		{4455F80D-5DF4-435D-9D18-48F5D9AB35EA}.Release|x86.Build.0 = Release|Any CPU
		{D3637D58-D6E4-466D-92CB-88671FB3C05C}.Debug|Any CPU.ActiveCfg = Debug|Any CPU
		{D3637D58-D6E4-466D-92CB-88671FB3C05C}.Debug|Any CPU.Build.0 = Debug|Any CPU
		{D3637D58-D6E4-466D-92CB-88671FB3C05C}.Debug|x64.ActiveCfg = Debug|Any CPU
		{D3637D58-D6E4-466D-92CB-88671FB3C05C}.Debug|x64.Build.0 = Debug|Any CPU
		{D3637D58-D6E4-466D-92CB-88671FB3C05C}.Debug|x86.ActiveCfg = Debug|Any CPU
		{D3637D58-D6E4-466D-92CB-88671FB3C05C}.Debug|x86.Build.0 = Debug|Any CPU
		{D3637D58-D6E4-466D-92CB-88671FB3C05C}.Release|Any CPU.ActiveCfg = Release|Any CPU
		{D3637D58-D6E4-466D-92CB-88671FB3C05C}.Release|Any CPU.Build.0 = Release|Any CPU
		{D3637D58-D6E4-466D-92CB-88671FB3C05C}.Release|x64.ActiveCfg = Release|Any CPU
		{D3637D58-D6E4-466D-92CB-88671FB3C05C}.Release|x64.Build.0 = Release|Any CPU
		{D3637D58-D6E4-466D-92CB-88671FB3C05C}.Release|x86.ActiveCfg = Release|Any CPU
		{D3637D58-D6E4-466D-92CB-88671FB3C05C}.Release|x86.Build.0 = Release|Any CPU
	EndGlobalSection
	GlobalSection(SolutionProperties) = preSolution
		HideSolutionNode = FALSE
	EndGlobalSection
	GlobalSection(NestedProjects) = preSolution
		{BA6EFCFE-CB7F-4994-A5A4-C11DDAAC32DD} = {09BC5334-44E4-4CA1-9055-C12249937D16}
		{B6C2E17B-53E1-44A4-9299-5350CC854E65} = {09BC5334-44E4-4CA1-9055-C12249937D16}
		{5DA41687-F93A-4B0C-B5F8-44B318DAA6ED} = {09BC5334-44E4-4CA1-9055-C12249937D16}
		{A10683F7-B261-4770-81C6-BB589E768ACB} = {09BC5334-44E4-4CA1-9055-C12249937D16}
		{5B4E2D7C-8EF8-45F5-BFB2-E595C401A95F} = {2713A504-DE9E-4F69-9343-8DB74E822AE9}
		{CB9B7108-C8F3-459C-B2DA-88187C84CFC1} = {2713A504-DE9E-4F69-9343-8DB74E822AE9}
		{06BC1665-8FE8-4F04-9E80-EC2D54404BA7} = {2713A504-DE9E-4F69-9343-8DB74E822AE9}
		{F89CBFCF-B8A4-4664-AB02-6C9E0B643C92} = {09BC5334-44E4-4CA1-9055-C12249937D16}
		{CF73B788-225B-42AF-BD53-13C4E833B530} = {5F1A9D94-4B6E-4AE5-AF11-8968A1C7D8A7}
		{29AE6C72-CCD6-4737-A8A9-16868F2C7850} = {5F1A9D94-4B6E-4AE5-AF11-8968A1C7D8A7}
		{B6C3E754-1228-4DA6-8630-8BC3AF8B2AA9} = {5F1A9D94-4B6E-4AE5-AF11-8968A1C7D8A7}
		{86E451C8-D3BE-4FF8-887A-5F0574E892D9} = {09BC5334-44E4-4CA1-9055-C12249937D16}
		{7B37DFF9-8CEF-4189-8D9D-BE29E34EB68C} = {5F1A9D94-4B6E-4AE5-AF11-8968A1C7D8A7}
		{305E4EE6-EA87-4B53-92B7-F6E39100213D} = {5F1A9D94-4B6E-4AE5-AF11-8968A1C7D8A7}
		{4455F80D-5DF4-435D-9D18-48F5D9AB35EA} = {5F1A9D94-4B6E-4AE5-AF11-8968A1C7D8A7}
		{D3637D58-D6E4-466D-92CB-88671FB3C05C} = {5F1A9D94-4B6E-4AE5-AF11-8968A1C7D8A7}
	EndGlobalSection
	GlobalSection(MonoDevelopProperties) = preSolution
		StartupItem = Meta\Meta.csproj
	EndGlobalSection
EndGlobal
