
Microsoft Visual Studio Solution File, Format Version 12.00
# Visual Studio Version 16
VisualStudioVersion = 16.0.28803.202
MinimumVisualStudioVersion = 10.0.40219.1
Project("{9A19103F-16F7-4668-BE54-9A1E7A4F7556}") = "Domain", "Database\Domain\Domain.csproj", "{B4EDDCC1-BA69-4415-BFC8-78098AEFF221}"
EndProject
Project("{9A19103F-16F7-4668-BE54-9A1E7A4F7556}") = "Meta", "Database\Meta\Meta.csproj", "{6FA12F00-07B3-4AA8-9C50-C8D412891500}"
EndProject
Project("{9A19103F-16F7-4668-BE54-9A1E7A4F7556}") = "Resources", "Database\Resources\Resources.csproj", "{514AB4D1-CC77-49DC-8BC4-0DEDE041FFD1}"
EndProject
Project("{2150E333-8FDC-42A3-9474-1A3956D46DE8}") = "Allors", "Allors", "{00113E18-8657-4208-B453-1EB128032710}"
EndProject
Project("{2150E333-8FDC-42A3-9474-1A3956D46DE8}") = "Database", "Database", "{345BB1B5-7309-458C-9C44-2EC59814E439}"
EndProject
Project("{9A19103F-16F7-4668-BE54-9A1E7A4F7556}") = "Generate", "Database\Generate\Generate.csproj", "{49075E3F-7235-45CF-8282-AA9E8181D0D4}"
EndProject
Project("{9A19103F-16F7-4668-BE54-9A1E7A4F7556}") = "Domain.Tests", "Database\Domain.Tests\Domain.Tests.csproj", "{042CC251-F4A0-4D5E-AFB7-F9FCE61AA8C7}"
EndProject
Project("{9A19103F-16F7-4668-BE54-9A1E7A4F7556}") = "Server", "Database\Server\Server.csproj", "{A562417B-AB4B-4534-A7D7-C4CF19457AA0}"
EndProject
Project("{9A19103F-16F7-4668-BE54-9A1E7A4F7556}") = "Services", "Database\Services\Services.csproj", "{66702AD7-6717-466C-8770-F95B8F2369E6}"
EndProject
Project("{9A19103F-16F7-4668-BE54-9A1E7A4F7556}") = "Commands", "Database\Commands\Commands.csproj", "{C7CE0B91-0247-47C1-9C66-89AA5450887B}"
EndProject
Project("{9A19103F-16F7-4668-BE54-9A1E7A4F7556}") = "Allors.Database", "..\Platform\Framework\Allors.Database\Allors.Database.csproj", "{248F234B-8F9E-4E8C-8106-C7700F185B0D}"
EndProject
Project("{9A19103F-16F7-4668-BE54-9A1E7A4F7556}") = "Allors.Protocol", "..\Platform\Framework\Allors.Protocol\Allors.Protocol.csproj", "{572900A6-CA4D-4EDB-8EF3-26D3DE9D4A42}"
EndProject
Project("{9A19103F-16F7-4668-BE54-9A1E7A4F7556}") = "Allors.Adapters.Memory", "..\Platform\Adapters\Allors.Adapters.Memory\Allors.Adapters.Memory.csproj", "{D3CB34D8-3D69-4D33-AF0E-167310DE1483}"
EndProject
Project("{9A19103F-16F7-4668-BE54-9A1E7A4F7556}") = "Allors.Adapters.Object.SqlClient", "..\Platform\Adapters\Allors.Adapters.Object.SqlClient\Allors.Adapters.Object.SqlClient.csproj", "{A0794AD6-4382-4C23-9FD6-F6E4F963C245}"
EndProject
Project("{9A19103F-16F7-4668-BE54-9A1E7A4F7556}") = "Allors.Document", "..\Core\Database\Document\Allors.Document\Allors.Document.csproj", "{6B02A53E-FF85-4B7D-B5FC-5429E3320D36}"
EndProject
Global
	GlobalSection(SolutionConfigurationPlatforms) = preSolution
		Debug|Any CPU = Debug|Any CPU
		Debug|x64 = Debug|x64
		Debug|x86 = Debug|x86
		Release|Any CPU = Release|Any CPU
		Release|x64 = Release|x64
		Release|x86 = Release|x86
	EndGlobalSection
	GlobalSection(ProjectConfigurationPlatforms) = postSolution
		{B4EDDCC1-BA69-4415-BFC8-78098AEFF221}.Debug|Any CPU.ActiveCfg = Debug|Any CPU
		{B4EDDCC1-BA69-4415-BFC8-78098AEFF221}.Debug|Any CPU.Build.0 = Debug|Any CPU
		{B4EDDCC1-BA69-4415-BFC8-78098AEFF221}.Debug|x64.ActiveCfg = Debug|Any CPU
		{B4EDDCC1-BA69-4415-BFC8-78098AEFF221}.Debug|x64.Build.0 = Debug|Any CPU
		{B4EDDCC1-BA69-4415-BFC8-78098AEFF221}.Debug|x86.ActiveCfg = Debug|Any CPU
		{B4EDDCC1-BA69-4415-BFC8-78098AEFF221}.Debug|x86.Build.0 = Debug|Any CPU
		{B4EDDCC1-BA69-4415-BFC8-78098AEFF221}.Release|Any CPU.ActiveCfg = Release|Any CPU
		{B4EDDCC1-BA69-4415-BFC8-78098AEFF221}.Release|Any CPU.Build.0 = Release|Any CPU
		{B4EDDCC1-BA69-4415-BFC8-78098AEFF221}.Release|x64.ActiveCfg = Release|Any CPU
		{B4EDDCC1-BA69-4415-BFC8-78098AEFF221}.Release|x64.Build.0 = Release|Any CPU
		{B4EDDCC1-BA69-4415-BFC8-78098AEFF221}.Release|x86.ActiveCfg = Release|Any CPU
		{B4EDDCC1-BA69-4415-BFC8-78098AEFF221}.Release|x86.Build.0 = Release|Any CPU
		{6FA12F00-07B3-4AA8-9C50-C8D412891500}.Debug|Any CPU.ActiveCfg = Debug|Any CPU
		{6FA12F00-07B3-4AA8-9C50-C8D412891500}.Debug|Any CPU.Build.0 = Debug|Any CPU
		{6FA12F00-07B3-4AA8-9C50-C8D412891500}.Debug|x64.ActiveCfg = Debug|Any CPU
		{6FA12F00-07B3-4AA8-9C50-C8D412891500}.Debug|x64.Build.0 = Debug|Any CPU
		{6FA12F00-07B3-4AA8-9C50-C8D412891500}.Debug|x86.ActiveCfg = Debug|Any CPU
		{6FA12F00-07B3-4AA8-9C50-C8D412891500}.Debug|x86.Build.0 = Debug|Any CPU
		{6FA12F00-07B3-4AA8-9C50-C8D412891500}.Release|Any CPU.ActiveCfg = Release|Any CPU
		{6FA12F00-07B3-4AA8-9C50-C8D412891500}.Release|Any CPU.Build.0 = Release|Any CPU
		{6FA12F00-07B3-4AA8-9C50-C8D412891500}.Release|x64.ActiveCfg = Release|Any CPU
		{6FA12F00-07B3-4AA8-9C50-C8D412891500}.Release|x64.Build.0 = Release|Any CPU
		{6FA12F00-07B3-4AA8-9C50-C8D412891500}.Release|x86.ActiveCfg = Release|Any CPU
		{6FA12F00-07B3-4AA8-9C50-C8D412891500}.Release|x86.Build.0 = Release|Any CPU
		{514AB4D1-CC77-49DC-8BC4-0DEDE041FFD1}.Debug|Any CPU.ActiveCfg = Debug|Any CPU
		{514AB4D1-CC77-49DC-8BC4-0DEDE041FFD1}.Debug|Any CPU.Build.0 = Debug|Any CPU
		{514AB4D1-CC77-49DC-8BC4-0DEDE041FFD1}.Debug|x64.ActiveCfg = Debug|Any CPU
		{514AB4D1-CC77-49DC-8BC4-0DEDE041FFD1}.Debug|x64.Build.0 = Debug|Any CPU
		{514AB4D1-CC77-49DC-8BC4-0DEDE041FFD1}.Debug|x86.ActiveCfg = Debug|Any CPU
		{514AB4D1-CC77-49DC-8BC4-0DEDE041FFD1}.Debug|x86.Build.0 = Debug|Any CPU
		{514AB4D1-CC77-49DC-8BC4-0DEDE041FFD1}.Release|Any CPU.ActiveCfg = Release|Any CPU
		{514AB4D1-CC77-49DC-8BC4-0DEDE041FFD1}.Release|Any CPU.Build.0 = Release|Any CPU
		{514AB4D1-CC77-49DC-8BC4-0DEDE041FFD1}.Release|x64.ActiveCfg = Release|Any CPU
		{514AB4D1-CC77-49DC-8BC4-0DEDE041FFD1}.Release|x64.Build.0 = Release|Any CPU
		{514AB4D1-CC77-49DC-8BC4-0DEDE041FFD1}.Release|x86.ActiveCfg = Release|Any CPU
		{514AB4D1-CC77-49DC-8BC4-0DEDE041FFD1}.Release|x86.Build.0 = Release|Any CPU
		{49075E3F-7235-45CF-8282-AA9E8181D0D4}.Debug|Any CPU.ActiveCfg = Debug|Any CPU
		{49075E3F-7235-45CF-8282-AA9E8181D0D4}.Debug|Any CPU.Build.0 = Debug|Any CPU
		{49075E3F-7235-45CF-8282-AA9E8181D0D4}.Debug|x64.ActiveCfg = Debug|Any CPU
		{49075E3F-7235-45CF-8282-AA9E8181D0D4}.Debug|x64.Build.0 = Debug|Any CPU
		{49075E3F-7235-45CF-8282-AA9E8181D0D4}.Debug|x86.ActiveCfg = Debug|Any CPU
		{49075E3F-7235-45CF-8282-AA9E8181D0D4}.Debug|x86.Build.0 = Debug|Any CPU
		{49075E3F-7235-45CF-8282-AA9E8181D0D4}.Release|Any CPU.ActiveCfg = Release|Any CPU
		{49075E3F-7235-45CF-8282-AA9E8181D0D4}.Release|Any CPU.Build.0 = Release|Any CPU
		{49075E3F-7235-45CF-8282-AA9E8181D0D4}.Release|x64.ActiveCfg = Release|Any CPU
		{49075E3F-7235-45CF-8282-AA9E8181D0D4}.Release|x64.Build.0 = Release|Any CPU
		{49075E3F-7235-45CF-8282-AA9E8181D0D4}.Release|x86.ActiveCfg = Release|Any CPU
		{49075E3F-7235-45CF-8282-AA9E8181D0D4}.Release|x86.Build.0 = Release|Any CPU
		{042CC251-F4A0-4D5E-AFB7-F9FCE61AA8C7}.Debug|Any CPU.ActiveCfg = Debug|Any CPU
		{042CC251-F4A0-4D5E-AFB7-F9FCE61AA8C7}.Debug|Any CPU.Build.0 = Debug|Any CPU
		{042CC251-F4A0-4D5E-AFB7-F9FCE61AA8C7}.Debug|x64.ActiveCfg = Debug|Any CPU
		{042CC251-F4A0-4D5E-AFB7-F9FCE61AA8C7}.Debug|x64.Build.0 = Debug|Any CPU
		{042CC251-F4A0-4D5E-AFB7-F9FCE61AA8C7}.Debug|x86.ActiveCfg = Debug|Any CPU
		{042CC251-F4A0-4D5E-AFB7-F9FCE61AA8C7}.Debug|x86.Build.0 = Debug|Any CPU
		{042CC251-F4A0-4D5E-AFB7-F9FCE61AA8C7}.Release|Any CPU.ActiveCfg = Release|Any CPU
		{042CC251-F4A0-4D5E-AFB7-F9FCE61AA8C7}.Release|Any CPU.Build.0 = Release|Any CPU
		{042CC251-F4A0-4D5E-AFB7-F9FCE61AA8C7}.Release|x64.ActiveCfg = Release|Any CPU
		{042CC251-F4A0-4D5E-AFB7-F9FCE61AA8C7}.Release|x64.Build.0 = Release|Any CPU
		{042CC251-F4A0-4D5E-AFB7-F9FCE61AA8C7}.Release|x86.ActiveCfg = Release|Any CPU
		{042CC251-F4A0-4D5E-AFB7-F9FCE61AA8C7}.Release|x86.Build.0 = Release|Any CPU
		{A562417B-AB4B-4534-A7D7-C4CF19457AA0}.Debug|Any CPU.ActiveCfg = Debug|Any CPU
		{A562417B-AB4B-4534-A7D7-C4CF19457AA0}.Debug|Any CPU.Build.0 = Debug|Any CPU
		{A562417B-AB4B-4534-A7D7-C4CF19457AA0}.Debug|x64.ActiveCfg = Debug|Any CPU
		{A562417B-AB4B-4534-A7D7-C4CF19457AA0}.Debug|x64.Build.0 = Debug|Any CPU
		{A562417B-AB4B-4534-A7D7-C4CF19457AA0}.Debug|x86.ActiveCfg = Debug|Any CPU
		{A562417B-AB4B-4534-A7D7-C4CF19457AA0}.Debug|x86.Build.0 = Debug|Any CPU
		{A562417B-AB4B-4534-A7D7-C4CF19457AA0}.Release|Any CPU.ActiveCfg = Release|Any CPU
		{A562417B-AB4B-4534-A7D7-C4CF19457AA0}.Release|Any CPU.Build.0 = Release|Any CPU
		{A562417B-AB4B-4534-A7D7-C4CF19457AA0}.Release|x64.ActiveCfg = Release|Any CPU
		{A562417B-AB4B-4534-A7D7-C4CF19457AA0}.Release|x64.Build.0 = Release|Any CPU
		{A562417B-AB4B-4534-A7D7-C4CF19457AA0}.Release|x86.ActiveCfg = Release|Any CPU
		{A562417B-AB4B-4534-A7D7-C4CF19457AA0}.Release|x86.Build.0 = Release|Any CPU
		{66702AD7-6717-466C-8770-F95B8F2369E6}.Debug|Any CPU.ActiveCfg = Debug|Any CPU
		{66702AD7-6717-466C-8770-F95B8F2369E6}.Debug|Any CPU.Build.0 = Debug|Any CPU
		{66702AD7-6717-466C-8770-F95B8F2369E6}.Debug|x64.ActiveCfg = Debug|Any CPU
		{66702AD7-6717-466C-8770-F95B8F2369E6}.Debug|x64.Build.0 = Debug|Any CPU
		{66702AD7-6717-466C-8770-F95B8F2369E6}.Debug|x86.ActiveCfg = Debug|Any CPU
		{66702AD7-6717-466C-8770-F95B8F2369E6}.Debug|x86.Build.0 = Debug|Any CPU
		{66702AD7-6717-466C-8770-F95B8F2369E6}.Release|Any CPU.ActiveCfg = Release|Any CPU
		{66702AD7-6717-466C-8770-F95B8F2369E6}.Release|Any CPU.Build.0 = Release|Any CPU
		{66702AD7-6717-466C-8770-F95B8F2369E6}.Release|x64.ActiveCfg = Release|Any CPU
		{66702AD7-6717-466C-8770-F95B8F2369E6}.Release|x64.Build.0 = Release|Any CPU
		{66702AD7-6717-466C-8770-F95B8F2369E6}.Release|x86.ActiveCfg = Release|Any CPU
		{66702AD7-6717-466C-8770-F95B8F2369E6}.Release|x86.Build.0 = Release|Any CPU
		{C7CE0B91-0247-47C1-9C66-89AA5450887B}.Debug|Any CPU.ActiveCfg = Debug|Any CPU
		{C7CE0B91-0247-47C1-9C66-89AA5450887B}.Debug|Any CPU.Build.0 = Debug|Any CPU
		{C7CE0B91-0247-47C1-9C66-89AA5450887B}.Debug|x64.ActiveCfg = Debug|Any CPU
		{C7CE0B91-0247-47C1-9C66-89AA5450887B}.Debug|x64.Build.0 = Debug|Any CPU
		{C7CE0B91-0247-47C1-9C66-89AA5450887B}.Debug|x86.ActiveCfg = Debug|Any CPU
		{C7CE0B91-0247-47C1-9C66-89AA5450887B}.Debug|x86.Build.0 = Debug|Any CPU
		{C7CE0B91-0247-47C1-9C66-89AA5450887B}.Release|Any CPU.ActiveCfg = Release|Any CPU
		{C7CE0B91-0247-47C1-9C66-89AA5450887B}.Release|Any CPU.Build.0 = Release|Any CPU
		{C7CE0B91-0247-47C1-9C66-89AA5450887B}.Release|x64.ActiveCfg = Release|Any CPU
		{C7CE0B91-0247-47C1-9C66-89AA5450887B}.Release|x64.Build.0 = Release|Any CPU
		{C7CE0B91-0247-47C1-9C66-89AA5450887B}.Release|x86.ActiveCfg = Release|Any CPU
		{C7CE0B91-0247-47C1-9C66-89AA5450887B}.Release|x86.Build.0 = Release|Any CPU
		{248F234B-8F9E-4E8C-8106-C7700F185B0D}.Debug|Any CPU.ActiveCfg = Debug|Any CPU
		{248F234B-8F9E-4E8C-8106-C7700F185B0D}.Debug|Any CPU.Build.0 = Debug|Any CPU
		{248F234B-8F9E-4E8C-8106-C7700F185B0D}.Debug|x64.ActiveCfg = Debug|Any CPU
		{248F234B-8F9E-4E8C-8106-C7700F185B0D}.Debug|x64.Build.0 = Debug|Any CPU
		{248F234B-8F9E-4E8C-8106-C7700F185B0D}.Debug|x86.ActiveCfg = Debug|Any CPU
		{248F234B-8F9E-4E8C-8106-C7700F185B0D}.Debug|x86.Build.0 = Debug|Any CPU
		{248F234B-8F9E-4E8C-8106-C7700F185B0D}.Release|Any CPU.ActiveCfg = Release|Any CPU
		{248F234B-8F9E-4E8C-8106-C7700F185B0D}.Release|Any CPU.Build.0 = Release|Any CPU
		{248F234B-8F9E-4E8C-8106-C7700F185B0D}.Release|x64.ActiveCfg = Release|Any CPU
		{248F234B-8F9E-4E8C-8106-C7700F185B0D}.Release|x64.Build.0 = Release|Any CPU
		{248F234B-8F9E-4E8C-8106-C7700F185B0D}.Release|x86.ActiveCfg = Release|Any CPU
		{248F234B-8F9E-4E8C-8106-C7700F185B0D}.Release|x86.Build.0 = Release|Any CPU
		{572900A6-CA4D-4EDB-8EF3-26D3DE9D4A42}.Debug|Any CPU.ActiveCfg = Debug|Any CPU
		{572900A6-CA4D-4EDB-8EF3-26D3DE9D4A42}.Debug|Any CPU.Build.0 = Debug|Any CPU
		{572900A6-CA4D-4EDB-8EF3-26D3DE9D4A42}.Debug|x64.ActiveCfg = Debug|Any CPU
		{572900A6-CA4D-4EDB-8EF3-26D3DE9D4A42}.Debug|x64.Build.0 = Debug|Any CPU
		{572900A6-CA4D-4EDB-8EF3-26D3DE9D4A42}.Debug|x86.ActiveCfg = Debug|Any CPU
		{572900A6-CA4D-4EDB-8EF3-26D3DE9D4A42}.Debug|x86.Build.0 = Debug|Any CPU
		{572900A6-CA4D-4EDB-8EF3-26D3DE9D4A42}.Release|Any CPU.ActiveCfg = Release|Any CPU
		{572900A6-CA4D-4EDB-8EF3-26D3DE9D4A42}.Release|Any CPU.Build.0 = Release|Any CPU
		{572900A6-CA4D-4EDB-8EF3-26D3DE9D4A42}.Release|x64.ActiveCfg = Release|Any CPU
		{572900A6-CA4D-4EDB-8EF3-26D3DE9D4A42}.Release|x64.Build.0 = Release|Any CPU
		{572900A6-CA4D-4EDB-8EF3-26D3DE9D4A42}.Release|x86.ActiveCfg = Release|Any CPU
		{572900A6-CA4D-4EDB-8EF3-26D3DE9D4A42}.Release|x86.Build.0 = Release|Any CPU
		{D3CB34D8-3D69-4D33-AF0E-167310DE1483}.Debug|Any CPU.ActiveCfg = Debug|Any CPU
		{D3CB34D8-3D69-4D33-AF0E-167310DE1483}.Debug|Any CPU.Build.0 = Debug|Any CPU
		{D3CB34D8-3D69-4D33-AF0E-167310DE1483}.Debug|x64.ActiveCfg = Debug|Any CPU
		{D3CB34D8-3D69-4D33-AF0E-167310DE1483}.Debug|x64.Build.0 = Debug|Any CPU
		{D3CB34D8-3D69-4D33-AF0E-167310DE1483}.Debug|x86.ActiveCfg = Debug|Any CPU
		{D3CB34D8-3D69-4D33-AF0E-167310DE1483}.Debug|x86.Build.0 = Debug|Any CPU
		{D3CB34D8-3D69-4D33-AF0E-167310DE1483}.Release|Any CPU.ActiveCfg = Release|Any CPU
		{D3CB34D8-3D69-4D33-AF0E-167310DE1483}.Release|Any CPU.Build.0 = Release|Any CPU
		{D3CB34D8-3D69-4D33-AF0E-167310DE1483}.Release|x64.ActiveCfg = Release|Any CPU
		{D3CB34D8-3D69-4D33-AF0E-167310DE1483}.Release|x64.Build.0 = Release|Any CPU
		{D3CB34D8-3D69-4D33-AF0E-167310DE1483}.Release|x86.ActiveCfg = Release|Any CPU
		{D3CB34D8-3D69-4D33-AF0E-167310DE1483}.Release|x86.Build.0 = Release|Any CPU
		{A0794AD6-4382-4C23-9FD6-F6E4F963C245}.Debug|Any CPU.ActiveCfg = Debug|Any CPU
		{A0794AD6-4382-4C23-9FD6-F6E4F963C245}.Debug|Any CPU.Build.0 = Debug|Any CPU
		{A0794AD6-4382-4C23-9FD6-F6E4F963C245}.Debug|x64.ActiveCfg = Debug|Any CPU
		{A0794AD6-4382-4C23-9FD6-F6E4F963C245}.Debug|x64.Build.0 = Debug|Any CPU
		{A0794AD6-4382-4C23-9FD6-F6E4F963C245}.Debug|x86.ActiveCfg = Debug|Any CPU
		{A0794AD6-4382-4C23-9FD6-F6E4F963C245}.Debug|x86.Build.0 = Debug|Any CPU
		{A0794AD6-4382-4C23-9FD6-F6E4F963C245}.Release|Any CPU.ActiveCfg = Release|Any CPU
		{A0794AD6-4382-4C23-9FD6-F6E4F963C245}.Release|Any CPU.Build.0 = Release|Any CPU
		{A0794AD6-4382-4C23-9FD6-F6E4F963C245}.Release|x64.ActiveCfg = Release|Any CPU
		{A0794AD6-4382-4C23-9FD6-F6E4F963C245}.Release|x64.Build.0 = Release|Any CPU
		{A0794AD6-4382-4C23-9FD6-F6E4F963C245}.Release|x86.ActiveCfg = Release|Any CPU
		{A0794AD6-4382-4C23-9FD6-F6E4F963C245}.Release|x86.Build.0 = Release|Any CPU
		{6B02A53E-FF85-4B7D-B5FC-5429E3320D36}.Debug|Any CPU.ActiveCfg = Debug|Any CPU
		{6B02A53E-FF85-4B7D-B5FC-5429E3320D36}.Debug|Any CPU.Build.0 = Debug|Any CPU
		{6B02A53E-FF85-4B7D-B5FC-5429E3320D36}.Debug|x64.ActiveCfg = Debug|Any CPU
		{6B02A53E-FF85-4B7D-B5FC-5429E3320D36}.Debug|x64.Build.0 = Debug|Any CPU
		{6B02A53E-FF85-4B7D-B5FC-5429E3320D36}.Debug|x86.ActiveCfg = Debug|Any CPU
		{6B02A53E-FF85-4B7D-B5FC-5429E3320D36}.Debug|x86.Build.0 = Debug|Any CPU
		{6B02A53E-FF85-4B7D-B5FC-5429E3320D36}.Release|Any CPU.ActiveCfg = Release|Any CPU
		{6B02A53E-FF85-4B7D-B5FC-5429E3320D36}.Release|Any CPU.Build.0 = Release|Any CPU
		{6B02A53E-FF85-4B7D-B5FC-5429E3320D36}.Release|x64.ActiveCfg = Release|Any CPU
		{6B02A53E-FF85-4B7D-B5FC-5429E3320D36}.Release|x64.Build.0 = Release|Any CPU
		{6B02A53E-FF85-4B7D-B5FC-5429E3320D36}.Release|x86.ActiveCfg = Release|Any CPU
		{6B02A53E-FF85-4B7D-B5FC-5429E3320D36}.Release|x86.Build.0 = Release|Any CPU
	EndGlobalSection
	GlobalSection(SolutionProperties) = preSolution
		HideSolutionNode = FALSE
	EndGlobalSection
	GlobalSection(NestedProjects) = preSolution
		{B4EDDCC1-BA69-4415-BFC8-78098AEFF221} = {345BB1B5-7309-458C-9C44-2EC59814E439}
		{6FA12F00-07B3-4AA8-9C50-C8D412891500} = {345BB1B5-7309-458C-9C44-2EC59814E439}
		{514AB4D1-CC77-49DC-8BC4-0DEDE041FFD1} = {345BB1B5-7309-458C-9C44-2EC59814E439}
		{49075E3F-7235-45CF-8282-AA9E8181D0D4} = {345BB1B5-7309-458C-9C44-2EC59814E439}
		{042CC251-F4A0-4D5E-AFB7-F9FCE61AA8C7} = {345BB1B5-7309-458C-9C44-2EC59814E439}
		{A562417B-AB4B-4534-A7D7-C4CF19457AA0} = {345BB1B5-7309-458C-9C44-2EC59814E439}
		{66702AD7-6717-466C-8770-F95B8F2369E6} = {345BB1B5-7309-458C-9C44-2EC59814E439}
		{C7CE0B91-0247-47C1-9C66-89AA5450887B} = {345BB1B5-7309-458C-9C44-2EC59814E439}
		{248F234B-8F9E-4E8C-8106-C7700F185B0D} = {00113E18-8657-4208-B453-1EB128032710}
		{572900A6-CA4D-4EDB-8EF3-26D3DE9D4A42} = {00113E18-8657-4208-B453-1EB128032710}
		{D3CB34D8-3D69-4D33-AF0E-167310DE1483} = {00113E18-8657-4208-B453-1EB128032710}
		{A0794AD6-4382-4C23-9FD6-F6E4F963C245} = {00113E18-8657-4208-B453-1EB128032710}
		{6B02A53E-FF85-4B7D-B5FC-5429E3320D36} = {00113E18-8657-4208-B453-1EB128032710}
	EndGlobalSection
	GlobalSection(ExtensibilityGlobals) = postSolution
		SolutionGuid = {2C86B821-92D5-4C18-B915-BA8A008553C2}
	EndGlobalSection
EndGlobal
