
Microsoft Visual Studio Solution File, Format Version 12.00
# Visual Studio Version 16
VisualStudioVersion = 16.0.28803.352
MinimumVisualStudioVersion = 10.0.40219.1
Project("{9A19103F-16F7-4668-BE54-9A1E7A4F7556}") = "Intranet.Tests", "Workspace\Typescript\Intranet.Tests\Intranet.Tests.csproj", "{596E04A8-092C-44EF-863D-8522F70FDD21}"
EndProject
Project("{2150E333-8FDC-42A3-9474-1A3956D46DE8}") = "Allors", "Allors", "{D9639CE5-98C0-4D31-A747-DCEE6BE95C3A}"
EndProject
Project("{2150E333-8FDC-42A3-9474-1A3956D46DE8}") = "Database", "Database", "{8F3341C9-504B-4041-91BE-70729BC096B9}"
EndProject
Project("{9A19103F-16F7-4668-BE54-9A1E7A4F7556}") = "Domain", "Database\Domain\Domain.csproj", "{D6BD3E48-34C5-4200-A0C1-9E0BBC91B858}"
EndProject
Project("{9A19103F-16F7-4668-BE54-9A1E7A4F7556}") = "Meta", "Database\Meta\Meta.csproj", "{6201981F-E83F-4AD5-8D01-9CA5C46273EC}"
EndProject
Project("{9A19103F-16F7-4668-BE54-9A1E7A4F7556}") = "Services", "Database\Services\Services.csproj", "{53C82FAC-61E5-4CCC-B888-49BB3B1A89D7}"
EndProject
Project("{9A19103F-16F7-4668-BE54-9A1E7A4F7556}") = "Resources", "Database\Resources\Resources.csproj", "{7DB4450F-ABE7-4103-B148-EF5D65BEE503}"
EndProject
Project("{9A19103F-16F7-4668-BE54-9A1E7A4F7556}") = "Allors.Database", "..\Core\Database\Framework\Allors.Database\Allors.Database.csproj", "{625D2AFA-83DC-4EA2-BAA0-1CD00DF1BE08}"
EndProject
Project("{9A19103F-16F7-4668-BE54-9A1E7A4F7556}") = "Allors.Adapters.Memory", "..\Core\Database\Adapters\Allors.Adapters.Memory\Allors.Adapters.Memory.csproj", "{16A9D9BB-3ADA-4901-86CD-C2975919FB40}"
EndProject
Project("{9A19103F-16F7-4668-BE54-9A1E7A4F7556}") = "Allors.Adapters.Object.SqlClient", "..\Core\Database\Adapters\Allors.Adapters.Object.SqlClient\Allors.Adapters.Object.SqlClient.csproj", "{EEA71D93-AB1F-4039-9C81-643A145D4276}"
EndProject
Project("{9A19103F-16F7-4668-BE54-9A1E7A4F7556}") = "Allors.Protocol", "..\Core\Database\Protocol\Allors.Protocol.csproj", "{004AF340-71BD-49A3-B7DE-8AD3DDA00BE6}"
EndProject
Global
	GlobalSection(SolutionConfigurationPlatforms) = preSolution
		Debug|Any CPU = Debug|Any CPU
		Release|Any CPU = Release|Any CPU
	EndGlobalSection
	GlobalSection(ProjectConfigurationPlatforms) = postSolution
		{596E04A8-092C-44EF-863D-8522F70FDD21}.Debug|Any CPU.ActiveCfg = Debug|Any CPU
		{596E04A8-092C-44EF-863D-8522F70FDD21}.Debug|Any CPU.Build.0 = Debug|Any CPU
		{596E04A8-092C-44EF-863D-8522F70FDD21}.Release|Any CPU.ActiveCfg = Release|Any CPU
		{596E04A8-092C-44EF-863D-8522F70FDD21}.Release|Any CPU.Build.0 = Release|Any CPU
		{D6BD3E48-34C5-4200-A0C1-9E0BBC91B858}.Debug|Any CPU.ActiveCfg = Debug|Any CPU
		{D6BD3E48-34C5-4200-A0C1-9E0BBC91B858}.Debug|Any CPU.Build.0 = Debug|Any CPU
		{D6BD3E48-34C5-4200-A0C1-9E0BBC91B858}.Release|Any CPU.ActiveCfg = Release|Any CPU
		{D6BD3E48-34C5-4200-A0C1-9E0BBC91B858}.Release|Any CPU.Build.0 = Release|Any CPU
		{6201981F-E83F-4AD5-8D01-9CA5C46273EC}.Debug|Any CPU.ActiveCfg = Debug|Any CPU
		{6201981F-E83F-4AD5-8D01-9CA5C46273EC}.Debug|Any CPU.Build.0 = Debug|Any CPU
		{6201981F-E83F-4AD5-8D01-9CA5C46273EC}.Release|Any CPU.ActiveCfg = Release|Any CPU
		{6201981F-E83F-4AD5-8D01-9CA5C46273EC}.Release|Any CPU.Build.0 = Release|Any CPU
		{53C82FAC-61E5-4CCC-B888-49BB3B1A89D7}.Debug|Any CPU.ActiveCfg = Debug|Any CPU
		{53C82FAC-61E5-4CCC-B888-49BB3B1A89D7}.Debug|Any CPU.Build.0 = Debug|Any CPU
		{53C82FAC-61E5-4CCC-B888-49BB3B1A89D7}.Release|Any CPU.ActiveCfg = Release|Any CPU
		{53C82FAC-61E5-4CCC-B888-49BB3B1A89D7}.Release|Any CPU.Build.0 = Release|Any CPU
		{7DB4450F-ABE7-4103-B148-EF5D65BEE503}.Debug|Any CPU.ActiveCfg = Debug|Any CPU
		{7DB4450F-ABE7-4103-B148-EF5D65BEE503}.Debug|Any CPU.Build.0 = Debug|Any CPU
		{7DB4450F-ABE7-4103-B148-EF5D65BEE503}.Release|Any CPU.ActiveCfg = Release|Any CPU
		{7DB4450F-ABE7-4103-B148-EF5D65BEE503}.Release|Any CPU.Build.0 = Release|Any CPU
		{625D2AFA-83DC-4EA2-BAA0-1CD00DF1BE08}.Debug|Any CPU.ActiveCfg = Debug|Any CPU
		{625D2AFA-83DC-4EA2-BAA0-1CD00DF1BE08}.Debug|Any CPU.Build.0 = Debug|Any CPU
		{625D2AFA-83DC-4EA2-BAA0-1CD00DF1BE08}.Release|Any CPU.ActiveCfg = Release|Any CPU
		{625D2AFA-83DC-4EA2-BAA0-1CD00DF1BE08}.Release|Any CPU.Build.0 = Release|Any CPU
		{16A9D9BB-3ADA-4901-86CD-C2975919FB40}.Debug|Any CPU.ActiveCfg = Debug|Any CPU
		{16A9D9BB-3ADA-4901-86CD-C2975919FB40}.Debug|Any CPU.Build.0 = Debug|Any CPU
		{16A9D9BB-3ADA-4901-86CD-C2975919FB40}.Release|Any CPU.ActiveCfg = Release|Any CPU
		{16A9D9BB-3ADA-4901-86CD-C2975919FB40}.Release|Any CPU.Build.0 = Release|Any CPU
		{EEA71D93-AB1F-4039-9C81-643A145D4276}.Debug|Any CPU.ActiveCfg = Debug|Any CPU
		{EEA71D93-AB1F-4039-9C81-643A145D4276}.Debug|Any CPU.Build.0 = Debug|Any CPU
		{EEA71D93-AB1F-4039-9C81-643A145D4276}.Release|Any CPU.ActiveCfg = Release|Any CPU
		{EEA71D93-AB1F-4039-9C81-643A145D4276}.Release|Any CPU.Build.0 = Release|Any CPU
		{004AF340-71BD-49A3-B7DE-8AD3DDA00BE6}.Debug|Any CPU.ActiveCfg = Debug|Any CPU
		{004AF340-71BD-49A3-B7DE-8AD3DDA00BE6}.Debug|Any CPU.Build.0 = Debug|Any CPU
		{004AF340-71BD-49A3-B7DE-8AD3DDA00BE6}.Release|Any CPU.ActiveCfg = Release|Any CPU
		{004AF340-71BD-49A3-B7DE-8AD3DDA00BE6}.Release|Any CPU.Build.0 = Release|Any CPU
	EndGlobalSection
	GlobalSection(SolutionProperties) = preSolution
		HideSolutionNode = FALSE
	EndGlobalSection
	GlobalSection(NestedProjects) = preSolution
		{D6BD3E48-34C5-4200-A0C1-9E0BBC91B858} = {8F3341C9-504B-4041-91BE-70729BC096B9}
		{6201981F-E83F-4AD5-8D01-9CA5C46273EC} = {8F3341C9-504B-4041-91BE-70729BC096B9}
		{53C82FAC-61E5-4CCC-B888-49BB3B1A89D7} = {8F3341C9-504B-4041-91BE-70729BC096B9}
		{7DB4450F-ABE7-4103-B148-EF5D65BEE503} = {8F3341C9-504B-4041-91BE-70729BC096B9}
		{625D2AFA-83DC-4EA2-BAA0-1CD00DF1BE08} = {D9639CE5-98C0-4D31-A747-DCEE6BE95C3A}
		{16A9D9BB-3ADA-4901-86CD-C2975919FB40} = {D9639CE5-98C0-4D31-A747-DCEE6BE95C3A}
		{EEA71D93-AB1F-4039-9C81-643A145D4276} = {D9639CE5-98C0-4D31-A747-DCEE6BE95C3A}
		{004AF340-71BD-49A3-B7DE-8AD3DDA00BE6} = {D9639CE5-98C0-4D31-A747-DCEE6BE95C3A}
	EndGlobalSection
	GlobalSection(ExtensibilityGlobals) = postSolution
		SolutionGuid = {E46A07DB-BF50-475A-990A-4B7766B3EB49}
	EndGlobalSection
EndGlobal
