
Microsoft Visual Studio Solution File, Format Version 12.00
# Visual Studio Version 16
VisualStudioVersion = 16.0.28803.352
MinimumVisualStudioVersion = 10.0.40219.1
Project("{9A19103F-16F7-4668-BE54-9A1E7A4F7556}") = "Intranet.Tests", "Workspace\Typescript\Intranet.Tests\Intranet.Tests.csproj", "{596E04A8-092C-44EF-863D-8522F70FDD21}"
EndProject
Project("{2150E333-8FDC-42A3-9474-1A3956D46DE8}") = "Allors", "Allors", "{D9639CE5-98C0-4D31-A747-DCEE6BE95C3A}"
EndProject
Project("{2150E333-8FDC-42A3-9474-1A3956D46DE8}") = "Database", "Database", "{8F3341C9-504B-4041-91BE-70729BC096B9}"
EndProject
Project("{9A19103F-16F7-4668-BE54-9A1E7A4F7556}") = "Domain", "Database\Domain\Domain.csproj", "{D6BD3E48-34C5-4200-A0C1-9E0BBC91B858}"
EndProject
Project("{9A19103F-16F7-4668-BE54-9A1E7A4F7556}") = "Meta", "Database\Meta\Meta.csproj", "{6201981F-E83F-4AD5-8D01-9CA5C46273EC}"
EndProject
Project("{9A19103F-16F7-4668-BE54-9A1E7A4F7556}") = "Services", "Database\Services\Services.csproj", "{53C82FAC-61E5-4CCC-B888-49BB3B1A89D7}"
EndProject
Project("{9A19103F-16F7-4668-BE54-9A1E7A4F7556}") = "Resources", "Database\Resources\Resources.csproj", "{7DB4450F-ABE7-4103-B148-EF5D65BEE503}"
EndProject
Project("{9A19103F-16F7-4668-BE54-9A1E7A4F7556}") = "Allors.Adapters.Memory", "..\Platform\Adapters\Allors.Adapters.Memory\Allors.Adapters.Memory.csproj", "{18920022-D41A-4611-93D3-883FD893CB9D}"
EndProject
Project("{9A19103F-16F7-4668-BE54-9A1E7A4F7556}") = "Allors.Adapters.Object.SqlClient", "..\Platform\Adapters\Allors.Adapters.Object.SqlClient\Allors.Adapters.Object.SqlClient.csproj", "{CF696290-3CC7-42FA-8C39-0353ABE1F4EF}"
EndProject
Project("{9A19103F-16F7-4668-BE54-9A1E7A4F7556}") = "Allors.Database", "..\Platform\Framework\Allors.Database\Allors.Database.csproj", "{7CBB1FE2-BDEC-4DE3-9813-B9B49BD68565}"
EndProject
Project("{FAE04EC0-301F-11D3-BF4B-00C04F79EFBC}") = "Allors.Workspace", "..\Platform\Framework\Allors.Workspace\Allors.Workspace.csproj", "{B01846A2-2E2B-4676-BE34-F9E14442F80F}"
EndProject
Project("{9A19103F-16F7-4668-BE54-9A1E7A4F7556}") = "Allors.Protocol", "..\Platform\Framework\Allors.Protocol\Allors.Protocol.csproj", "{974177B0-105C-440E-8925-4C7834A129C7}"
EndProject
Global
	GlobalSection(SolutionConfigurationPlatforms) = preSolution
		Debug|Any CPU = Debug|Any CPU
		Release|Any CPU = Release|Any CPU
	EndGlobalSection
	GlobalSection(ProjectConfigurationPlatforms) = postSolution
		{596E04A8-092C-44EF-863D-8522F70FDD21}.Debug|Any CPU.ActiveCfg = Debug|Any CPU
		{596E04A8-092C-44EF-863D-8522F70FDD21}.Debug|Any CPU.Build.0 = Debug|Any CPU
		{596E04A8-092C-44EF-863D-8522F70FDD21}.Release|Any CPU.ActiveCfg = Release|Any CPU
		{596E04A8-092C-44EF-863D-8522F70FDD21}.Release|Any CPU.Build.0 = Release|Any CPU
		{D6BD3E48-34C5-4200-A0C1-9E0BBC91B858}.Debug|Any CPU.ActiveCfg = Debug|Any CPU
		{D6BD3E48-34C5-4200-A0C1-9E0BBC91B858}.Debug|Any CPU.Build.0 = Debug|Any CPU
		{D6BD3E48-34C5-4200-A0C1-9E0BBC91B858}.Release|Any CPU.ActiveCfg = Release|Any CPU
		{D6BD3E48-34C5-4200-A0C1-9E0BBC91B858}.Release|Any CPU.Build.0 = Release|Any CPU
		{6201981F-E83F-4AD5-8D01-9CA5C46273EC}.Debug|Any CPU.ActiveCfg = Debug|Any CPU
		{6201981F-E83F-4AD5-8D01-9CA5C46273EC}.Debug|Any CPU.Build.0 = Debug|Any CPU
		{6201981F-E83F-4AD5-8D01-9CA5C46273EC}.Release|Any CPU.ActiveCfg = Release|Any CPU
		{6201981F-E83F-4AD5-8D01-9CA5C46273EC}.Release|Any CPU.Build.0 = Release|Any CPU
		{53C82FAC-61E5-4CCC-B888-49BB3B1A89D7}.Debug|Any CPU.ActiveCfg = Debug|Any CPU
		{53C82FAC-61E5-4CCC-B888-49BB3B1A89D7}.Debug|Any CPU.Build.0 = Debug|Any CPU
		{53C82FAC-61E5-4CCC-B888-49BB3B1A89D7}.Release|Any CPU.ActiveCfg = Release|Any CPU
		{53C82FAC-61E5-4CCC-B888-49BB3B1A89D7}.Release|Any CPU.Build.0 = Release|Any CPU
		{7DB4450F-ABE7-4103-B148-EF5D65BEE503}.Debug|Any CPU.ActiveCfg = Debug|Any CPU
		{7DB4450F-ABE7-4103-B148-EF5D65BEE503}.Debug|Any CPU.Build.0 = Debug|Any CPU
		{7DB4450F-ABE7-4103-B148-EF5D65BEE503}.Release|Any CPU.ActiveCfg = Release|Any CPU
		{7DB4450F-ABE7-4103-B148-EF5D65BEE503}.Release|Any CPU.Build.0 = Release|Any CPU
		{18920022-D41A-4611-93D3-883FD893CB9D}.Debug|Any CPU.ActiveCfg = Debug|Any CPU
		{18920022-D41A-4611-93D3-883FD893CB9D}.Debug|Any CPU.Build.0 = Debug|Any CPU
		{18920022-D41A-4611-93D3-883FD893CB9D}.Release|Any CPU.ActiveCfg = Release|Any CPU
		{18920022-D41A-4611-93D3-883FD893CB9D}.Release|Any CPU.Build.0 = Release|Any CPU
		{CF696290-3CC7-42FA-8C39-0353ABE1F4EF}.Debug|Any CPU.ActiveCfg = Debug|Any CPU
		{CF696290-3CC7-42FA-8C39-0353ABE1F4EF}.Debug|Any CPU.Build.0 = Debug|Any CPU
		{CF696290-3CC7-42FA-8C39-0353ABE1F4EF}.Release|Any CPU.ActiveCfg = Release|Any CPU
		{CF696290-3CC7-42FA-8C39-0353ABE1F4EF}.Release|Any CPU.Build.0 = Release|Any CPU
		{7CBB1FE2-BDEC-4DE3-9813-B9B49BD68565}.Debug|Any CPU.ActiveCfg = Debug|Any CPU
		{7CBB1FE2-BDEC-4DE3-9813-B9B49BD68565}.Debug|Any CPU.Build.0 = Debug|Any CPU
		{7CBB1FE2-BDEC-4DE3-9813-B9B49BD68565}.Release|Any CPU.ActiveCfg = Release|Any CPU
		{7CBB1FE2-BDEC-4DE3-9813-B9B49BD68565}.Release|Any CPU.Build.0 = Release|Any CPU
		{B01846A2-2E2B-4676-BE34-F9E14442F80F}.Debug|Any CPU.ActiveCfg = Debug|Any CPU
		{B01846A2-2E2B-4676-BE34-F9E14442F80F}.Debug|Any CPU.Build.0 = Debug|Any CPU
		{B01846A2-2E2B-4676-BE34-F9E14442F80F}.Release|Any CPU.ActiveCfg = Release|Any CPU
		{B01846A2-2E2B-4676-BE34-F9E14442F80F}.Release|Any CPU.Build.0 = Release|Any CPU
		{974177B0-105C-440E-8925-4C7834A129C7}.Debug|Any CPU.ActiveCfg = Debug|Any CPU
		{974177B0-105C-440E-8925-4C7834A129C7}.Debug|Any CPU.Build.0 = Debug|Any CPU
		{974177B0-105C-440E-8925-4C7834A129C7}.Release|Any CPU.ActiveCfg = Release|Any CPU
		{974177B0-105C-440E-8925-4C7834A129C7}.Release|Any CPU.Build.0 = Release|Any CPU
	EndGlobalSection
	GlobalSection(SolutionProperties) = preSolution
		HideSolutionNode = FALSE
	EndGlobalSection
	GlobalSection(NestedProjects) = preSolution
		{D6BD3E48-34C5-4200-A0C1-9E0BBC91B858} = {8F3341C9-504B-4041-91BE-70729BC096B9}
		{6201981F-E83F-4AD5-8D01-9CA5C46273EC} = {8F3341C9-504B-4041-91BE-70729BC096B9}
		{53C82FAC-61E5-4CCC-B888-49BB3B1A89D7} = {8F3341C9-504B-4041-91BE-70729BC096B9}
		{7DB4450F-ABE7-4103-B148-EF5D65BEE503} = {8F3341C9-504B-4041-91BE-70729BC096B9}
		{18920022-D41A-4611-93D3-883FD893CB9D} = {D9639CE5-98C0-4D31-A747-DCEE6BE95C3A}
		{CF696290-3CC7-42FA-8C39-0353ABE1F4EF} = {D9639CE5-98C0-4D31-A747-DCEE6BE95C3A}
		{7CBB1FE2-BDEC-4DE3-9813-B9B49BD68565} = {D9639CE5-98C0-4D31-A747-DCEE6BE95C3A}
		{B01846A2-2E2B-4676-BE34-F9E14442F80F} = {D9639CE5-98C0-4D31-A747-DCEE6BE95C3A}
		{974177B0-105C-440E-8925-4C7834A129C7} = {D9639CE5-98C0-4D31-A747-DCEE6BE95C3A}
	EndGlobalSection
	GlobalSection(ExtensibilityGlobals) = postSolution
		SolutionGuid = {E46A07DB-BF50-475A-990A-4B7766B3EB49}
	EndGlobalSection
EndGlobal
