
Microsoft Visual Studio Solution File, Format Version 12.00
# Visual Studio Version 16
VisualStudioVersion = 16.0.30413.136
MinimumVisualStudioVersion = 10.0.40219.1
Project("{9A19103F-16F7-4668-BE54-9A1E7A4F7556}") = "Domain", "Derivation\Database\Domain\Domain.csproj", "{2470A386-B39C-4E29-AF64-C238A16B0AFC}"
EndProject
Project("{2150E333-8FDC-42A3-9474-1A3956D46DE8}") = "Database", "Database", "{F24738EA-5BFA-4232-A86E-218AA7449F39}"
EndProject
Project("{2150E333-8FDC-42A3-9474-1A3956D46DE8}") = "Repository", "Repository", "{F4CA0904-2E96-48D3-98D1-7140745E8EE4}"
EndProject
Project("{2150E333-8FDC-42A3-9474-1A3956D46DE8}") = "Allors", "Allors", "{B9A6B0BA-ED94-4869-8B87-01364502D1C7}"
EndProject
Project("{9A19103F-16F7-4668-BE54-9A1E7A4F7556}") = "Domain.Tests", "Derivation\Database\Domain.Tests\Domain.Tests.csproj", "{570159D7-91EC-4AE9-A761-5BC344AB6DF1}"
EndProject
Project("{9A19103F-16F7-4668-BE54-9A1E7A4F7556}") = "Generate", "Derivation\Database\Generate\Generate.csproj", "{D089FE34-FDE0-474C-BBDA-9FEFDF45BB31}"
EndProject
Project("{9A19103F-16F7-4668-BE54-9A1E7A4F7556}") = "Meta", "Derivation\Database\Meta\Meta.csproj", "{C3F86434-072A-45E1-B2B2-CA84ABD47F60}"
EndProject
Project("{9A19103F-16F7-4668-BE54-9A1E7A4F7556}") = "Resources", "Derivation\Database\Resources\Resources.csproj", "{335BCA25-A5F9-4E0B-B23C-EE2613554FF7}"
EndProject
Project("{9A19103F-16F7-4668-BE54-9A1E7A4F7556}") = "Services", "Derivation\Database\Services\Services.csproj", "{6121FD7F-F9E1-4441-93ED-890C5087D9C4}"
EndProject
Project("{9A19103F-16F7-4668-BE54-9A1E7A4F7556}") = "Repository", "Derivation\Repository\Domain\Repository.csproj", "{C4C45C44-9A1E-4C0C-87F3-F47077798B9D}"
EndProject
Project("{9A19103F-16F7-4668-BE54-9A1E7A4F7556}") = "Allors.Protocol", "..\Platform\Protocol\Allors.Protocol\Allors.Protocol.csproj", "{5DCCB61E-961C-4345-93F2-DC3B817A4D2C}"
EndProject
Project("{9A19103F-16F7-4668-BE54-9A1E7A4F7556}") = "Allors.Database.Adapters.Memory", "..\Platform\Database\Adapters\Allors.Database.Adapters.Memory\Allors.Database.Adapters.Memory.csproj", "{6AC1C8E9-AD3A-4E75-84B5-DE733718A748}"
EndProject
Project("{9A19103F-16F7-4668-BE54-9A1E7A4F7556}") = "Allors.Database", "..\Platform\Database\Allors.Database\Allors.Database.csproj", "{7EEF5EB8-74AC-4477-82F6-057091B70041}"
EndProject
Global
	GlobalSection(SolutionConfigurationPlatforms) = preSolution
		Debug|Any CPU = Debug|Any CPU
		Release|Any CPU = Release|Any CPU
	EndGlobalSection
	GlobalSection(ProjectConfigurationPlatforms) = postSolution
		{2470A386-B39C-4E29-AF64-C238A16B0AFC}.Debug|Any CPU.ActiveCfg = Debug|Any CPU
		{2470A386-B39C-4E29-AF64-C238A16B0AFC}.Debug|Any CPU.Build.0 = Debug|Any CPU
		{2470A386-B39C-4E29-AF64-C238A16B0AFC}.Release|Any CPU.ActiveCfg = Release|Any CPU
		{2470A386-B39C-4E29-AF64-C238A16B0AFC}.Release|Any CPU.Build.0 = Release|Any CPU
		{570159D7-91EC-4AE9-A761-5BC344AB6DF1}.Debug|Any CPU.ActiveCfg = Debug|Any CPU
		{570159D7-91EC-4AE9-A761-5BC344AB6DF1}.Debug|Any CPU.Build.0 = Debug|Any CPU
		{570159D7-91EC-4AE9-A761-5BC344AB6DF1}.Release|Any CPU.ActiveCfg = Release|Any CPU
		{570159D7-91EC-4AE9-A761-5BC344AB6DF1}.Release|Any CPU.Build.0 = Release|Any CPU
		{D089FE34-FDE0-474C-BBDA-9FEFDF45BB31}.Debug|Any CPU.ActiveCfg = Debug|Any CPU
		{D089FE34-FDE0-474C-BBDA-9FEFDF45BB31}.Debug|Any CPU.Build.0 = Debug|Any CPU
		{D089FE34-FDE0-474C-BBDA-9FEFDF45BB31}.Release|Any CPU.ActiveCfg = Release|Any CPU
		{D089FE34-FDE0-474C-BBDA-9FEFDF45BB31}.Release|Any CPU.Build.0 = Release|Any CPU
		{C3F86434-072A-45E1-B2B2-CA84ABD47F60}.Debug|Any CPU.ActiveCfg = Debug|Any CPU
		{C3F86434-072A-45E1-B2B2-CA84ABD47F60}.Debug|Any CPU.Build.0 = Debug|Any CPU
		{C3F86434-072A-45E1-B2B2-CA84ABD47F60}.Release|Any CPU.ActiveCfg = Release|Any CPU
		{C3F86434-072A-45E1-B2B2-CA84ABD47F60}.Release|Any CPU.Build.0 = Release|Any CPU
		{335BCA25-A5F9-4E0B-B23C-EE2613554FF7}.Debug|Any CPU.ActiveCfg = Debug|Any CPU
		{335BCA25-A5F9-4E0B-B23C-EE2613554FF7}.Debug|Any CPU.Build.0 = Debug|Any CPU
		{335BCA25-A5F9-4E0B-B23C-EE2613554FF7}.Release|Any CPU.ActiveCfg = Release|Any CPU
		{335BCA25-A5F9-4E0B-B23C-EE2613554FF7}.Release|Any CPU.Build.0 = Release|Any CPU
		{6121FD7F-F9E1-4441-93ED-890C5087D9C4}.Debug|Any CPU.ActiveCfg = Debug|Any CPU
		{6121FD7F-F9E1-4441-93ED-890C5087D9C4}.Debug|Any CPU.Build.0 = Debug|Any CPU
		{6121FD7F-F9E1-4441-93ED-890C5087D9C4}.Release|Any CPU.ActiveCfg = Release|Any CPU
		{6121FD7F-F9E1-4441-93ED-890C5087D9C4}.Release|Any CPU.Build.0 = Release|Any CPU
		{C4C45C44-9A1E-4C0C-87F3-F47077798B9D}.Debug|Any CPU.ActiveCfg = Debug|Any CPU
		{C4C45C44-9A1E-4C0C-87F3-F47077798B9D}.Debug|Any CPU.Build.0 = Debug|Any CPU
		{C4C45C44-9A1E-4C0C-87F3-F47077798B9D}.Release|Any CPU.ActiveCfg = Release|Any CPU
		{C4C45C44-9A1E-4C0C-87F3-F47077798B9D}.Release|Any CPU.Build.0 = Release|Any CPU
		{5DCCB61E-961C-4345-93F2-DC3B817A4D2C}.Debug|Any CPU.ActiveCfg = Debug|Any CPU
		{5DCCB61E-961C-4345-93F2-DC3B817A4D2C}.Debug|Any CPU.Build.0 = Debug|Any CPU
		{5DCCB61E-961C-4345-93F2-DC3B817A4D2C}.Release|Any CPU.ActiveCfg = Release|Any CPU
		{5DCCB61E-961C-4345-93F2-DC3B817A4D2C}.Release|Any CPU.Build.0 = Release|Any CPU
		{6AC1C8E9-AD3A-4E75-84B5-DE733718A748}.Debug|Any CPU.ActiveCfg = Debug|Any CPU
		{6AC1C8E9-AD3A-4E75-84B5-DE733718A748}.Debug|Any CPU.Build.0 = Debug|Any CPU
		{6AC1C8E9-AD3A-4E75-84B5-DE733718A748}.Release|Any CPU.ActiveCfg = Release|Any CPU
		{6AC1C8E9-AD3A-4E75-84B5-DE733718A748}.Release|Any CPU.Build.0 = Release|Any CPU
		{7EEF5EB8-74AC-4477-82F6-057091B70041}.Debug|Any CPU.ActiveCfg = Debug|Any CPU
		{7EEF5EB8-74AC-4477-82F6-057091B70041}.Debug|Any CPU.Build.0 = Debug|Any CPU
		{7EEF5EB8-74AC-4477-82F6-057091B70041}.Release|Any CPU.ActiveCfg = Release|Any CPU
		{7EEF5EB8-74AC-4477-82F6-057091B70041}.Release|Any CPU.Build.0 = Release|Any CPU
	EndGlobalSection
	GlobalSection(SolutionProperties) = preSolution
		HideSolutionNode = FALSE
	EndGlobalSection
	GlobalSection(NestedProjects) = preSolution
		{2470A386-B39C-4E29-AF64-C238A16B0AFC} = {F24738EA-5BFA-4232-A86E-218AA7449F39}
		{570159D7-91EC-4AE9-A761-5BC344AB6DF1} = {F24738EA-5BFA-4232-A86E-218AA7449F39}
		{D089FE34-FDE0-474C-BBDA-9FEFDF45BB31} = {F24738EA-5BFA-4232-A86E-218AA7449F39}
		{C3F86434-072A-45E1-B2B2-CA84ABD47F60} = {F24738EA-5BFA-4232-A86E-218AA7449F39}
		{335BCA25-A5F9-4E0B-B23C-EE2613554FF7} = {F24738EA-5BFA-4232-A86E-218AA7449F39}
		{6121FD7F-F9E1-4441-93ED-890C5087D9C4} = {F24738EA-5BFA-4232-A86E-218AA7449F39}
		{C4C45C44-9A1E-4C0C-87F3-F47077798B9D} = {F4CA0904-2E96-48D3-98D1-7140745E8EE4}
		{5DCCB61E-961C-4345-93F2-DC3B817A4D2C} = {B9A6B0BA-ED94-4869-8B87-01364502D1C7}
		{6AC1C8E9-AD3A-4E75-84B5-DE733718A748} = {B9A6B0BA-ED94-4869-8B87-01364502D1C7}
		{7EEF5EB8-74AC-4477-82F6-057091B70041} = {B9A6B0BA-ED94-4869-8B87-01364502D1C7}
	EndGlobalSection
	GlobalSection(ExtensibilityGlobals) = postSolution
		SolutionGuid = {9647ADF1-5723-40ED-A79A-B691EAA3D526}
	EndGlobalSection
EndGlobal
