
Microsoft Visual Studio Solution File, Format Version 12.00
# Visual Studio Version 16
VisualStudioVersion = 16.0.28803.352
MinimumVisualStudioVersion = 10.0.40219.1
Project("{9A19103F-16F7-4668-BE54-9A1E7A4F7556}") = "Model", "Model\Model.csproj", "{BAB8FA07-1FC6-4CDD-B63D-AAE29B2198B8}"
EndProject
Project("{9A19103F-16F7-4668-BE54-9A1E7A4F7556}") = "Generate", "Generate\Generate.csproj", "{9E7721CD-7484-4208-A9FC-8AAD91B679ED}"
EndProject
Project("{2150E333-8FDC-42A3-9474-1A3956D46DE8}") = "Allors", "Allors", "{C0ECCC3B-6CE2-4F6B-A58D-2AF75C1EE5F1}"
EndProject
Project("{9A19103F-16F7-4668-BE54-9A1E7A4F7556}") = "Workspace.Meta", "..\..\CSharp\Meta\Workspace.Meta.csproj", "{EC4AF4C3-EC56-491A-A5B3-2D54938D32B1}"
EndProject
Project("{9A19103F-16F7-4668-BE54-9A1E7A4F7556}") = "Allors.Workspace", "..\..\..\..\Platform\Framework\Allors.Workspace\Allors.Workspace.csproj", "{64D6B4F5-0307-4F92-AB4F-60FC9B6611FE}"
EndProject
Global
	GlobalSection(SolutionConfigurationPlatforms) = preSolution
		Debug|Any CPU = Debug|Any CPU
		Release|Any CPU = Release|Any CPU
	EndGlobalSection
	GlobalSection(ProjectConfigurationPlatforms) = postSolution
		{BAB8FA07-1FC6-4CDD-B63D-AAE29B2198B8}.Debug|Any CPU.ActiveCfg = Debug|Any CPU
		{BAB8FA07-1FC6-4CDD-B63D-AAE29B2198B8}.Debug|Any CPU.Build.0 = Debug|Any CPU
		{BAB8FA07-1FC6-4CDD-B63D-AAE29B2198B8}.Release|Any CPU.ActiveCfg = Release|Any CPU
		{BAB8FA07-1FC6-4CDD-B63D-AAE29B2198B8}.Release|Any CPU.Build.0 = Release|Any CPU
		{9E7721CD-7484-4208-A9FC-8AAD91B679ED}.Debug|Any CPU.ActiveCfg = Debug|Any CPU
		{9E7721CD-7484-4208-A9FC-8AAD91B679ED}.Debug|Any CPU.Build.0 = Debug|Any CPU
		{9E7721CD-7484-4208-A9FC-8AAD91B679ED}.Release|Any CPU.ActiveCfg = Release|Any CPU
		{9E7721CD-7484-4208-A9FC-8AAD91B679ED}.Release|Any CPU.Build.0 = Release|Any CPU
		{EC4AF4C3-EC56-491A-A5B3-2D54938D32B1}.Debug|Any CPU.ActiveCfg = Debug|Any CPU
		{EC4AF4C3-EC56-491A-A5B3-2D54938D32B1}.Debug|Any CPU.Build.0 = Debug|Any CPU
		{EC4AF4C3-EC56-491A-A5B3-2D54938D32B1}.Release|Any CPU.ActiveCfg = Release|Any CPU
		{EC4AF4C3-EC56-491A-A5B3-2D54938D32B1}.Release|Any CPU.Build.0 = Release|Any CPU
		{64D6B4F5-0307-4F92-AB4F-60FC9B6611FE}.Debug|Any CPU.ActiveCfg = Debug|Any CPU
		{64D6B4F5-0307-4F92-AB4F-60FC9B6611FE}.Debug|Any CPU.Build.0 = Debug|Any CPU
		{64D6B4F5-0307-4F92-AB4F-60FC9B6611FE}.Release|Any CPU.ActiveCfg = Release|Any CPU
		{64D6B4F5-0307-4F92-AB4F-60FC9B6611FE}.Release|Any CPU.Build.0 = Release|Any CPU
	EndGlobalSection
	GlobalSection(SolutionProperties) = preSolution
		HideSolutionNode = FALSE
	EndGlobalSection
	GlobalSection(NestedProjects) = preSolution
		{64D6B4F5-0307-4F92-AB4F-60FC9B6611FE} = {C0ECCC3B-6CE2-4F6B-A58D-2AF75C1EE5F1}
	EndGlobalSection
	GlobalSection(ExtensibilityGlobals) = postSolution
		SolutionGuid = {26D2BDDC-6BFF-4780-A82D-BD15961AE500}
	EndGlobalSection
EndGlobal
